
Microsoft Visual Studio Solution File, Format Version 12.00
# Visual Studio 2012
Project("{2150E333-8FDC-42A3-9474-1A3956D46DE8}") = "BingoBlockParty", "BingoBlockParty", "{0B964388-35AB-4585-AF28-6B8AF9F9F8F9}"
EndProject
Project("{2150E333-8FDC-42A3-9474-1A3956D46DE8}") = "Libraries", "Libraries", "{CE2D3E42-8961-463B-93E1-F25273B6A22D}"
EndProject
Project("{FAE04EC0-301F-11D3-BF4B-00C04F79EFBC}") = "Client.WindowsPhone", "Client.WindowsPhone\Client.WindowsPhone.csproj", "{737ACF80-4245-4626-BBFC-891DE86E876D}"
EndProject
Project("{FAE04EC0-301F-11D3-BF4B-00C04F79EFBC}") = "Engine.Xna.WindowsPhone", "Engine.Xna\Engine.Xna.WindowsPhone.csproj", "{78B04237-5CF5-4759-B397-0CFC709182E5}"
EndProject
Project("{FAE04EC0-301F-11D3-BF4B-00C04F79EFBC}") = "JBox2d.WindowsPhone", "BingoBlockParty\Libraries\JBox2d\JBox2d.WindowsPhone.csproj", "{0D041E52-F91D-4DF3-BD4B-AA78EA219021}"
EndProject
Project("{FAE04EC0-301F-11D3-BF4B-00C04F79EFBC}") = "BingoBlockParty.Client.WindowsPhone", "BingoBlockParty\BingoBlockParty.Client\BingoBlockParty.Client.WindowsPhone.csproj", "{F0050DFA-E76B-4228-B11C-2B071169F374}"
EndProject
Project("{FAE04EC0-301F-11D3-BF4B-00C04F79EFBC}") = "BingoBlockParty.Common.WindowsPhone", "BingoBlockParty\BingoBlockParty.Common\BingoBlockParty.Common.WindowsPhone.csproj", "{18027C69-F2D0-4D90-ADA9-765A1FF8004D}"
EndProject
Project("{FAE04EC0-301F-11D3-BF4B-00C04F79EFBC}") = "Engine.WindowsPhone", "Engine\Engine.WindowsPhone.csproj", "{F0050DFA-E76B-4228-BC1C-2B071169F374}"
EndProject
Global
	GlobalSection(SolutionConfigurationPlatforms) = preSolution
		Android|Any CPU = Android|Any CPU
		Android|ARM = Android|ARM
		Android|Mixed Platforms = Android|Mixed Platforms
		Android|x86 = Android|x86
		Debug|Any CPU = Debug|Any CPU
		Debug|ARM = Debug|ARM
		Debug|Mixed Platforms = Debug|Mixed Platforms
		Debug|x86 = Debug|x86
		IOS|Any CPU = IOS|Any CPU
		IOS|ARM = IOS|ARM
		IOS|Mixed Platforms = IOS|Mixed Platforms
		IOS|x86 = IOS|x86
		Release|Any CPU = Release|Any CPU
		Release|ARM = Release|ARM
		Release|Mixed Platforms = Release|Mixed Platforms
		Release|x86 = Release|x86
		Windows|Any CPU = Windows|Any CPU
		Windows|ARM = Windows|ARM
		Windows|Mixed Platforms = Windows|Mixed Platforms
		Windows|x86 = Windows|x86
		WindowsPhone|Any CPU = WindowsPhone|Any CPU
		WindowsPhone|ARM = WindowsPhone|ARM
		WindowsPhone|Mixed Platforms = WindowsPhone|Mixed Platforms
		WindowsPhone|x86 = WindowsPhone|x86
		WindowsStore|Any CPU = WindowsStore|Any CPU
		WindowsStore|ARM = WindowsStore|ARM
		WindowsStore|Mixed Platforms = WindowsStore|Mixed Platforms
		WindowsStore|x86 = WindowsStore|x86
	EndGlobalSection
	GlobalSection(ProjectConfigurationPlatforms) = postSolution
		{737ACF80-4245-4626-BBFC-891DE86E876D}.Android|Any CPU.ActiveCfg = Release|x86
		{737ACF80-4245-4626-BBFC-891DE86E876D}.Android|ARM.ActiveCfg = Release|ARM
		{737ACF80-4245-4626-BBFC-891DE86E876D}.Android|ARM.Build.0 = Release|ARM
		{737ACF80-4245-4626-BBFC-891DE86E876D}.Android|ARM.Deploy.0 = Release|ARM
		{737ACF80-4245-4626-BBFC-891DE86E876D}.Android|Mixed Platforms.ActiveCfg = Release|x86
		{737ACF80-4245-4626-BBFC-891DE86E876D}.Android|Mixed Platforms.Build.0 = Release|x86
		{737ACF80-4245-4626-BBFC-891DE86E876D}.Android|Mixed Platforms.Deploy.0 = Release|x86
		{737ACF80-4245-4626-BBFC-891DE86E876D}.Android|x86.ActiveCfg = Release|x86
		{737ACF80-4245-4626-BBFC-891DE86E876D}.Android|x86.Build.0 = Release|x86
		{737ACF80-4245-4626-BBFC-891DE86E876D}.Android|x86.Deploy.0 = Release|x86
		{737ACF80-4245-4626-BBFC-891DE86E876D}.Debug|Any CPU.ActiveCfg = Debug|x86
		{737ACF80-4245-4626-BBFC-891DE86E876D}.Debug|ARM.ActiveCfg = Debug|ARM
		{737ACF80-4245-4626-BBFC-891DE86E876D}.Debug|ARM.Build.0 = Debug|ARM
		{737ACF80-4245-4626-BBFC-891DE86E876D}.Debug|ARM.Deploy.0 = Debug|ARM
		{737ACF80-4245-4626-BBFC-891DE86E876D}.Debug|Mixed Platforms.ActiveCfg = Debug|x86
		{737ACF80-4245-4626-BBFC-891DE86E876D}.Debug|Mixed Platforms.Build.0 = Debug|x86
		{737ACF80-4245-4626-BBFC-891DE86E876D}.Debug|Mixed Platforms.Deploy.0 = Debug|x86
		{737ACF80-4245-4626-BBFC-891DE86E876D}.Debug|x86.ActiveCfg = Debug|x86
		{737ACF80-4245-4626-BBFC-891DE86E876D}.Debug|x86.Build.0 = Debug|x86
		{737ACF80-4245-4626-BBFC-891DE86E876D}.Debug|x86.Deploy.0 = Debug|x86
		{737ACF80-4245-4626-BBFC-891DE86E876D}.IOS|Any CPU.ActiveCfg = Release|x86
		{737ACF80-4245-4626-BBFC-891DE86E876D}.IOS|ARM.ActiveCfg = Release|ARM
		{737ACF80-4245-4626-BBFC-891DE86E876D}.IOS|ARM.Build.0 = Release|ARM
		{737ACF80-4245-4626-BBFC-891DE86E876D}.IOS|ARM.Deploy.0 = Release|ARM
		{737ACF80-4245-4626-BBFC-891DE86E876D}.IOS|Mixed Platforms.ActiveCfg = Release|x86
		{737ACF80-4245-4626-BBFC-891DE86E876D}.IOS|Mixed Platforms.Build.0 = Release|x86
		{737ACF80-4245-4626-BBFC-891DE86E876D}.IOS|Mixed Platforms.Deploy.0 = Release|x86
		{737ACF80-4245-4626-BBFC-891DE86E876D}.IOS|x86.ActiveCfg = Release|x86
		{737ACF80-4245-4626-BBFC-891DE86E876D}.IOS|x86.Build.0 = Release|x86
		{737ACF80-4245-4626-BBFC-891DE86E876D}.IOS|x86.Deploy.0 = Release|x86
		{737ACF80-4245-4626-BBFC-891DE86E876D}.Release|Any CPU.ActiveCfg = Release|x86
		{737ACF80-4245-4626-BBFC-891DE86E876D}.Release|ARM.ActiveCfg = Release|ARM
		{737ACF80-4245-4626-BBFC-891DE86E876D}.Release|ARM.Build.0 = Release|ARM
		{737ACF80-4245-4626-BBFC-891DE86E876D}.Release|ARM.Deploy.0 = Release|ARM
		{737ACF80-4245-4626-BBFC-891DE86E876D}.Release|Mixed Platforms.ActiveCfg = Release|x86
		{737ACF80-4245-4626-BBFC-891DE86E876D}.Release|Mixed Platforms.Build.0 = Release|x86
		{737ACF80-4245-4626-BBFC-891DE86E876D}.Release|Mixed Platforms.Deploy.0 = Release|x86
		{737ACF80-4245-4626-BBFC-891DE86E876D}.Release|x86.ActiveCfg = Release|x86
		{737ACF80-4245-4626-BBFC-891DE86E876D}.Release|x86.Build.0 = Release|x86
		{737ACF80-4245-4626-BBFC-891DE86E876D}.Release|x86.Deploy.0 = Release|x86
		{737ACF80-4245-4626-BBFC-891DE86E876D}.Windows|Any CPU.ActiveCfg = Release|x86
		{737ACF80-4245-4626-BBFC-891DE86E876D}.Windows|ARM.ActiveCfg = Release|ARM
		{737ACF80-4245-4626-BBFC-891DE86E876D}.Windows|ARM.Build.0 = Release|ARM
		{737ACF80-4245-4626-BBFC-891DE86E876D}.Windows|ARM.Deploy.0 = Release|ARM
		{737ACF80-4245-4626-BBFC-891DE86E876D}.Windows|Mixed Platforms.ActiveCfg = Release|x86
		{737ACF80-4245-4626-BBFC-891DE86E876D}.Windows|Mixed Platforms.Build.0 = Release|x86
		{737ACF80-4245-4626-BBFC-891DE86E876D}.Windows|Mixed Platforms.Deploy.0 = Release|x86
		{737ACF80-4245-4626-BBFC-891DE86E876D}.Windows|x86.ActiveCfg = Release|x86
		{737ACF80-4245-4626-BBFC-891DE86E876D}.Windows|x86.Build.0 = Release|x86
		{737ACF80-4245-4626-BBFC-891DE86E876D}.Windows|x86.Deploy.0 = Release|x86
		{737ACF80-4245-4626-BBFC-891DE86E876D}.WindowsPhone|Any CPU.ActiveCfg = Debug|x86
		{737ACF80-4245-4626-BBFC-891DE86E876D}.WindowsPhone|Any CPU.Build.0 = Debug|x86
		{737ACF80-4245-4626-BBFC-891DE86E876D}.WindowsPhone|Any CPU.Deploy.0 = Debug|x86
		{737ACF80-4245-4626-BBFC-891DE86E876D}.WindowsPhone|ARM.ActiveCfg = Release|ARM
		{737ACF80-4245-4626-BBFC-891DE86E876D}.WindowsPhone|ARM.Build.0 = Release|ARM
		{737ACF80-4245-4626-BBFC-891DE86E876D}.WindowsPhone|ARM.Deploy.0 = Release|ARM
		{737ACF80-4245-4626-BBFC-891DE86E876D}.WindowsPhone|Mixed Platforms.ActiveCfg = Debug|x86
		{737ACF80-4245-4626-BBFC-891DE86E876D}.WindowsPhone|Mixed Platforms.Build.0 = Debug|x86
		{737ACF80-4245-4626-BBFC-891DE86E876D}.WindowsPhone|Mixed Platforms.Deploy.0 = Debug|x86
		{737ACF80-4245-4626-BBFC-891DE86E876D}.WindowsPhone|x86.ActiveCfg = Release|x86
		{737ACF80-4245-4626-BBFC-891DE86E876D}.WindowsPhone|x86.Build.0 = Release|x86
		{737ACF80-4245-4626-BBFC-891DE86E876D}.WindowsPhone|x86.Deploy.0 = Release|x86
		{737ACF80-4245-4626-BBFC-891DE86E876D}.WindowsStore|Any CPU.ActiveCfg = Debug|x86
		{737ACF80-4245-4626-BBFC-891DE86E876D}.WindowsStore|ARM.ActiveCfg = Debug|ARM
		{737ACF80-4245-4626-BBFC-891DE86E876D}.WindowsStore|ARM.Build.0 = Debug|ARM
		{737ACF80-4245-4626-BBFC-891DE86E876D}.WindowsStore|ARM.Deploy.0 = Debug|ARM
		{737ACF80-4245-4626-BBFC-891DE86E876D}.WindowsStore|Mixed Platforms.ActiveCfg = Debug|x86
		{737ACF80-4245-4626-BBFC-891DE86E876D}.WindowsStore|Mixed Platforms.Build.0 = Debug|x86
		{737ACF80-4245-4626-BBFC-891DE86E876D}.WindowsStore|Mixed Platforms.Deploy.0 = Debug|x86
		{737ACF80-4245-4626-BBFC-891DE86E876D}.WindowsStore|x86.ActiveCfg = Debug|x86
		{737ACF80-4245-4626-BBFC-891DE86E876D}.WindowsStore|x86.Build.0 = Debug|x86
		{737ACF80-4245-4626-BBFC-891DE86E876D}.WindowsStore|x86.Deploy.0 = Debug|x86
		{78B04237-5CF5-4759-B397-0CFC709182E5}.Android|Any CPU.ActiveCfg = Release|x86
		{78B04237-5CF5-4759-B397-0CFC709182E5}.Android|ARM.ActiveCfg = Release|ARM
		{78B04237-5CF5-4759-B397-0CFC709182E5}.Android|ARM.Build.0 = Release|ARM
		{78B04237-5CF5-4759-B397-0CFC709182E5}.Android|ARM.Deploy.0 = Release|ARM
		{78B04237-5CF5-4759-B397-0CFC709182E5}.Android|Mixed Platforms.ActiveCfg = Release|x86
		{78B04237-5CF5-4759-B397-0CFC709182E5}.Android|Mixed Platforms.Build.0 = Release|x86
		{78B04237-5CF5-4759-B397-0CFC709182E5}.Android|Mixed Platforms.Deploy.0 = Release|x86
		{78B04237-5CF5-4759-B397-0CFC709182E5}.Android|x86.ActiveCfg = Release|x86
		{78B04237-5CF5-4759-B397-0CFC709182E5}.Android|x86.Build.0 = Release|x86
		{78B04237-5CF5-4759-B397-0CFC709182E5}.Android|x86.Deploy.0 = Release|x86
		{78B04237-5CF5-4759-B397-0CFC709182E5}.Debug|Any CPU.ActiveCfg = Debug|x86
		{78B04237-5CF5-4759-B397-0CFC709182E5}.Debug|ARM.ActiveCfg = Debug|ARM
		{78B04237-5CF5-4759-B397-0CFC709182E5}.Debug|ARM.Build.0 = Debug|ARM
		{78B04237-5CF5-4759-B397-0CFC709182E5}.Debug|ARM.Deploy.0 = Debug|ARM
		{78B04237-5CF5-4759-B397-0CFC709182E5}.Debug|Mixed Platforms.ActiveCfg = Debug|x86
		{78B04237-5CF5-4759-B397-0CFC709182E5}.Debug|Mixed Platforms.Build.0 = Debug|x86
		{78B04237-5CF5-4759-B397-0CFC709182E5}.Debug|Mixed Platforms.Deploy.0 = Debug|x86
		{78B04237-5CF5-4759-B397-0CFC709182E5}.Debug|x86.ActiveCfg = Debug|x86
		{78B04237-5CF5-4759-B397-0CFC709182E5}.Debug|x86.Build.0 = Debug|x86
		{78B04237-5CF5-4759-B397-0CFC709182E5}.Debug|x86.Deploy.0 = Debug|x86
		{78B04237-5CF5-4759-B397-0CFC709182E5}.IOS|Any CPU.ActiveCfg = Release|x86
		{78B04237-5CF5-4759-B397-0CFC709182E5}.IOS|ARM.ActiveCfg = Release|ARM
		{78B04237-5CF5-4759-B397-0CFC709182E5}.IOS|ARM.Build.0 = Release|ARM
		{78B04237-5CF5-4759-B397-0CFC709182E5}.IOS|ARM.Deploy.0 = Release|ARM
		{78B04237-5CF5-4759-B397-0CFC709182E5}.IOS|Mixed Platforms.ActiveCfg = Release|x86
		{78B04237-5CF5-4759-B397-0CFC709182E5}.IOS|Mixed Platforms.Build.0 = Release|x86
		{78B04237-5CF5-4759-B397-0CFC709182E5}.IOS|Mixed Platforms.Deploy.0 = Release|x86
		{78B04237-5CF5-4759-B397-0CFC709182E5}.IOS|x86.ActiveCfg = Release|x86
		{78B04237-5CF5-4759-B397-0CFC709182E5}.IOS|x86.Build.0 = Release|x86
		{78B04237-5CF5-4759-B397-0CFC709182E5}.IOS|x86.Deploy.0 = Release|x86
		{78B04237-5CF5-4759-B397-0CFC709182E5}.Release|Any CPU.ActiveCfg = Release|x86
		{78B04237-5CF5-4759-B397-0CFC709182E5}.Release|ARM.ActiveCfg = Release|ARM
		{78B04237-5CF5-4759-B397-0CFC709182E5}.Release|ARM.Build.0 = Release|ARM
		{78B04237-5CF5-4759-B397-0CFC709182E5}.Release|ARM.Deploy.0 = Release|ARM
		{78B04237-5CF5-4759-B397-0CFC709182E5}.Release|Mixed Platforms.ActiveCfg = Release|x86
		{78B04237-5CF5-4759-B397-0CFC709182E5}.Release|Mixed Platforms.Build.0 = Release|x86
		{78B04237-5CF5-4759-B397-0CFC709182E5}.Release|Mixed Platforms.Deploy.0 = Release|x86
		{78B04237-5CF5-4759-B397-0CFC709182E5}.Release|x86.ActiveCfg = Release|x86
		{78B04237-5CF5-4759-B397-0CFC709182E5}.Release|x86.Build.0 = Release|x86
		{78B04237-5CF5-4759-B397-0CFC709182E5}.Release|x86.Deploy.0 = Release|x86
		{78B04237-5CF5-4759-B397-0CFC709182E5}.Windows|Any CPU.ActiveCfg = Release|x86
		{78B04237-5CF5-4759-B397-0CFC709182E5}.Windows|ARM.ActiveCfg = Release|ARM
		{78B04237-5CF5-4759-B397-0CFC709182E5}.Windows|ARM.Build.0 = Release|ARM
		{78B04237-5CF5-4759-B397-0CFC709182E5}.Windows|ARM.Deploy.0 = Release|ARM
		{78B04237-5CF5-4759-B397-0CFC709182E5}.Windows|Mixed Platforms.ActiveCfg = Release|x86
		{78B04237-5CF5-4759-B397-0CFC709182E5}.Windows|Mixed Platforms.Build.0 = Release|x86
		{78B04237-5CF5-4759-B397-0CFC709182E5}.Windows|Mixed Platforms.Deploy.0 = Release|x86
		{78B04237-5CF5-4759-B397-0CFC709182E5}.Windows|x86.ActiveCfg = Release|x86
		{78B04237-5CF5-4759-B397-0CFC709182E5}.Windows|x86.Build.0 = Release|x86
		{78B04237-5CF5-4759-B397-0CFC709182E5}.Windows|x86.Deploy.0 = Release|x86
		{78B04237-5CF5-4759-B397-0CFC709182E5}.WindowsPhone|Any CPU.ActiveCfg = Debug|x86
		{78B04237-5CF5-4759-B397-0CFC709182E5}.WindowsPhone|Any CPU.Build.0 = Debug|x86
		{78B04237-5CF5-4759-B397-0CFC709182E5}.WindowsPhone|ARM.ActiveCfg = Release|ARM
		{78B04237-5CF5-4759-B397-0CFC709182E5}.WindowsPhone|ARM.Build.0 = Release|ARM
		{78B04237-5CF5-4759-B397-0CFC709182E5}.WindowsPhone|ARM.Deploy.0 = Release|ARM
		{78B04237-5CF5-4759-B397-0CFC709182E5}.WindowsPhone|Mixed Platforms.ActiveCfg = Debug|x86
		{78B04237-5CF5-4759-B397-0CFC709182E5}.WindowsPhone|Mixed Platforms.Build.0 = Debug|x86
		{78B04237-5CF5-4759-B397-0CFC709182E5}.WindowsPhone|Mixed Platforms.Deploy.0 = Debug|x86
		{78B04237-5CF5-4759-B397-0CFC709182E5}.WindowsPhone|x86.ActiveCfg = Release|x86
		{78B04237-5CF5-4759-B397-0CFC709182E5}.WindowsPhone|x86.Build.0 = Release|x86
		{78B04237-5CF5-4759-B397-0CFC709182E5}.WindowsPhone|x86.Deploy.0 = Release|x86
		{78B04237-5CF5-4759-B397-0CFC709182E5}.WindowsStore|Any CPU.ActiveCfg = Release|Any CPU
		{78B04237-5CF5-4759-B397-0CFC709182E5}.WindowsStore|Any CPU.Build.0 = Release|Any CPU
		{78B04237-5CF5-4759-B397-0CFC709182E5}.WindowsStore|ARM.ActiveCfg = Debug|ARM
		{78B04237-5CF5-4759-B397-0CFC709182E5}.WindowsStore|ARM.Build.0 = Debug|ARM
		{78B04237-5CF5-4759-B397-0CFC709182E5}.WindowsStore|Mixed Platforms.ActiveCfg = Debug|x86
		{78B04237-5CF5-4759-B397-0CFC709182E5}.WindowsStore|Mixed Platforms.Build.0 = Debug|x86
		{78B04237-5CF5-4759-B397-0CFC709182E5}.WindowsStore|x86.ActiveCfg = Debug|x86
		{78B04237-5CF5-4759-B397-0CFC709182E5}.WindowsStore|x86.Build.0 = Debug|x86
		{0D041E52-F91D-4DF3-BD4B-AA78EA219021}.Android|Any CPU.ActiveCfg = Release|x86
		{0D041E52-F91D-4DF3-BD4B-AA78EA219021}.Android|ARM.ActiveCfg = Release|ARM
		{0D041E52-F91D-4DF3-BD4B-AA78EA219021}.Android|ARM.Build.0 = Release|ARM
		{0D041E52-F91D-4DF3-BD4B-AA78EA219021}.Android|ARM.Deploy.0 = Release|ARM
		{0D041E52-F91D-4DF3-BD4B-AA78EA219021}.Android|Mixed Platforms.ActiveCfg = Release|x86
		{0D041E52-F91D-4DF3-BD4B-AA78EA219021}.Android|Mixed Platforms.Build.0 = Release|x86
		{0D041E52-F91D-4DF3-BD4B-AA78EA219021}.Android|Mixed Platforms.Deploy.0 = Release|x86
		{0D041E52-F91D-4DF3-BD4B-AA78EA219021}.Android|x86.ActiveCfg = Release|x86
		{0D041E52-F91D-4DF3-BD4B-AA78EA219021}.Android|x86.Build.0 = Release|x86
		{0D041E52-F91D-4DF3-BD4B-AA78EA219021}.Android|x86.Deploy.0 = Release|x86
		{0D041E52-F91D-4DF3-BD4B-AA78EA219021}.Debug|Any CPU.ActiveCfg = Debug|x86
		{0D041E52-F91D-4DF3-BD4B-AA78EA219021}.Debug|ARM.ActiveCfg = Debug|ARM
		{0D041E52-F91D-4DF3-BD4B-AA78EA219021}.Debug|ARM.Build.0 = Debug|ARM
		{0D041E52-F91D-4DF3-BD4B-AA78EA219021}.Debug|ARM.Deploy.0 = Debug|ARM
		{0D041E52-F91D-4DF3-BD4B-AA78EA219021}.Debug|Mixed Platforms.ActiveCfg = Debug|x86
		{0D041E52-F91D-4DF3-BD4B-AA78EA219021}.Debug|Mixed Platforms.Build.0 = Debug|x86
		{0D041E52-F91D-4DF3-BD4B-AA78EA219021}.Debug|Mixed Platforms.Deploy.0 = Debug|x86
		{0D041E52-F91D-4DF3-BD4B-AA78EA219021}.Debug|x86.ActiveCfg = Debug|x86
		{0D041E52-F91D-4DF3-BD4B-AA78EA219021}.Debug|x86.Build.0 = Debug|x86
		{0D041E52-F91D-4DF3-BD4B-AA78EA219021}.Debug|x86.Deploy.0 = Debug|x86
		{0D041E52-F91D-4DF3-BD4B-AA78EA219021}.IOS|Any CPU.ActiveCfg = Release|x86
		{0D041E52-F91D-4DF3-BD4B-AA78EA219021}.IOS|ARM.ActiveCfg = Release|ARM
		{0D041E52-F91D-4DF3-BD4B-AA78EA219021}.IOS|ARM.Build.0 = Release|ARM
		{0D041E52-F91D-4DF3-BD4B-AA78EA219021}.IOS|ARM.Deploy.0 = Release|ARM
		{0D041E52-F91D-4DF3-BD4B-AA78EA219021}.IOS|Mixed Platforms.ActiveCfg = Release|x86
		{0D041E52-F91D-4DF3-BD4B-AA78EA219021}.IOS|Mixed Platforms.Build.0 = Release|x86
		{0D041E52-F91D-4DF3-BD4B-AA78EA219021}.IOS|Mixed Platforms.Deploy.0 = Release|x86
		{0D041E52-F91D-4DF3-BD4B-AA78EA219021}.IOS|x86.ActiveCfg = Release|x86
		{0D041E52-F91D-4DF3-BD4B-AA78EA219021}.IOS|x86.Build.0 = Release|x86
		{0D041E52-F91D-4DF3-BD4B-AA78EA219021}.IOS|x86.Deploy.0 = Release|x86
		{0D041E52-F91D-4DF3-BD4B-AA78EA219021}.Release|Any CPU.ActiveCfg = Release|x86
		{0D041E52-F91D-4DF3-BD4B-AA78EA219021}.Release|ARM.ActiveCfg = Release|ARM
		{0D041E52-F91D-4DF3-BD4B-AA78EA219021}.Release|ARM.Build.0 = Release|ARM
		{0D041E52-F91D-4DF3-BD4B-AA78EA219021}.Release|ARM.Deploy.0 = Release|ARM
		{0D041E52-F91D-4DF3-BD4B-AA78EA219021}.Release|Mixed Platforms.ActiveCfg = Release|x86
		{0D041E52-F91D-4DF3-BD4B-AA78EA219021}.Release|Mixed Platforms.Build.0 = Release|x86
		{0D041E52-F91D-4DF3-BD4B-AA78EA219021}.Release|Mixed Platforms.Deploy.0 = Release|x86
		{0D041E52-F91D-4DF3-BD4B-AA78EA219021}.Release|x86.ActiveCfg = Release|x86
		{0D041E52-F91D-4DF3-BD4B-AA78EA219021}.Release|x86.Build.0 = Release|x86
		{0D041E52-F91D-4DF3-BD4B-AA78EA219021}.Release|x86.Deploy.0 = Release|x86
		{0D041E52-F91D-4DF3-BD4B-AA78EA219021}.Windows|Any CPU.ActiveCfg = Release|x86
		{0D041E52-F91D-4DF3-BD4B-AA78EA219021}.Windows|ARM.ActiveCfg = Release|ARM
		{0D041E52-F91D-4DF3-BD4B-AA78EA219021}.Windows|ARM.Build.0 = Release|ARM
		{0D041E52-F91D-4DF3-BD4B-AA78EA219021}.Windows|ARM.Deploy.0 = Release|ARM
		{0D041E52-F91D-4DF3-BD4B-AA78EA219021}.Windows|Mixed Platforms.ActiveCfg = Release|x86
		{0D041E52-F91D-4DF3-BD4B-AA78EA219021}.Windows|Mixed Platforms.Build.0 = Release|x86
		{0D041E52-F91D-4DF3-BD4B-AA78EA219021}.Windows|Mixed Platforms.Deploy.0 = Release|x86
		{0D041E52-F91D-4DF3-BD4B-AA78EA219021}.Windows|x86.ActiveCfg = Release|x86
		{0D041E52-F91D-4DF3-BD4B-AA78EA219021}.Windows|x86.Build.0 = Release|x86
		{0D041E52-F91D-4DF3-BD4B-AA78EA219021}.Windows|x86.Deploy.0 = Release|x86
		{0D041E52-F91D-4DF3-BD4B-AA78EA219021}.WindowsPhone|Any CPU.ActiveCfg = Debug|x86
		{0D041E52-F91D-4DF3-BD4B-AA78EA219021}.WindowsPhone|Any CPU.Build.0 = Debug|x86
		{0D041E52-F91D-4DF3-BD4B-AA78EA219021}.WindowsPhone|ARM.ActiveCfg = Release|ARM
		{0D041E52-F91D-4DF3-BD4B-AA78EA219021}.WindowsPhone|ARM.Build.0 = Release|ARM
		{0D041E52-F91D-4DF3-BD4B-AA78EA219021}.WindowsPhone|ARM.Deploy.0 = Release|ARM
		{0D041E52-F91D-4DF3-BD4B-AA78EA219021}.WindowsPhone|Mixed Platforms.ActiveCfg = Debug|x86
		{0D041E52-F91D-4DF3-BD4B-AA78EA219021}.WindowsPhone|Mixed Platforms.Build.0 = Debug|x86
		{0D041E52-F91D-4DF3-BD4B-AA78EA219021}.WindowsPhone|Mixed Platforms.Deploy.0 = Debug|x86
		{0D041E52-F91D-4DF3-BD4B-AA78EA219021}.WindowsPhone|x86.ActiveCfg = Release|x86
		{0D041E52-F91D-4DF3-BD4B-AA78EA219021}.WindowsPhone|x86.Build.0 = Release|x86
		{0D041E52-F91D-4DF3-BD4B-AA78EA219021}.WindowsPhone|x86.Deploy.0 = Release|x86
		{0D041E52-F91D-4DF3-BD4B-AA78EA219021}.WindowsStore|Any CPU.ActiveCfg = Release|Any CPU
		{0D041E52-F91D-4DF3-BD4B-AA78EA219021}.WindowsStore|Any CPU.Build.0 = Release|Any CPU
		{0D041E52-F91D-4DF3-BD4B-AA78EA219021}.WindowsStore|ARM.ActiveCfg = Debug|ARM
		{0D041E52-F91D-4DF3-BD4B-AA78EA219021}.WindowsStore|ARM.Build.0 = Debug|ARM
		{0D041E52-F91D-4DF3-BD4B-AA78EA219021}.WindowsStore|Mixed Platforms.ActiveCfg = Debug|x86
		{0D041E52-F91D-4DF3-BD4B-AA78EA219021}.WindowsStore|Mixed Platforms.Build.0 = Debug|x86
		{0D041E52-F91D-4DF3-BD4B-AA78EA219021}.WindowsStore|x86.ActiveCfg = Debug|x86
		{0D041E52-F91D-4DF3-BD4B-AA78EA219021}.WindowsStore|x86.Build.0 = Debug|x86
		{F0050DFA-E76B-4228-B11C-2B071169F374}.Android|Any CPU.ActiveCfg = Release|x86
		{F0050DFA-E76B-4228-B11C-2B071169F374}.Android|ARM.ActiveCfg = Release|ARM
		{F0050DFA-E76B-4228-B11C-2B071169F374}.Android|ARM.Build.0 = Release|ARM
		{F0050DFA-E76B-4228-B11C-2B071169F374}.Android|ARM.Deploy.0 = Release|ARM
		{F0050DFA-E76B-4228-B11C-2B071169F374}.Android|Mixed Platforms.ActiveCfg = Release|x86
		{F0050DFA-E76B-4228-B11C-2B071169F374}.Android|Mixed Platforms.Build.0 = Release|x86
		{F0050DFA-E76B-4228-B11C-2B071169F374}.Android|Mixed Platforms.Deploy.0 = Release|x86
		{F0050DFA-E76B-4228-B11C-2B071169F374}.Android|x86.ActiveCfg = Release|x86
		{F0050DFA-E76B-4228-B11C-2B071169F374}.Android|x86.Build.0 = Release|x86
		{F0050DFA-E76B-4228-B11C-2B071169F374}.Android|x86.Deploy.0 = Release|x86
		{F0050DFA-E76B-4228-B11C-2B071169F374}.Debug|Any CPU.ActiveCfg = Debug|x86
		{F0050DFA-E76B-4228-B11C-2B071169F374}.Debug|ARM.ActiveCfg = Debug|ARM
		{F0050DFA-E76B-4228-B11C-2B071169F374}.Debug|ARM.Build.0 = Debug|ARM
		{F0050DFA-E76B-4228-B11C-2B071169F374}.Debug|ARM.Deploy.0 = Debug|ARM
		{F0050DFA-E76B-4228-B11C-2B071169F374}.Debug|Mixed Platforms.ActiveCfg = Debug|x86
		{F0050DFA-E76B-4228-B11C-2B071169F374}.Debug|Mixed Platforms.Build.0 = Debug|x86
		{F0050DFA-E76B-4228-B11C-2B071169F374}.Debug|Mixed Platforms.Deploy.0 = Debug|x86
		{F0050DFA-E76B-4228-B11C-2B071169F374}.Debug|x86.ActiveCfg = Debug|x86
		{F0050DFA-E76B-4228-B11C-2B071169F374}.Debug|x86.Build.0 = Debug|x86
		{F0050DFA-E76B-4228-B11C-2B071169F374}.Debug|x86.Deploy.0 = Debug|x86
		{F0050DFA-E76B-4228-B11C-2B071169F374}.IOS|Any CPU.ActiveCfg = Release|x86
		{F0050DFA-E76B-4228-B11C-2B071169F374}.IOS|ARM.ActiveCfg = Release|ARM
		{F0050DFA-E76B-4228-B11C-2B071169F374}.IOS|ARM.Build.0 = Release|ARM
		{F0050DFA-E76B-4228-B11C-2B071169F374}.IOS|ARM.Deploy.0 = Release|ARM
		{F0050DFA-E76B-4228-B11C-2B071169F374}.IOS|Mixed Platforms.ActiveCfg = Release|x86
		{F0050DFA-E76B-4228-B11C-2B071169F374}.IOS|Mixed Platforms.Build.0 = Release|x86
		{F0050DFA-E76B-4228-B11C-2B071169F374}.IOS|Mixed Platforms.Deploy.0 = Release|x86
		{F0050DFA-E76B-4228-B11C-2B071169F374}.IOS|x86.ActiveCfg = Release|x86
		{F0050DFA-E76B-4228-B11C-2B071169F374}.IOS|x86.Build.0 = Release|x86
		{F0050DFA-E76B-4228-B11C-2B071169F374}.IOS|x86.Deploy.0 = Release|x86
		{F0050DFA-E76B-4228-B11C-2B071169F374}.Release|Any CPU.ActiveCfg = Release|x86
		{F0050DFA-E76B-4228-B11C-2B071169F374}.Release|ARM.ActiveCfg = Release|ARM
		{F0050DFA-E76B-4228-B11C-2B071169F374}.Release|ARM.Build.0 = Release|ARM
		{F0050DFA-E76B-4228-B11C-2B071169F374}.Release|ARM.Deploy.0 = Release|ARM
		{F0050DFA-E76B-4228-B11C-2B071169F374}.Release|Mixed Platforms.ActiveCfg = Release|x86
		{F0050DFA-E76B-4228-B11C-2B071169F374}.Release|Mixed Platforms.Build.0 = Release|x86
		{F0050DFA-E76B-4228-B11C-2B071169F374}.Release|Mixed Platforms.Deploy.0 = Release|x86
		{F0050DFA-E76B-4228-B11C-2B071169F374}.Release|x86.ActiveCfg = Release|x86
		{F0050DFA-E76B-4228-B11C-2B071169F374}.Release|x86.Build.0 = Release|x86
		{F0050DFA-E76B-4228-B11C-2B071169F374}.Release|x86.Deploy.0 = Release|x86
		{F0050DFA-E76B-4228-B11C-2B071169F374}.Windows|Any CPU.ActiveCfg = Release|x86
		{F0050DFA-E76B-4228-B11C-2B071169F374}.Windows|ARM.ActiveCfg = Release|ARM
		{F0050DFA-E76B-4228-B11C-2B071169F374}.Windows|ARM.Build.0 = Release|ARM
		{F0050DFA-E76B-4228-B11C-2B071169F374}.Windows|ARM.Deploy.0 = Release|ARM
		{F0050DFA-E76B-4228-B11C-2B071169F374}.Windows|Mixed Platforms.ActiveCfg = Release|x86
		{F0050DFA-E76B-4228-B11C-2B071169F374}.Windows|Mixed Platforms.Build.0 = Release|x86
		{F0050DFA-E76B-4228-B11C-2B071169F374}.Windows|Mixed Platforms.Deploy.0 = Release|x86
		{F0050DFA-E76B-4228-B11C-2B071169F374}.Windows|x86.ActiveCfg = Release|x86
		{F0050DFA-E76B-4228-B11C-2B071169F374}.Windows|x86.Build.0 = Release|x86
		{F0050DFA-E76B-4228-B11C-2B071169F374}.Windows|x86.Deploy.0 = Release|x86
		{F0050DFA-E76B-4228-B11C-2B071169F374}.WindowsPhone|Any CPU.ActiveCfg = Debug|x86
		{F0050DFA-E76B-4228-B11C-2B071169F374}.WindowsPhone|Any CPU.Build.0 = Debug|x86
		{F0050DFA-E76B-4228-B11C-2B071169F374}.WindowsPhone|ARM.ActiveCfg = Release|ARM
		{F0050DFA-E76B-4228-B11C-2B071169F374}.WindowsPhone|ARM.Build.0 = Release|ARM
		{F0050DFA-E76B-4228-B11C-2B071169F374}.WindowsPhone|ARM.Deploy.0 = Release|ARM
		{F0050DFA-E76B-4228-B11C-2B071169F374}.WindowsPhone|Mixed Platforms.ActiveCfg = Debug|x86
		{F0050DFA-E76B-4228-B11C-2B071169F374}.WindowsPhone|Mixed Platforms.Build.0 = Debug|x86
		{F0050DFA-E76B-4228-B11C-2B071169F374}.WindowsPhone|Mixed Platforms.Deploy.0 = Debug|x86
		{F0050DFA-E76B-4228-B11C-2B071169F374}.WindowsPhone|x86.ActiveCfg = Debug|x86
		{F0050DFA-E76B-4228-B11C-2B071169F374}.WindowsPhone|x86.Build.0 = Debug|x86
		{F0050DFA-E76B-4228-B11C-2B071169F374}.WindowsPhone|x86.Deploy.0 = Debug|x86
		{F0050DFA-E76B-4228-B11C-2B071169F374}.WindowsStore|Any CPU.ActiveCfg = Release|Any CPU
		{F0050DFA-E76B-4228-B11C-2B071169F374}.WindowsStore|Any CPU.Build.0 = Release|Any CPU
		{F0050DFA-E76B-4228-B11C-2B071169F374}.WindowsStore|ARM.ActiveCfg = Debug|ARM
		{F0050DFA-E76B-4228-B11C-2B071169F374}.WindowsStore|ARM.Build.0 = Debug|ARM
		{F0050DFA-E76B-4228-B11C-2B071169F374}.WindowsStore|Mixed Platforms.ActiveCfg = Debug|x86
		{F0050DFA-E76B-4228-B11C-2B071169F374}.WindowsStore|Mixed Platforms.Build.0 = Debug|x86
		{F0050DFA-E76B-4228-B11C-2B071169F374}.WindowsStore|x86.ActiveCfg = Debug|x86
		{F0050DFA-E76B-4228-B11C-2B071169F374}.WindowsStore|x86.Build.0 = Debug|x86
		{18027C69-F2D0-4D90-ADA9-765A1FF8004D}.Android|Any CPU.ActiveCfg = Release|x86
		{18027C69-F2D0-4D90-ADA9-765A1FF8004D}.Android|ARM.ActiveCfg = Release|ARM
		{18027C69-F2D0-4D90-ADA9-765A1FF8004D}.Android|ARM.Build.0 = Release|ARM
		{18027C69-F2D0-4D90-ADA9-765A1FF8004D}.Android|ARM.Deploy.0 = Release|ARM
		{18027C69-F2D0-4D90-ADA9-765A1FF8004D}.Android|Mixed Platforms.ActiveCfg = Release|x86
		{18027C69-F2D0-4D90-ADA9-765A1FF8004D}.Android|Mixed Platforms.Build.0 = Release|x86
		{18027C69-F2D0-4D90-ADA9-765A1FF8004D}.Android|Mixed Platforms.Deploy.0 = Release|x86
		{18027C69-F2D0-4D90-ADA9-765A1FF8004D}.Android|x86.ActiveCfg = Release|x86
		{18027C69-F2D0-4D90-ADA9-765A1FF8004D}.Android|x86.Build.0 = Release|x86
		{18027C69-F2D0-4D90-ADA9-765A1FF8004D}.Android|x86.Deploy.0 = Release|x86
		{18027C69-F2D0-4D90-ADA9-765A1FF8004D}.Debug|Any CPU.ActiveCfg = Debug|x86
		{18027C69-F2D0-4D90-ADA9-765A1FF8004D}.Debug|ARM.ActiveCfg = Debug|ARM
		{18027C69-F2D0-4D90-ADA9-765A1FF8004D}.Debug|ARM.Build.0 = Debug|ARM
		{18027C69-F2D0-4D90-ADA9-765A1FF8004D}.Debug|ARM.Deploy.0 = Debug|ARM
		{18027C69-F2D0-4D90-ADA9-765A1FF8004D}.Debug|Mixed Platforms.ActiveCfg = Debug|x86
		{18027C69-F2D0-4D90-ADA9-765A1FF8004D}.Debug|Mixed Platforms.Build.0 = Debug|x86
		{18027C69-F2D0-4D90-ADA9-765A1FF8004D}.Debug|Mixed Platforms.Deploy.0 = Debug|x86
		{18027C69-F2D0-4D90-ADA9-765A1FF8004D}.Debug|x86.ActiveCfg = Debug|x86
		{18027C69-F2D0-4D90-ADA9-765A1FF8004D}.Debug|x86.Build.0 = Debug|x86
		{18027C69-F2D0-4D90-ADA9-765A1FF8004D}.Debug|x86.Deploy.0 = Debug|x86
		{18027C69-F2D0-4D90-ADA9-765A1FF8004D}.IOS|Any CPU.ActiveCfg = Release|x86
		{18027C69-F2D0-4D90-ADA9-765A1FF8004D}.IOS|ARM.ActiveCfg = Release|ARM
		{18027C69-F2D0-4D90-ADA9-765A1FF8004D}.IOS|ARM.Build.0 = Release|ARM
		{18027C69-F2D0-4D90-ADA9-765A1FF8004D}.IOS|ARM.Deploy.0 = Release|ARM
		{18027C69-F2D0-4D90-ADA9-765A1FF8004D}.IOS|Mixed Platforms.ActiveCfg = Release|x86
		{18027C69-F2D0-4D90-ADA9-765A1FF8004D}.IOS|Mixed Platforms.Build.0 = Release|x86
		{18027C69-F2D0-4D90-ADA9-765A1FF8004D}.IOS|Mixed Platforms.Deploy.0 = Release|x86
		{18027C69-F2D0-4D90-ADA9-765A1FF8004D}.IOS|x86.ActiveCfg = Release|x86
		{18027C69-F2D0-4D90-ADA9-765A1FF8004D}.IOS|x86.Build.0 = Release|x86
		{18027C69-F2D0-4D90-ADA9-765A1FF8004D}.IOS|x86.Deploy.0 = Release|x86
		{18027C69-F2D0-4D90-ADA9-765A1FF8004D}.Release|Any CPU.ActiveCfg = Release|x86
		{18027C69-F2D0-4D90-ADA9-765A1FF8004D}.Release|ARM.ActiveCfg = Release|ARM
		{18027C69-F2D0-4D90-ADA9-765A1FF8004D}.Release|ARM.Build.0 = Release|ARM
		{18027C69-F2D0-4D90-ADA9-765A1FF8004D}.Release|ARM.Deploy.0 = Release|ARM
		{18027C69-F2D0-4D90-ADA9-765A1FF8004D}.Release|Mixed Platforms.ActiveCfg = Release|x86
		{18027C69-F2D0-4D90-ADA9-765A1FF8004D}.Release|Mixed Platforms.Build.0 = Release|x86
		{18027C69-F2D0-4D90-ADA9-765A1FF8004D}.Release|Mixed Platforms.Deploy.0 = Release|x86
		{18027C69-F2D0-4D90-ADA9-765A1FF8004D}.Release|x86.ActiveCfg = Release|x86
		{18027C69-F2D0-4D90-ADA9-765A1FF8004D}.Release|x86.Build.0 = Release|x86
		{18027C69-F2D0-4D90-ADA9-765A1FF8004D}.Release|x86.Deploy.0 = Release|x86
		{18027C69-F2D0-4D90-ADA9-765A1FF8004D}.Windows|Any CPU.ActiveCfg = Release|x86
		{18027C69-F2D0-4D90-ADA9-765A1FF8004D}.Windows|ARM.ActiveCfg = Release|ARM
		{18027C69-F2D0-4D90-ADA9-765A1FF8004D}.Windows|ARM.Build.0 = Release|ARM
		{18027C69-F2D0-4D90-ADA9-765A1FF8004D}.Windows|ARM.Deploy.0 = Release|ARM
		{18027C69-F2D0-4D90-ADA9-765A1FF8004D}.Windows|Mixed Platforms.ActiveCfg = Release|x86
		{18027C69-F2D0-4D90-ADA9-765A1FF8004D}.Windows|Mixed Platforms.Build.0 = Release|x86
		{18027C69-F2D0-4D90-ADA9-765A1FF8004D}.Windows|Mixed Platforms.Deploy.0 = Release|x86
		{18027C69-F2D0-4D90-ADA9-765A1FF8004D}.Windows|x86.ActiveCfg = Release|x86
		{18027C69-F2D0-4D90-ADA9-765A1FF8004D}.Windows|x86.Build.0 = Release|x86
		{18027C69-F2D0-4D90-ADA9-765A1FF8004D}.Windows|x86.Deploy.0 = Release|x86
		{18027C69-F2D0-4D90-ADA9-765A1FF8004D}.WindowsPhone|Any CPU.ActiveCfg = Debug|x86
		{18027C69-F2D0-4D90-ADA9-765A1FF8004D}.WindowsPhone|Any CPU.Build.0 = Debug|x86
		{18027C69-F2D0-4D90-ADA9-765A1FF8004D}.WindowsPhone|ARM.ActiveCfg = Release|ARM
		{18027C69-F2D0-4D90-ADA9-765A1FF8004D}.WindowsPhone|ARM.Build.0 = Release|ARM
		{18027C69-F2D0-4D90-ADA9-765A1FF8004D}.WindowsPhone|ARM.Deploy.0 = Release|ARM
		{18027C69-F2D0-4D90-ADA9-765A1FF8004D}.WindowsPhone|Mixed Platforms.ActiveCfg = Debug|x86
		{18027C69-F2D0-4D90-ADA9-765A1FF8004D}.WindowsPhone|Mixed Platforms.Build.0 = Debug|x86
		{18027C69-F2D0-4D90-ADA9-765A1FF8004D}.WindowsPhone|Mixed Platforms.Deploy.0 = Debug|x86
		{18027C69-F2D0-4D90-ADA9-765A1FF8004D}.WindowsPhone|x86.ActiveCfg = Debug|x86
		{18027C69-F2D0-4D90-ADA9-765A1FF8004D}.WindowsPhone|x86.Build.0 = Debug|x86
		{18027C69-F2D0-4D90-ADA9-765A1FF8004D}.WindowsPhone|x86.Deploy.0 = Debug|x86
		{18027C69-F2D0-4D90-ADA9-765A1FF8004D}.WindowsStore|Any CPU.ActiveCfg = Release|Any CPU
		{18027C69-F2D0-4D90-ADA9-765A1FF8004D}.WindowsStore|Any CPU.Build.0 = Release|Any CPU
		{18027C69-F2D0-4D90-ADA9-765A1FF8004D}.WindowsStore|ARM.ActiveCfg = Debug|ARM
		{18027C69-F2D0-4D90-ADA9-765A1FF8004D}.WindowsStore|ARM.Build.0 = Debug|ARM
		{18027C69-F2D0-4D90-ADA9-765A1FF8004D}.WindowsStore|Mixed Platforms.ActiveCfg = Debug|x86
		{18027C69-F2D0-4D90-ADA9-765A1FF8004D}.WindowsStore|Mixed Platforms.Build.0 = Debug|x86
		{18027C69-F2D0-4D90-ADA9-765A1FF8004D}.WindowsStore|x86.ActiveCfg = Debug|x86
		{18027C69-F2D0-4D90-ADA9-765A1FF8004D}.WindowsStore|x86.Build.0 = Debug|x86
		{F0050DFA-E76B-4228-BC1C-2B071169F374}.Android|Any CPU.ActiveCfg = Release|Any CPU
		{F0050DFA-E76B-4228-BC1C-2B071169F374}.Android|Any CPU.Build.0 = Release|Any CPU
		{F0050DFA-E76B-4228-BC1C-2B071169F374}.Android|ARM.ActiveCfg = Release|ARM
		{F0050DFA-E76B-4228-BC1C-2B071169F374}.Android|ARM.Build.0 = Release|ARM
		{F0050DFA-E76B-4228-BC1C-2B071169F374}.Android|Mixed Platforms.ActiveCfg = Release|x86
		{F0050DFA-E76B-4228-BC1C-2B071169F374}.Android|Mixed Platforms.Build.0 = Release|x86
		{F0050DFA-E76B-4228-BC1C-2B071169F374}.Android|x86.ActiveCfg = Release|x86
		{F0050DFA-E76B-4228-BC1C-2B071169F374}.Android|x86.Build.0 = Release|x86
		{F0050DFA-E76B-4228-BC1C-2B071169F374}.Debug|Any CPU.ActiveCfg = Debug|Any CPU
		{F0050DFA-E76B-4228-BC1C-2B071169F374}.Debug|Any CPU.Build.0 = Debug|Any CPU
		{F0050DFA-E76B-4228-BC1C-2B071169F374}.Debug|ARM.ActiveCfg = Debug|ARM
		{F0050DFA-E76B-4228-BC1C-2B071169F374}.Debug|ARM.Build.0 = Debug|ARM
		{F0050DFA-E76B-4228-BC1C-2B071169F374}.Debug|Mixed Platforms.ActiveCfg = Debug|x86
		{F0050DFA-E76B-4228-BC1C-2B071169F374}.Debug|Mixed Platforms.Build.0 = Debug|x86
		{F0050DFA-E76B-4228-BC1C-2B071169F374}.Debug|x86.ActiveCfg = Debug|x86
		{F0050DFA-E76B-4228-BC1C-2B071169F374}.Debug|x86.Build.0 = Debug|x86
		{F0050DFA-E76B-4228-BC1C-2B071169F374}.IOS|Any CPU.ActiveCfg = Release|Any CPU
		{F0050DFA-E76B-4228-BC1C-2B071169F374}.IOS|Any CPU.Build.0 = Release|Any CPU
		{F0050DFA-E76B-4228-BC1C-2B071169F374}.IOS|ARM.ActiveCfg = Release|ARM
		{F0050DFA-E76B-4228-BC1C-2B071169F374}.IOS|ARM.Build.0 = Release|ARM
		{F0050DFA-E76B-4228-BC1C-2B071169F374}.IOS|Mixed Platforms.ActiveCfg = Release|x86
		{F0050DFA-E76B-4228-BC1C-2B071169F374}.IOS|Mixed Platforms.Build.0 = Release|x86
		{F0050DFA-E76B-4228-BC1C-2B071169F374}.IOS|x86.ActiveCfg = Release|x86
		{F0050DFA-E76B-4228-BC1C-2B071169F374}.IOS|x86.Build.0 = Release|x86
		{F0050DFA-E76B-4228-BC1C-2B071169F374}.Release|Any CPU.ActiveCfg = Release|Any CPU
		{F0050DFA-E76B-4228-BC1C-2B071169F374}.Release|Any CPU.Build.0 = Release|Any CPU
		{F0050DFA-E76B-4228-BC1C-2B071169F374}.Release|ARM.ActiveCfg = Release|ARM
		{F0050DFA-E76B-4228-BC1C-2B071169F374}.Release|ARM.Build.0 = Release|ARM
		{F0050DFA-E76B-4228-BC1C-2B071169F374}.Release|Mixed Platforms.ActiveCfg = Release|x86
		{F0050DFA-E76B-4228-BC1C-2B071169F374}.Release|Mixed Platforms.Build.0 = Release|x86
		{F0050DFA-E76B-4228-BC1C-2B071169F374}.Release|x86.ActiveCfg = Release|x86
		{F0050DFA-E76B-4228-BC1C-2B071169F374}.Release|x86.Build.0 = Release|x86
		{F0050DFA-E76B-4228-BC1C-2B071169F374}.Windows|Any CPU.ActiveCfg = Release|Any CPU
		{F0050DFA-E76B-4228-BC1C-2B071169F374}.Windows|Any CPU.Build.0 = Release|Any CPU
		{F0050DFA-E76B-4228-BC1C-2B071169F374}.Windows|ARM.ActiveCfg = Release|ARM
		{F0050DFA-E76B-4228-BC1C-2B071169F374}.Windows|ARM.Build.0 = Release|ARM
		{F0050DFA-E76B-4228-BC1C-2B071169F374}.Windows|Mixed Platforms.ActiveCfg = Release|x86
		{F0050DFA-E76B-4228-BC1C-2B071169F374}.Windows|Mixed Platforms.Build.0 = Release|x86
		{F0050DFA-E76B-4228-BC1C-2B071169F374}.Windows|x86.ActiveCfg = Release|x86
		{F0050DFA-E76B-4228-BC1C-2B071169F374}.Windows|x86.Build.0 = Release|x86
		{F0050DFA-E76B-4228-BC1C-2B071169F374}.WindowsPhone|Any CPU.ActiveCfg = Debug|x86
		{F0050DFA-E76B-4228-BC1C-2B071169F374}.WindowsPhone|Any CPU.Build.0 = Debug|x86
		{F0050DFA-E76B-4228-BC1C-2B071169F374}.WindowsPhone|ARM.ActiveCfg = Release|ARM
		{F0050DFA-E76B-4228-BC1C-2B071169F374}.WindowsPhone|ARM.Build.0 = Release|ARM
		{F0050DFA-E76B-4228-BC1C-2B071169F374}.WindowsPhone|Mixed Platforms.ActiveCfg = Release|x86
		{F0050DFA-E76B-4228-BC1C-2B071169F374}.WindowsPhone|Mixed Platforms.Build.0 = Release|x86
		{F0050DFA-E76B-4228-BC1C-2B071169F374}.WindowsPhone|x86.ActiveCfg = Release|x86
		{F0050DFA-E76B-4228-BC1C-2B071169F374}.WindowsPhone|x86.Build.0 = Release|x86
		{F0050DFA-E76B-4228-BC1C-2B071169F374}.WindowsStore|Any CPU.ActiveCfg = Release|Any CPU
		{F0050DFA-E76B-4228-BC1C-2B071169F374}.WindowsStore|Any CPU.Build.0 = Release|Any CPU
		{F0050DFA-E76B-4228-BC1C-2B071169F374}.WindowsStore|ARM.ActiveCfg = Release|ARM
		{F0050DFA-E76B-4228-BC1C-2B071169F374}.WindowsStore|ARM.Build.0 = Release|ARM
		{F0050DFA-E76B-4228-BC1C-2B071169F374}.WindowsStore|Mixed Platforms.ActiveCfg = Release|x86
		{F0050DFA-E76B-4228-BC1C-2B071169F374}.WindowsStore|Mixed Platforms.Build.0 = Release|x86
		{F0050DFA-E76B-4228-BC1C-2B071169F374}.WindowsStore|x86.ActiveCfg = Release|x86
		{F0050DFA-E76B-4228-BC1C-2B071169F374}.WindowsStore|x86.Build.0 = Release|x86
	EndGlobalSection
	GlobalSection(SolutionProperties) = preSolution
		HideSolutionNode = FALSE
	EndGlobalSection
	GlobalSection(NestedProjects) = preSolution
		{CE2D3E42-8961-463B-93E1-F25273B6A22D} = {0B964388-35AB-4585-AF28-6B8AF9F9F8F9}
		{F0050DFA-E76B-4228-B11C-2B071169F374} = {0B964388-35AB-4585-AF28-6B8AF9F9F8F9}
		{18027C69-F2D0-4D90-ADA9-765A1FF8004D} = {0B964388-35AB-4585-AF28-6B8AF9F9F8F9}
		{0D041E52-F91D-4DF3-BD4B-AA78EA219021} = {CE2D3E42-8961-463B-93E1-F25273B6A22D}
	EndGlobalSection
EndGlobal
