
Microsoft Visual Studio Solution File, Format Version 12.00
# Visual Studio 2012
Project("{FAE04EC0-301F-11D3-BF4B-00C04F79EFBC}") = "Engine.Xna", "Engine.Xna\Engine.Xna.csproj", "{B67ACD42-254F-4EDD-8741-F281C9731FCE}"
EndProject
Project("{2150E333-8FDC-42A3-9474-1A3956D46DE8}") = "BingoBlockParty", "BingoBlockParty", "{0B964388-35AB-4585-AF28-6B8AF9F9F8F9}"
EndProject
Project("{FAE04EC0-301F-11D3-BF4B-00C04F79EFBC}") = "BingoBlockParty.Client", "BingoBlockParty\BingoBlockParty.Client\BingoBlockParty.Client.csproj", "{E53A0131-9C6C-4335-A05A-2AE0B0F4E37B}"
EndProject
Project("{FAE04EC0-301F-11D3-BF4B-00C04F79EFBC}") = "BingoBlockParty.Common", "BingoBlockParty\BingoBlockParty.Common\BingoBlockParty.Common.csproj", "{1F5A2302-7E31-4FA2-8CA7-2A2D66E083C4}"
EndProject
Project("{FAE04EC0-301F-11D3-BF4B-00C04F79EFBC}") = "BingoBlockParty.Server", "BingoBlockParty\BingoBlockParty.Server\BingoBlockParty.Server.csproj", "{D55B9882-05F2-441A-8DC2-7D9FD358E005}"
EndProject
Project("{2150E333-8FDC-42A3-9474-1A3956D46DE8}") = "Libraries", "Libraries", "{CE2D3E42-8961-463B-93E1-F25273B6A22D}"
EndProject
Project("{FAE04EC0-301F-11D3-BF4B-00C04F79EFBC}") = "Client.Windows", "Client.Windows\Client.Windows.csproj", "{E92546F5-5749-4CD8-BE7F-371FFCB668F0}"
EndProject
Project("{FAE04EC0-301F-11D3-BF4B-00C04F79EFBC}") = "JBox2d", "BingoBlockParty\Libraries\JBox2d\JBox2d.csproj", "{B7E61384-5DFA-4D28-BC90-E59D6E38E0F4}"
EndProject
Project("{FAE04EC0-301F-11D3-BF4B-00C04F79EFBC}") = "Engine", "Engine\Engine.csproj", "{F1134712-9412-4E28-A9C0-6E13669D010D}"
EndProject
Global
	GlobalSection(SolutionConfigurationPlatforms) = preSolution
		Android|Any CPU = Android|Any CPU
		Android|Mixed Platforms = Android|Mixed Platforms
		Android|x86 = Android|x86
		Debug|Any CPU = Debug|Any CPU
		Debug|Mixed Platforms = Debug|Mixed Platforms
		Debug|x86 = Debug|x86
		IOS|Any CPU = IOS|Any CPU
		IOS|Mixed Platforms = IOS|Mixed Platforms
		IOS|x86 = IOS|x86
		Release|Any CPU = Release|Any CPU
		Release|Mixed Platforms = Release|Mixed Platforms
		Release|x86 = Release|x86
		Windows|Any CPU = Windows|Any CPU
		Windows|Mixed Platforms = Windows|Mixed Platforms
		Windows|x86 = Windows|x86
		WindowsPhone|Any CPU = WindowsPhone|Any CPU
		WindowsPhone|Mixed Platforms = WindowsPhone|Mixed Platforms
		WindowsPhone|x86 = WindowsPhone|x86
		WindowsStore|Any CPU = WindowsStore|Any CPU
		WindowsStore|Mixed Platforms = WindowsStore|Mixed Platforms
		WindowsStore|x86 = WindowsStore|x86
	EndGlobalSection
	GlobalSection(ProjectConfigurationPlatforms) = postSolution
		{B67ACD42-254F-4EDD-8741-F281C9731FCE}.Android|Any CPU.ActiveCfg = Android|Any CPU
		{B67ACD42-254F-4EDD-8741-F281C9731FCE}.Android|Any CPU.Build.0 = Android|Any CPU
		{B67ACD42-254F-4EDD-8741-F281C9731FCE}.Android|Mixed Platforms.ActiveCfg = Android|Any CPU
		{B67ACD42-254F-4EDD-8741-F281C9731FCE}.Android|Mixed Platforms.Build.0 = Android|Any CPU
		{B67ACD42-254F-4EDD-8741-F281C9731FCE}.Android|x86.ActiveCfg = Android|Any CPU
		{B67ACD42-254F-4EDD-8741-F281C9731FCE}.Debug|Any CPU.ActiveCfg = Debug|Any CPU
		{B67ACD42-254F-4EDD-8741-F281C9731FCE}.Debug|Any CPU.Build.0 = Debug|Any CPU
		{B67ACD42-254F-4EDD-8741-F281C9731FCE}.Debug|Mixed Platforms.ActiveCfg = Debug|Any CPU
		{B67ACD42-254F-4EDD-8741-F281C9731FCE}.Debug|Mixed Platforms.Build.0 = Debug|Any CPU
		{B67ACD42-254F-4EDD-8741-F281C9731FCE}.Debug|x86.ActiveCfg = Debug|Any CPU
		{B67ACD42-254F-4EDD-8741-F281C9731FCE}.IOS|Any CPU.ActiveCfg = IOS|Any CPU
		{B67ACD42-254F-4EDD-8741-F281C9731FCE}.IOS|Any CPU.Build.0 = IOS|Any CPU
		{B67ACD42-254F-4EDD-8741-F281C9731FCE}.IOS|Mixed Platforms.ActiveCfg = IOS|Any CPU
		{B67ACD42-254F-4EDD-8741-F281C9731FCE}.IOS|Mixed Platforms.Build.0 = IOS|Any CPU
		{B67ACD42-254F-4EDD-8741-F281C9731FCE}.IOS|x86.ActiveCfg = IOS|Any CPU
		{B67ACD42-254F-4EDD-8741-F281C9731FCE}.Release|Any CPU.ActiveCfg = Release|Any CPU
		{B67ACD42-254F-4EDD-8741-F281C9731FCE}.Release|Any CPU.Build.0 = Release|Any CPU
		{B67ACD42-254F-4EDD-8741-F281C9731FCE}.Release|Mixed Platforms.ActiveCfg = Release|Any CPU
		{B67ACD42-254F-4EDD-8741-F281C9731FCE}.Release|Mixed Platforms.Build.0 = Release|Any CPU
		{B67ACD42-254F-4EDD-8741-F281C9731FCE}.Release|x86.ActiveCfg = Release|Any CPU
		{B67ACD42-254F-4EDD-8741-F281C9731FCE}.Windows|Any CPU.ActiveCfg = Windows|Any CPU
		{B67ACD42-254F-4EDD-8741-F281C9731FCE}.Windows|Any CPU.Build.0 = Windows|Any CPU
		{B67ACD42-254F-4EDD-8741-F281C9731FCE}.Windows|Mixed Platforms.ActiveCfg = Windows|Any CPU
		{B67ACD42-254F-4EDD-8741-F281C9731FCE}.Windows|Mixed Platforms.Build.0 = Windows|Any CPU
		{B67ACD42-254F-4EDD-8741-F281C9731FCE}.Windows|x86.ActiveCfg = Windows|x86
		{B67ACD42-254F-4EDD-8741-F281C9731FCE}.Windows|x86.Build.0 = Windows|x86
		{B67ACD42-254F-4EDD-8741-F281C9731FCE}.WindowsPhone|Any CPU.ActiveCfg = WindowsPhone|Any CPU
		{B67ACD42-254F-4EDD-8741-F281C9731FCE}.WindowsPhone|Any CPU.Build.0 = WindowsPhone|Any CPU
		{B67ACD42-254F-4EDD-8741-F281C9731FCE}.WindowsPhone|Mixed Platforms.ActiveCfg = WindowsPhone|x86
		{B67ACD42-254F-4EDD-8741-F281C9731FCE}.WindowsPhone|Mixed Platforms.Build.0 = WindowsPhone|x86
		{B67ACD42-254F-4EDD-8741-F281C9731FCE}.WindowsPhone|x86.ActiveCfg = WindowsPhone|x86
		{B67ACD42-254F-4EDD-8741-F281C9731FCE}.WindowsPhone|x86.Build.0 = WindowsPhone|x86
		{B67ACD42-254F-4EDD-8741-F281C9731FCE}.WindowsStore|Any CPU.ActiveCfg = WindowsStore|Any CPU
		{B67ACD42-254F-4EDD-8741-F281C9731FCE}.WindowsStore|Any CPU.Build.0 = WindowsStore|Any CPU
		{B67ACD42-254F-4EDD-8741-F281C9731FCE}.WindowsStore|Mixed Platforms.ActiveCfg = WindowsStore|x86
		{B67ACD42-254F-4EDD-8741-F281C9731FCE}.WindowsStore|Mixed Platforms.Build.0 = WindowsStore|x86
		{B67ACD42-254F-4EDD-8741-F281C9731FCE}.WindowsStore|x86.ActiveCfg = WindowsStore|x86
		{B67ACD42-254F-4EDD-8741-F281C9731FCE}.WindowsStore|x86.Build.0 = WindowsStore|x86
		{E53A0131-9C6C-4335-A05A-2AE0B0F4E37B}.Android|Any CPU.ActiveCfg = Android|Any CPU
		{E53A0131-9C6C-4335-A05A-2AE0B0F4E37B}.Android|Any CPU.Build.0 = Android|Any CPU
		{E53A0131-9C6C-4335-A05A-2AE0B0F4E37B}.Android|Mixed Platforms.ActiveCfg = Android|Any CPU
		{E53A0131-9C6C-4335-A05A-2AE0B0F4E37B}.Android|Mixed Platforms.Build.0 = Android|Any CPU
		{E53A0131-9C6C-4335-A05A-2AE0B0F4E37B}.Android|x86.ActiveCfg = Android|Any CPU
		{E53A0131-9C6C-4335-A05A-2AE0B0F4E37B}.Debug|Any CPU.ActiveCfg = Debug|Any CPU
		{E53A0131-9C6C-4335-A05A-2AE0B0F4E37B}.Debug|Any CPU.Build.0 = Debug|Any CPU
		{E53A0131-9C6C-4335-A05A-2AE0B0F4E37B}.Debug|Mixed Platforms.ActiveCfg = Debug|Any CPU
		{E53A0131-9C6C-4335-A05A-2AE0B0F4E37B}.Debug|Mixed Platforms.Build.0 = Debug|Any CPU
		{E53A0131-9C6C-4335-A05A-2AE0B0F4E37B}.Debug|x86.ActiveCfg = Debug|Any CPU
		{E53A0131-9C6C-4335-A05A-2AE0B0F4E37B}.IOS|Any CPU.ActiveCfg = IOS|Any CPU
		{E53A0131-9C6C-4335-A05A-2AE0B0F4E37B}.IOS|Any CPU.Build.0 = IOS|Any CPU
		{E53A0131-9C6C-4335-A05A-2AE0B0F4E37B}.IOS|Mixed Platforms.ActiveCfg = IOS|Any CPU
		{E53A0131-9C6C-4335-A05A-2AE0B0F4E37B}.IOS|Mixed Platforms.Build.0 = IOS|Any CPU
		{E53A0131-9C6C-4335-A05A-2AE0B0F4E37B}.IOS|x86.ActiveCfg = IOS|Any CPU
		{E53A0131-9C6C-4335-A05A-2AE0B0F4E37B}.Release|Any CPU.ActiveCfg = Release|Any CPU
		{E53A0131-9C6C-4335-A05A-2AE0B0F4E37B}.Release|Any CPU.Build.0 = Release|Any CPU
		{E53A0131-9C6C-4335-A05A-2AE0B0F4E37B}.Release|Mixed Platforms.ActiveCfg = Release|Any CPU
		{E53A0131-9C6C-4335-A05A-2AE0B0F4E37B}.Release|Mixed Platforms.Build.0 = Release|Any CPU
		{E53A0131-9C6C-4335-A05A-2AE0B0F4E37B}.Release|x86.ActiveCfg = Release|Any CPU
		{E53A0131-9C6C-4335-A05A-2AE0B0F4E37B}.Windows|Any CPU.ActiveCfg = Windows|Any CPU
		{E53A0131-9C6C-4335-A05A-2AE0B0F4E37B}.Windows|Any CPU.Build.0 = Windows|Any CPU
		{E53A0131-9C6C-4335-A05A-2AE0B0F4E37B}.Windows|Mixed Platforms.ActiveCfg = Windows|Any CPU
		{E53A0131-9C6C-4335-A05A-2AE0B0F4E37B}.Windows|Mixed Platforms.Build.0 = Windows|Any CPU
		{E53A0131-9C6C-4335-A05A-2AE0B0F4E37B}.Windows|x86.ActiveCfg = Windows|x86
		{E53A0131-9C6C-4335-A05A-2AE0B0F4E37B}.Windows|x86.Build.0 = Windows|x86
		{E53A0131-9C6C-4335-A05A-2AE0B0F4E37B}.WindowsPhone|Any CPU.ActiveCfg = WindowsPhone|Any CPU
		{E53A0131-9C6C-4335-A05A-2AE0B0F4E37B}.WindowsPhone|Any CPU.Build.0 = WindowsPhone|Any CPU
		{E53A0131-9C6C-4335-A05A-2AE0B0F4E37B}.WindowsPhone|Mixed Platforms.ActiveCfg = WindowsPhone|x86
		{E53A0131-9C6C-4335-A05A-2AE0B0F4E37B}.WindowsPhone|Mixed Platforms.Build.0 = WindowsPhone|x86
		{E53A0131-9C6C-4335-A05A-2AE0B0F4E37B}.WindowsPhone|x86.ActiveCfg = WindowsPhone|x86
		{E53A0131-9C6C-4335-A05A-2AE0B0F4E37B}.WindowsPhone|x86.Build.0 = WindowsPhone|x86
		{E53A0131-9C6C-4335-A05A-2AE0B0F4E37B}.WindowsStore|Any CPU.ActiveCfg = WindowsStore|Any CPU
		{E53A0131-9C6C-4335-A05A-2AE0B0F4E37B}.WindowsStore|Any CPU.Build.0 = WindowsStore|Any CPU
		{E53A0131-9C6C-4335-A05A-2AE0B0F4E37B}.WindowsStore|Mixed Platforms.ActiveCfg = WindowsStore|x86
		{E53A0131-9C6C-4335-A05A-2AE0B0F4E37B}.WindowsStore|Mixed Platforms.Build.0 = WindowsStore|x86
		{E53A0131-9C6C-4335-A05A-2AE0B0F4E37B}.WindowsStore|x86.ActiveCfg = WindowsStore|x86
		{E53A0131-9C6C-4335-A05A-2AE0B0F4E37B}.WindowsStore|x86.Build.0 = WindowsStore|x86
		{1F5A2302-7E31-4FA2-8CA7-2A2D66E083C4}.Android|Any CPU.ActiveCfg = Android|Any CPU
		{1F5A2302-7E31-4FA2-8CA7-2A2D66E083C4}.Android|Any CPU.Build.0 = Android|Any CPU
		{1F5A2302-7E31-4FA2-8CA7-2A2D66E083C4}.Android|Mixed Platforms.ActiveCfg = Android|Any CPU
		{1F5A2302-7E31-4FA2-8CA7-2A2D66E083C4}.Android|Mixed Platforms.Build.0 = Android|Any CPU
		{1F5A2302-7E31-4FA2-8CA7-2A2D66E083C4}.Android|x86.ActiveCfg = Android|Any CPU
		{1F5A2302-7E31-4FA2-8CA7-2A2D66E083C4}.Debug|Any CPU.ActiveCfg = Debug|Any CPU
		{1F5A2302-7E31-4FA2-8CA7-2A2D66E083C4}.Debug|Any CPU.Build.0 = Debug|Any CPU
		{1F5A2302-7E31-4FA2-8CA7-2A2D66E083C4}.Debug|Mixed Platforms.ActiveCfg = Debug|Any CPU
		{1F5A2302-7E31-4FA2-8CA7-2A2D66E083C4}.Debug|Mixed Platforms.Build.0 = Debug|Any CPU
		{1F5A2302-7E31-4FA2-8CA7-2A2D66E083C4}.Debug|x86.ActiveCfg = Debug|Any CPU
		{1F5A2302-7E31-4FA2-8CA7-2A2D66E083C4}.IOS|Any CPU.ActiveCfg = IOS|Any CPU
		{1F5A2302-7E31-4FA2-8CA7-2A2D66E083C4}.IOS|Any CPU.Build.0 = IOS|Any CPU
		{1F5A2302-7E31-4FA2-8CA7-2A2D66E083C4}.IOS|Mixed Platforms.ActiveCfg = IOS|Any CPU
		{1F5A2302-7E31-4FA2-8CA7-2A2D66E083C4}.IOS|Mixed Platforms.Build.0 = IOS|Any CPU
		{1F5A2302-7E31-4FA2-8CA7-2A2D66E083C4}.IOS|x86.ActiveCfg = IOS|Any CPU
		{1F5A2302-7E31-4FA2-8CA7-2A2D66E083C4}.Release|Any CPU.ActiveCfg = Release|Any CPU
		{1F5A2302-7E31-4FA2-8CA7-2A2D66E083C4}.Release|Any CPU.Build.0 = Release|Any CPU
		{1F5A2302-7E31-4FA2-8CA7-2A2D66E083C4}.Release|Mixed Platforms.ActiveCfg = Release|Any CPU
		{1F5A2302-7E31-4FA2-8CA7-2A2D66E083C4}.Release|Mixed Platforms.Build.0 = Release|Any CPU
		{1F5A2302-7E31-4FA2-8CA7-2A2D66E083C4}.Release|x86.ActiveCfg = Release|Any CPU
		{1F5A2302-7E31-4FA2-8CA7-2A2D66E083C4}.Windows|Any CPU.ActiveCfg = Windows|Any CPU
		{1F5A2302-7E31-4FA2-8CA7-2A2D66E083C4}.Windows|Any CPU.Build.0 = Windows|Any CPU
		{1F5A2302-7E31-4FA2-8CA7-2A2D66E083C4}.Windows|Mixed Platforms.ActiveCfg = Windows|Any CPU
		{1F5A2302-7E31-4FA2-8CA7-2A2D66E083C4}.Windows|Mixed Platforms.Build.0 = Windows|Any CPU
		{1F5A2302-7E31-4FA2-8CA7-2A2D66E083C4}.Windows|x86.ActiveCfg = Windows|x86
		{1F5A2302-7E31-4FA2-8CA7-2A2D66E083C4}.Windows|x86.Build.0 = Windows|x86
		{1F5A2302-7E31-4FA2-8CA7-2A2D66E083C4}.WindowsPhone|Any CPU.ActiveCfg = WindowsPhone|Any CPU
		{1F5A2302-7E31-4FA2-8CA7-2A2D66E083C4}.WindowsPhone|Any CPU.Build.0 = WindowsPhone|Any CPU
		{1F5A2302-7E31-4FA2-8CA7-2A2D66E083C4}.WindowsPhone|Mixed Platforms.ActiveCfg = WindowsPhone|x86
		{1F5A2302-7E31-4FA2-8CA7-2A2D66E083C4}.WindowsPhone|Mixed Platforms.Build.0 = WindowsPhone|x86
		{1F5A2302-7E31-4FA2-8CA7-2A2D66E083C4}.WindowsPhone|x86.ActiveCfg = WindowsPhone|x86
		{1F5A2302-7E31-4FA2-8CA7-2A2D66E083C4}.WindowsPhone|x86.Build.0 = WindowsPhone|x86
		{1F5A2302-7E31-4FA2-8CA7-2A2D66E083C4}.WindowsStore|Any CPU.ActiveCfg = WindowsStore|Any CPU
		{1F5A2302-7E31-4FA2-8CA7-2A2D66E083C4}.WindowsStore|Any CPU.Build.0 = WindowsStore|Any CPU
		{1F5A2302-7E31-4FA2-8CA7-2A2D66E083C4}.WindowsStore|Mixed Platforms.ActiveCfg = WindowsStore|x86
		{1F5A2302-7E31-4FA2-8CA7-2A2D66E083C4}.WindowsStore|Mixed Platforms.Build.0 = WindowsStore|x86
		{1F5A2302-7E31-4FA2-8CA7-2A2D66E083C4}.WindowsStore|x86.ActiveCfg = WindowsStore|x86
		{1F5A2302-7E31-4FA2-8CA7-2A2D66E083C4}.WindowsStore|x86.Build.0 = WindowsStore|x86
		{D55B9882-05F2-441A-8DC2-7D9FD358E005}.Android|Any CPU.ActiveCfg = Android|Any CPU
		{D55B9882-05F2-441A-8DC2-7D9FD358E005}.Android|Any CPU.Build.0 = Android|Any CPU
		{D55B9882-05F2-441A-8DC2-7D9FD358E005}.Android|Mixed Platforms.ActiveCfg = Android|Any CPU
		{D55B9882-05F2-441A-8DC2-7D9FD358E005}.Android|Mixed Platforms.Build.0 = Android|Any CPU
		{D55B9882-05F2-441A-8DC2-7D9FD358E005}.Android|x86.ActiveCfg = Android|Any CPU
		{D55B9882-05F2-441A-8DC2-7D9FD358E005}.Debug|Any CPU.ActiveCfg = Debug|Any CPU
		{D55B9882-05F2-441A-8DC2-7D9FD358E005}.Debug|Any CPU.Build.0 = Debug|Any CPU
		{D55B9882-05F2-441A-8DC2-7D9FD358E005}.Debug|Mixed Platforms.ActiveCfg = Debug|Any CPU
		{D55B9882-05F2-441A-8DC2-7D9FD358E005}.Debug|Mixed Platforms.Build.0 = Debug|Any CPU
		{D55B9882-05F2-441A-8DC2-7D9FD358E005}.Debug|x86.ActiveCfg = Debug|Any CPU
		{D55B9882-05F2-441A-8DC2-7D9FD358E005}.IOS|Any CPU.ActiveCfg = IOS|Any CPU
		{D55B9882-05F2-441A-8DC2-7D9FD358E005}.IOS|Any CPU.Build.0 = IOS|Any CPU
		{D55B9882-05F2-441A-8DC2-7D9FD358E005}.IOS|Mixed Platforms.ActiveCfg = IOS|Any CPU
		{D55B9882-05F2-441A-8DC2-7D9FD358E005}.IOS|Mixed Platforms.Build.0 = IOS|Any CPU
		{D55B9882-05F2-441A-8DC2-7D9FD358E005}.IOS|x86.ActiveCfg = IOS|Any CPU
		{D55B9882-05F2-441A-8DC2-7D9FD358E005}.Release|Any CPU.ActiveCfg = Release|Any CPU
		{D55B9882-05F2-441A-8DC2-7D9FD358E005}.Release|Any CPU.Build.0 = Release|Any CPU
		{D55B9882-05F2-441A-8DC2-7D9FD358E005}.Release|Mixed Platforms.ActiveCfg = Release|Any CPU
		{D55B9882-05F2-441A-8DC2-7D9FD358E005}.Release|Mixed Platforms.Build.0 = Release|Any CPU
		{D55B9882-05F2-441A-8DC2-7D9FD358E005}.Release|x86.ActiveCfg = Release|Any CPU
		{D55B9882-05F2-441A-8DC2-7D9FD358E005}.Windows|Any CPU.ActiveCfg = Windows|Any CPU
		{D55B9882-05F2-441A-8DC2-7D9FD358E005}.Windows|Any CPU.Build.0 = Windows|Any CPU
		{D55B9882-05F2-441A-8DC2-7D9FD358E005}.Windows|Mixed Platforms.ActiveCfg = Windows|Any CPU
		{D55B9882-05F2-441A-8DC2-7D9FD358E005}.Windows|Mixed Platforms.Build.0 = Windows|Any CPU
		{D55B9882-05F2-441A-8DC2-7D9FD358E005}.Windows|x86.ActiveCfg = Windows|x86
		{D55B9882-05F2-441A-8DC2-7D9FD358E005}.Windows|x86.Build.0 = Windows|x86
		{D55B9882-05F2-441A-8DC2-7D9FD358E005}.WindowsPhone|Any CPU.ActiveCfg = WindowsPhone|Any CPU
		{D55B9882-05F2-441A-8DC2-7D9FD358E005}.WindowsPhone|Any CPU.Build.0 = WindowsPhone|Any CPU
		{D55B9882-05F2-441A-8DC2-7D9FD358E005}.WindowsPhone|Mixed Platforms.ActiveCfg = WindowsPhone|x86
		{D55B9882-05F2-441A-8DC2-7D9FD358E005}.WindowsPhone|Mixed Platforms.Build.0 = WindowsPhone|x86
		{D55B9882-05F2-441A-8DC2-7D9FD358E005}.WindowsPhone|x86.ActiveCfg = WindowsPhone|x86
		{D55B9882-05F2-441A-8DC2-7D9FD358E005}.WindowsPhone|x86.Build.0 = WindowsPhone|x86
		{D55B9882-05F2-441A-8DC2-7D9FD358E005}.WindowsStore|Any CPU.ActiveCfg = WindowsStore|Any CPU
		{D55B9882-05F2-441A-8DC2-7D9FD358E005}.WindowsStore|Any CPU.Build.0 = WindowsStore|Any CPU
		{D55B9882-05F2-441A-8DC2-7D9FD358E005}.WindowsStore|Mixed Platforms.ActiveCfg = WindowsStore|x86
		{D55B9882-05F2-441A-8DC2-7D9FD358E005}.WindowsStore|Mixed Platforms.Build.0 = WindowsStore|x86
		{D55B9882-05F2-441A-8DC2-7D9FD358E005}.WindowsStore|x86.ActiveCfg = WindowsStore|x86
		{D55B9882-05F2-441A-8DC2-7D9FD358E005}.WindowsStore|x86.Build.0 = WindowsStore|x86
		{E92546F5-5749-4CD8-BE7F-371FFCB668F0}.Android|Any CPU.ActiveCfg = Release|x86
		{E92546F5-5749-4CD8-BE7F-371FFCB668F0}.Android|Mixed Platforms.ActiveCfg = Release|x86
		{E92546F5-5749-4CD8-BE7F-371FFCB668F0}.Android|Mixed Platforms.Build.0 = Release|x86
		{E92546F5-5749-4CD8-BE7F-371FFCB668F0}.Android|x86.ActiveCfg = Release|x86
		{E92546F5-5749-4CD8-BE7F-371FFCB668F0}.Android|x86.Build.0 = Release|x86
		{E92546F5-5749-4CD8-BE7F-371FFCB668F0}.Debug|Any CPU.ActiveCfg = Debug|x86
		{E92546F5-5749-4CD8-BE7F-371FFCB668F0}.Debug|Mixed Platforms.ActiveCfg = Debug|x86
		{E92546F5-5749-4CD8-BE7F-371FFCB668F0}.Debug|Mixed Platforms.Build.0 = Debug|x86
		{E92546F5-5749-4CD8-BE7F-371FFCB668F0}.Debug|x86.ActiveCfg = Debug|x86
		{E92546F5-5749-4CD8-BE7F-371FFCB668F0}.Debug|x86.Build.0 = Debug|x86
		{E92546F5-5749-4CD8-BE7F-371FFCB668F0}.IOS|Any CPU.ActiveCfg = Release|x86
		{E92546F5-5749-4CD8-BE7F-371FFCB668F0}.IOS|Mixed Platforms.ActiveCfg = Release|x86
		{E92546F5-5749-4CD8-BE7F-371FFCB668F0}.IOS|Mixed Platforms.Build.0 = Release|x86
		{E92546F5-5749-4CD8-BE7F-371FFCB668F0}.IOS|x86.ActiveCfg = Release|x86
		{E92546F5-5749-4CD8-BE7F-371FFCB668F0}.IOS|x86.Build.0 = Release|x86
		{E92546F5-5749-4CD8-BE7F-371FFCB668F0}.Release|Any CPU.ActiveCfg = Release|x86
		{E92546F5-5749-4CD8-BE7F-371FFCB668F0}.Release|Mixed Platforms.ActiveCfg = Release|x86
		{E92546F5-5749-4CD8-BE7F-371FFCB668F0}.Release|Mixed Platforms.Build.0 = Release|x86
		{E92546F5-5749-4CD8-BE7F-371FFCB668F0}.Release|x86.ActiveCfg = Release|x86
		{E92546F5-5749-4CD8-BE7F-371FFCB668F0}.Release|x86.Build.0 = Release|x86
		{E92546F5-5749-4CD8-BE7F-371FFCB668F0}.Windows|Any CPU.ActiveCfg = Windows|Any CPU
		{E92546F5-5749-4CD8-BE7F-371FFCB668F0}.Windows|Any CPU.Build.0 = Windows|Any CPU
		{E92546F5-5749-4CD8-BE7F-371FFCB668F0}.Windows|Mixed Platforms.ActiveCfg = Windows|x86
		{E92546F5-5749-4CD8-BE7F-371FFCB668F0}.Windows|Mixed Platforms.Build.0 = Windows|x86
		{E92546F5-5749-4CD8-BE7F-371FFCB668F0}.Windows|x86.ActiveCfg = Windows|x86
		{E92546F5-5749-4CD8-BE7F-371FFCB668F0}.Windows|x86.Build.0 = Windows|x86
		{E92546F5-5749-4CD8-BE7F-371FFCB668F0}.WindowsPhone|Any CPU.ActiveCfg = Windows|Any CPU
		{E92546F5-5749-4CD8-BE7F-371FFCB668F0}.WindowsPhone|Any CPU.Build.0 = Windows|Any CPU
		{E92546F5-5749-4CD8-BE7F-371FFCB668F0}.WindowsPhone|Mixed Platforms.ActiveCfg = Windows|x86
		{E92546F5-5749-4CD8-BE7F-371FFCB668F0}.WindowsPhone|Mixed Platforms.Build.0 = Windows|x86
		{E92546F5-5749-4CD8-BE7F-371FFCB668F0}.WindowsPhone|x86.ActiveCfg = Windows|x86
		{E92546F5-5749-4CD8-BE7F-371FFCB668F0}.WindowsPhone|x86.Build.0 = Windows|x86
		{E92546F5-5749-4CD8-BE7F-371FFCB668F0}.WindowsStore|Any CPU.ActiveCfg = Windows|Any CPU
		{E92546F5-5749-4CD8-BE7F-371FFCB668F0}.WindowsStore|Any CPU.Build.0 = Windows|Any CPU
		{E92546F5-5749-4CD8-BE7F-371FFCB668F0}.WindowsStore|Mixed Platforms.ActiveCfg = Windows|x86
		{E92546F5-5749-4CD8-BE7F-371FFCB668F0}.WindowsStore|Mixed Platforms.Build.0 = Windows|x86
		{E92546F5-5749-4CD8-BE7F-371FFCB668F0}.WindowsStore|x86.ActiveCfg = Windows|x86
		{E92546F5-5749-4CD8-BE7F-371FFCB668F0}.WindowsStore|x86.Build.0 = Windows|x86
		{B7E61384-5DFA-4D28-BC90-E59D6E38E0F4}.Android|Any CPU.ActiveCfg = Android|Any CPU
		{B7E61384-5DFA-4D28-BC90-E59D6E38E0F4}.Android|Any CPU.Build.0 = Android|Any CPU
		{B7E61384-5DFA-4D28-BC90-E59D6E38E0F4}.Android|Mixed Platforms.ActiveCfg = Android|x86
		{B7E61384-5DFA-4D28-BC90-E59D6E38E0F4}.Android|Mixed Platforms.Build.0 = Android|x86
		{B7E61384-5DFA-4D28-BC90-E59D6E38E0F4}.Android|x86.ActiveCfg = Android|x86
		{B7E61384-5DFA-4D28-BC90-E59D6E38E0F4}.Android|x86.Build.0 = Android|x86
		{B7E61384-5DFA-4D28-BC90-E59D6E38E0F4}.Debug|Any CPU.ActiveCfg = Debug|Any CPU
		{B7E61384-5DFA-4D28-BC90-E59D6E38E0F4}.Debug|Any CPU.Build.0 = Debug|Any CPU
		{B7E61384-5DFA-4D28-BC90-E59D6E38E0F4}.Debug|Mixed Platforms.ActiveCfg = Debug|x86
		{B7E61384-5DFA-4D28-BC90-E59D6E38E0F4}.Debug|Mixed Platforms.Build.0 = Debug|x86
		{B7E61384-5DFA-4D28-BC90-E59D6E38E0F4}.Debug|x86.ActiveCfg = Debug|x86
		{B7E61384-5DFA-4D28-BC90-E59D6E38E0F4}.Debug|x86.Build.0 = Debug|x86
		{B7E61384-5DFA-4D28-BC90-E59D6E38E0F4}.IOS|Any CPU.ActiveCfg = WindowsPhone|Any CPU
		{B7E61384-5DFA-4D28-BC90-E59D6E38E0F4}.IOS|Any CPU.Build.0 = WindowsPhone|Any CPU
		{B7E61384-5DFA-4D28-BC90-E59D6E38E0F4}.IOS|Mixed Platforms.ActiveCfg = WindowsPhone|x86
		{B7E61384-5DFA-4D28-BC90-E59D6E38E0F4}.IOS|Mixed Platforms.Build.0 = WindowsPhone|x86
		{B7E61384-5DFA-4D28-BC90-E59D6E38E0F4}.IOS|x86.ActiveCfg = WindowsPhone|x86
		{B7E61384-5DFA-4D28-BC90-E59D6E38E0F4}.IOS|x86.Build.0 = WindowsPhone|x86
		{B7E61384-5DFA-4D28-BC90-E59D6E38E0F4}.Release|Any CPU.ActiveCfg = Release|Any CPU
		{B7E61384-5DFA-4D28-BC90-E59D6E38E0F4}.Release|Any CPU.Build.0 = Release|Any CPU
		{B7E61384-5DFA-4D28-BC90-E59D6E38E0F4}.Release|Mixed Platforms.ActiveCfg = Release|x86
		{B7E61384-5DFA-4D28-BC90-E59D6E38E0F4}.Release|Mixed Platforms.Build.0 = Release|x86
		{B7E61384-5DFA-4D28-BC90-E59D6E38E0F4}.Release|x86.ActiveCfg = Release|x86
		{B7E61384-5DFA-4D28-BC90-E59D6E38E0F4}.Release|x86.Build.0 = Release|x86
		{B7E61384-5DFA-4D28-BC90-E59D6E38E0F4}.Windows|Any CPU.ActiveCfg = Windows|Any CPU
		{B7E61384-5DFA-4D28-BC90-E59D6E38E0F4}.Windows|Any CPU.Build.0 = Windows|Any CPU
		{B7E61384-5DFA-4D28-BC90-E59D6E38E0F4}.Windows|Mixed Platforms.ActiveCfg = Windows|Any CPU
		{B7E61384-5DFA-4D28-BC90-E59D6E38E0F4}.Windows|Mixed Platforms.Build.0 = Windows|Any CPU
		{B7E61384-5DFA-4D28-BC90-E59D6E38E0F4}.Windows|x86.ActiveCfg = Windows|x86
		{B7E61384-5DFA-4D28-BC90-E59D6E38E0F4}.Windows|x86.Build.0 = Windows|x86
		{B7E61384-5DFA-4D28-BC90-E59D6E38E0F4}.WindowsPhone|Any CPU.ActiveCfg = WindowsPhone|Any CPU
		{B7E61384-5DFA-4D28-BC90-E59D6E38E0F4}.WindowsPhone|Any CPU.Build.0 = WindowsPhone|Any CPU
		{B7E61384-5DFA-4D28-BC90-E59D6E38E0F4}.WindowsPhone|Mixed Platforms.ActiveCfg = WindowsPhone|x86
		{B7E61384-5DFA-4D28-BC90-E59D6E38E0F4}.WindowsPhone|Mixed Platforms.Build.0 = WindowsPhone|x86
		{B7E61384-5DFA-4D28-BC90-E59D6E38E0F4}.WindowsPhone|x86.ActiveCfg = WindowsPhone|x86
		{B7E61384-5DFA-4D28-BC90-E59D6E38E0F4}.WindowsPhone|x86.Build.0 = WindowsPhone|x86
		{B7E61384-5DFA-4D28-BC90-E59D6E38E0F4}.WindowsStore|Any CPU.ActiveCfg = WindowsStore|Any CPU
		{B7E61384-5DFA-4D28-BC90-E59D6E38E0F4}.WindowsStore|Any CPU.Build.0 = WindowsStore|Any CPU
		{B7E61384-5DFA-4D28-BC90-E59D6E38E0F4}.WindowsStore|Mixed Platforms.ActiveCfg = WindowsStore|x86
		{B7E61384-5DFA-4D28-BC90-E59D6E38E0F4}.WindowsStore|Mixed Platforms.Build.0 = WindowsStore|x86
		{B7E61384-5DFA-4D28-BC90-E59D6E38E0F4}.WindowsStore|x86.ActiveCfg = WindowsStore|x86
		{B7E61384-5DFA-4D28-BC90-E59D6E38E0F4}.WindowsStore|x86.Build.0 = WindowsStore|x86
		{F1134712-9412-4E28-A9C0-6E13669D010D}.Android|Any CPU.ActiveCfg = Android|Any CPU
		{F1134712-9412-4E28-A9C0-6E13669D010D}.Android|Any CPU.Build.0 = Android|Any CPU
		{F1134712-9412-4E28-A9C0-6E13669D010D}.Android|Mixed Platforms.ActiveCfg = Android|x86
		{F1134712-9412-4E28-A9C0-6E13669D010D}.Android|Mixed Platforms.Build.0 = Android|x86
		{F1134712-9412-4E28-A9C0-6E13669D010D}.Android|x86.ActiveCfg = Android|x86
		{F1134712-9412-4E28-A9C0-6E13669D010D}.Android|x86.Build.0 = Android|x86
		{F1134712-9412-4E28-A9C0-6E13669D010D}.Debug|Any CPU.ActiveCfg = Debug|Any CPU
		{F1134712-9412-4E28-A9C0-6E13669D010D}.Debug|Any CPU.Build.0 = Debug|Any CPU
		{F1134712-9412-4E28-A9C0-6E13669D010D}.Debug|Mixed Platforms.ActiveCfg = Debug|x86
		{F1134712-9412-4E28-A9C0-6E13669D010D}.Debug|Mixed Platforms.Build.0 = Debug|x86
		{F1134712-9412-4E28-A9C0-6E13669D010D}.Debug|x86.ActiveCfg = Debug|x86
		{F1134712-9412-4E28-A9C0-6E13669D010D}.Debug|x86.Build.0 = Debug|x86
		{F1134712-9412-4E28-A9C0-6E13669D010D}.IOS|Any CPU.ActiveCfg = IOS|Any CPU
		{F1134712-9412-4E28-A9C0-6E13669D010D}.IOS|Any CPU.Build.0 = IOS|Any CPU
		{F1134712-9412-4E28-A9C0-6E13669D010D}.IOS|Mixed Platforms.ActiveCfg = IOS|x86
		{F1134712-9412-4E28-A9C0-6E13669D010D}.IOS|Mixed Platforms.Build.0 = IOS|x86
		{F1134712-9412-4E28-A9C0-6E13669D010D}.IOS|x86.ActiveCfg = IOS|x86
		{F1134712-9412-4E28-A9C0-6E13669D010D}.IOS|x86.Build.0 = IOS|x86
		{F1134712-9412-4E28-A9C0-6E13669D010D}.Release|Any CPU.ActiveCfg = Release|Any CPU
		{F1134712-9412-4E28-A9C0-6E13669D010D}.Release|Any CPU.Build.0 = Release|Any CPU
		{F1134712-9412-4E28-A9C0-6E13669D010D}.Release|Mixed Platforms.ActiveCfg = Release|x86
		{F1134712-9412-4E28-A9C0-6E13669D010D}.Release|Mixed Platforms.Build.0 = Release|x86
		{F1134712-9412-4E28-A9C0-6E13669D010D}.Release|x86.ActiveCfg = Release|x86
		{F1134712-9412-4E28-A9C0-6E13669D010D}.Release|x86.Build.0 = Release|x86
		{F1134712-9412-4E28-A9C0-6E13669D010D}.Windows|Any CPU.ActiveCfg = Windows|Any CPU
		{F1134712-9412-4E28-A9C0-6E13669D010D}.Windows|Any CPU.Build.0 = Windows|Any CPU
		{F1134712-9412-4E28-A9C0-6E13669D010D}.Windows|Mixed Platforms.ActiveCfg = Windows|Any CPU
		{F1134712-9412-4E28-A9C0-6E13669D010D}.Windows|Mixed Platforms.Build.0 = Windows|Any CPU
		{F1134712-9412-4E28-A9C0-6E13669D010D}.Windows|x86.ActiveCfg = Windows|x86
		{F1134712-9412-4E28-A9C0-6E13669D010D}.Windows|x86.Build.0 = Windows|x86
		{F1134712-9412-4E28-A9C0-6E13669D010D}.WindowsPhone|Any CPU.ActiveCfg = WindowsPhone|Any CPU
		{F1134712-9412-4E28-A9C0-6E13669D010D}.WindowsPhone|Any CPU.Build.0 = WindowsPhone|Any CPU
		{F1134712-9412-4E28-A9C0-6E13669D010D}.WindowsPhone|Mixed Platforms.ActiveCfg = WindowsPhone|x86
		{F1134712-9412-4E28-A9C0-6E13669D010D}.WindowsPhone|Mixed Platforms.Build.0 = WindowsPhone|x86
		{F1134712-9412-4E28-A9C0-6E13669D010D}.WindowsPhone|x86.ActiveCfg = WindowsPhone|x86
		{F1134712-9412-4E28-A9C0-6E13669D010D}.WindowsPhone|x86.Build.0 = WindowsPhone|x86
		{F1134712-9412-4E28-A9C0-6E13669D010D}.WindowsStore|Any CPU.ActiveCfg = WindowsStore|Any CPU
		{F1134712-9412-4E28-A9C0-6E13669D010D}.WindowsStore|Any CPU.Build.0 = WindowsStore|Any CPU
		{F1134712-9412-4E28-A9C0-6E13669D010D}.WindowsStore|Mixed Platforms.ActiveCfg = WindowsStore|x86
		{F1134712-9412-4E28-A9C0-6E13669D010D}.WindowsStore|Mixed Platforms.Build.0 = WindowsStore|x86
		{F1134712-9412-4E28-A9C0-6E13669D010D}.WindowsStore|x86.ActiveCfg = WindowsStore|x86
		{F1134712-9412-4E28-A9C0-6E13669D010D}.WindowsStore|x86.Build.0 = WindowsStore|x86
	EndGlobalSection
	GlobalSection(SolutionProperties) = preSolution
		HideSolutionNode = FALSE
	EndGlobalSection
	GlobalSection(NestedProjects) = preSolution
		{E53A0131-9C6C-4335-A05A-2AE0B0F4E37B} = {0B964388-35AB-4585-AF28-6B8AF9F9F8F9}
		{1F5A2302-7E31-4FA2-8CA7-2A2D66E083C4} = {0B964388-35AB-4585-AF28-6B8AF9F9F8F9}
		{D55B9882-05F2-441A-8DC2-7D9FD358E005} = {0B964388-35AB-4585-AF28-6B8AF9F9F8F9}
		{CE2D3E42-8961-463B-93E1-F25273B6A22D} = {0B964388-35AB-4585-AF28-6B8AF9F9F8F9}
		{B7E61384-5DFA-4D28-BC90-E59D6E38E0F4} = {CE2D3E42-8961-463B-93E1-F25273B6A22D}
	EndGlobalSection
EndGlobal
