
Microsoft Visual Studio Solution File, Format Version 12.00
# Visual Studio 2012
Project("{FAE04EC0-301F-11D3-BF4B-00C04F79EFBC}") = "Client.WindowsPhone", "Client\Client.WindowsPhone\Client.WindowsPhone.csproj", "{46652A36-9A84-480B-877C-3576AAA86E35}"
EndProject
Project("{FAE04EC0-301F-11D3-BF4B-00C04F79EFBC}") = "Engine.WindowsPhone", "Engine\ProjectFiles\Engine.WindowsPhone\Engine.WindowsPhone.csproj", "{8D1CF882-28E3-40F0-A6C7-9C6089D101AE}"
EndProject
Project("{FAE04EC0-301F-11D3-BF4B-00C04F79EFBC}") = "Engine.Xna.WindowsPhone", "Engine.Xna\ProjectFiles\Engine.Xna.WindowsPhone\Engine.Xna.WindowsPhone.csproj", "{A27048F8-E066-45D7-8E8C-FB8B3D7E8672}"
EndProject
Project("{2150E333-8FDC-42A3-9474-1A3956D46DE8}") = "BingoBlockParty", "BingoBlockParty", "{A40C6709-3045-4458-B171-223608F63083}"
EndProject
Project("{2150E333-8FDC-42A3-9474-1A3956D46DE8}") = "Libraries", "Libraries", "{F9270C01-D07F-4EF7-9048-520875C7DBFB}"
EndProject
Project("{FAE04EC0-301F-11D3-BF4B-00C04F79EFBC}") = "JBox2d.WindowsPhone", "BingoBlockParty\Libraries\JBox2d\ProjectFiles\JBox2d.WindowsPhone\JBox2d.WindowsPhone.csproj", "{DFD422B7-FFAD-4887-80E9-B1FFF7314057}"
EndProject
Project("{FAE04EC0-301F-11D3-BF4B-00C04F79EFBC}") = "BingoBlockParty.Client.WindowsPhone", "BingoBlockParty\BingoBlockParty.Client\ProjectFiles\BingoBlockParty.Client.WindowsPhone\BingoBlockParty.Client.WindowsPhone.csproj", "{DFD442B7-FFAD-4887-80E9-B1FFF7314057}"
EndProject
Project("{FAE04EC0-301F-11D3-BF4B-00C04F79EFBC}") = "BingoBlockParty.Common.WindowsPhone", "BingoBlockParty\BingoBlockParty.Common\ProjectFiles\BingoBlockParty.Common.WindowsPhone\BingoBlockParty.Common.WindowsPhone.csproj", "{DFD442B7-FFAD-4887-80E9-B1FFC7314057}"
EndProject
Global
	GlobalSection(SolutionConfigurationPlatforms) = preSolution
		Debug|Any CPU = Debug|Any CPU
		Debug|ARM = Debug|ARM
		Debug|Mixed Platforms = Debug|Mixed Platforms
		Debug|x86 = Debug|x86
		Release|Any CPU = Release|Any CPU
		Release|ARM = Release|ARM
		Release|Mixed Platforms = Release|Mixed Platforms
		Release|x86 = Release|x86
	EndGlobalSection
	GlobalSection(ProjectConfigurationPlatforms) = postSolution
		{46652A36-9A84-480B-877C-3576AAA86E35}.Debug|Any CPU.ActiveCfg = Debug|x86
		{46652A36-9A84-480B-877C-3576AAA86E35}.Debug|ARM.ActiveCfg = Debug|x86
		{46652A36-9A84-480B-877C-3576AAA86E35}.Debug|ARM.Build.0 = Debug|x86
		{46652A36-9A84-480B-877C-3576AAA86E35}.Debug|ARM.Deploy.0 = Debug|x86
		{46652A36-9A84-480B-877C-3576AAA86E35}.Debug|Mixed Platforms.ActiveCfg = Debug|x86
		{46652A36-9A84-480B-877C-3576AAA86E35}.Debug|Mixed Platforms.Build.0 = Debug|x86
		{46652A36-9A84-480B-877C-3576AAA86E35}.Debug|Mixed Platforms.Deploy.0 = Debug|x86
		{46652A36-9A84-480B-877C-3576AAA86E35}.Debug|x86.ActiveCfg = Debug|x86
		{46652A36-9A84-480B-877C-3576AAA86E35}.Debug|x86.Build.0 = Debug|x86
		{46652A36-9A84-480B-877C-3576AAA86E35}.Debug|x86.Deploy.0 = Debug|x86
		{46652A36-9A84-480B-877C-3576AAA86E35}.Release|Any CPU.ActiveCfg = Release|x86
		{46652A36-9A84-480B-877C-3576AAA86E35}.Release|ARM.ActiveCfg = Release|ARM
		{46652A36-9A84-480B-877C-3576AAA86E35}.Release|ARM.Build.0 = Release|ARM
		{46652A36-9A84-480B-877C-3576AAA86E35}.Release|ARM.Deploy.0 = Release|ARM
		{46652A36-9A84-480B-877C-3576AAA86E35}.Release|Mixed Platforms.ActiveCfg = Release|x86
		{46652A36-9A84-480B-877C-3576AAA86E35}.Release|Mixed Platforms.Build.0 = Release|x86
		{46652A36-9A84-480B-877C-3576AAA86E35}.Release|Mixed Platforms.Deploy.0 = Release|x86
		{46652A36-9A84-480B-877C-3576AAA86E35}.Release|x86.ActiveCfg = Release|x86
		{46652A36-9A84-480B-877C-3576AAA86E35}.Release|x86.Build.0 = Release|x86
		{46652A36-9A84-480B-877C-3576AAA86E35}.Release|x86.Deploy.0 = Release|x86
		{8D1CF882-28E3-40F0-A6C7-9C6089D101AE}.Debug|Any CPU.ActiveCfg = Debug|Any CPU
		{8D1CF882-28E3-40F0-A6C7-9C6089D101AE}.Debug|Any CPU.Build.0 = Debug|Any CPU
		{8D1CF882-28E3-40F0-A6C7-9C6089D101AE}.Debug|ARM.ActiveCfg = Debug|Any CPU
		{8D1CF882-28E3-40F0-A6C7-9C6089D101AE}.Debug|Mixed Platforms.ActiveCfg = Debug|Any CPU
		{8D1CF882-28E3-40F0-A6C7-9C6089D101AE}.Debug|Mixed Platforms.Build.0 = Debug|Any CPU
		{8D1CF882-28E3-40F0-A6C7-9C6089D101AE}.Debug|x86.ActiveCfg = Debug|Any CPU
		{8D1CF882-28E3-40F0-A6C7-9C6089D101AE}.Release|Any CPU.ActiveCfg = Release|Any CPU
		{8D1CF882-28E3-40F0-A6C7-9C6089D101AE}.Release|Any CPU.Build.0 = Release|Any CPU
		{8D1CF882-28E3-40F0-A6C7-9C6089D101AE}.Release|ARM.ActiveCfg = Release|Any CPU
		{8D1CF882-28E3-40F0-A6C7-9C6089D101AE}.Release|Mixed Platforms.ActiveCfg = Release|Any CPU
		{8D1CF882-28E3-40F0-A6C7-9C6089D101AE}.Release|Mixed Platforms.Build.0 = Release|Any CPU
		{8D1CF882-28E3-40F0-A6C7-9C6089D101AE}.Release|x86.ActiveCfg = Release|Any CPU
		{A27048F8-E066-45D7-8E8C-FB8B3D7E8672}.Debug|Any CPU.ActiveCfg = Debug|Any CPU
		{A27048F8-E066-45D7-8E8C-FB8B3D7E8672}.Debug|Any CPU.Build.0 = Debug|Any CPU
		{A27048F8-E066-45D7-8E8C-FB8B3D7E8672}.Debug|ARM.ActiveCfg = Debug|Any CPU
		{A27048F8-E066-45D7-8E8C-FB8B3D7E8672}.Debug|Mixed Platforms.ActiveCfg = Debug|Any CPU
		{A27048F8-E066-45D7-8E8C-FB8B3D7E8672}.Debug|Mixed Platforms.Build.0 = Debug|Any CPU
		{A27048F8-E066-45D7-8E8C-FB8B3D7E8672}.Debug|x86.ActiveCfg = Debug|Any CPU
		{A27048F8-E066-45D7-8E8C-FB8B3D7E8672}.Release|Any CPU.ActiveCfg = Release|Any CPU
		{A27048F8-E066-45D7-8E8C-FB8B3D7E8672}.Release|Any CPU.Build.0 = Release|Any CPU
		{A27048F8-E066-45D7-8E8C-FB8B3D7E8672}.Release|ARM.ActiveCfg = Release|Any CPU
		{A27048F8-E066-45D7-8E8C-FB8B3D7E8672}.Release|Mixed Platforms.ActiveCfg = Release|Any CPU
		{A27048F8-E066-45D7-8E8C-FB8B3D7E8672}.Release|Mixed Platforms.Build.0 = Release|Any CPU
		{A27048F8-E066-45D7-8E8C-FB8B3D7E8672}.Release|x86.ActiveCfg = Release|Any CPU
		{DFD422B7-FFAD-4887-80E9-B1FFF7314057}.Debug|Any CPU.ActiveCfg = Debug|Any CPU
		{DFD422B7-FFAD-4887-80E9-B1FFF7314057}.Debug|Any CPU.Build.0 = Debug|Any CPU
		{DFD422B7-FFAD-4887-80E9-B1FFF7314057}.Debug|ARM.ActiveCfg = Debug|Any CPU
		{DFD422B7-FFAD-4887-80E9-B1FFF7314057}.Debug|Mixed Platforms.ActiveCfg = Debug|Any CPU
		{DFD422B7-FFAD-4887-80E9-B1FFF7314057}.Debug|Mixed Platforms.Build.0 = Debug|Any CPU
		{DFD422B7-FFAD-4887-80E9-B1FFF7314057}.Debug|x86.ActiveCfg = Debug|Any CPU
		{DFD422B7-FFAD-4887-80E9-B1FFF7314057}.Release|Any CPU.ActiveCfg = Release|Any CPU
		{DFD422B7-FFAD-4887-80E9-B1FFF7314057}.Release|Any CPU.Build.0 = Release|Any CPU
		{DFD422B7-FFAD-4887-80E9-B1FFF7314057}.Release|ARM.ActiveCfg = Release|Any CPU
		{DFD422B7-FFAD-4887-80E9-B1FFF7314057}.Release|Mixed Platforms.ActiveCfg = Release|Any CPU
		{DFD422B7-FFAD-4887-80E9-B1FFF7314057}.Release|Mixed Platforms.Build.0 = Release|Any CPU
		{DFD422B7-FFAD-4887-80E9-B1FFF7314057}.Release|x86.ActiveCfg = Release|Any CPU
		{DFD442B7-FFAD-4887-80E9-B1FFF7314057}.Debug|Any CPU.ActiveCfg = Debug|Any CPU
		{DFD442B7-FFAD-4887-80E9-B1FFF7314057}.Debug|Any CPU.Build.0 = Debug|Any CPU
		{DFD442B7-FFAD-4887-80E9-B1FFF7314057}.Debug|ARM.ActiveCfg = Debug|Any CPU
		{DFD442B7-FFAD-4887-80E9-B1FFF7314057}.Debug|Mixed Platforms.ActiveCfg = Debug|Any CPU
		{DFD442B7-FFAD-4887-80E9-B1FFF7314057}.Debug|Mixed Platforms.Build.0 = Debug|Any CPU
		{DFD442B7-FFAD-4887-80E9-B1FFF7314057}.Debug|x86.ActiveCfg = Debug|Any CPU
		{DFD442B7-FFAD-4887-80E9-B1FFF7314057}.Release|Any CPU.ActiveCfg = Release|Any CPU
		{DFD442B7-FFAD-4887-80E9-B1FFF7314057}.Release|Any CPU.Build.0 = Release|Any CPU
		{DFD442B7-FFAD-4887-80E9-B1FFF7314057}.Release|ARM.ActiveCfg = Release|Any CPU
		{DFD442B7-FFAD-4887-80E9-B1FFF7314057}.Release|Mixed Platforms.ActiveCfg = Release|Any CPU
		{DFD442B7-FFAD-4887-80E9-B1FFF7314057}.Release|Mixed Platforms.Build.0 = Release|Any CPU
		{DFD442B7-FFAD-4887-80E9-B1FFF7314057}.Release|x86.ActiveCfg = Release|Any CPU
		{DFD442B7-FFAD-4887-80E9-B1FFC7314057}.Debug|Any CPU.ActiveCfg = Debug|Any CPU
		{DFD442B7-FFAD-4887-80E9-B1FFC7314057}.Debug|Any CPU.Build.0 = Debug|Any CPU
		{DFD442B7-FFAD-4887-80E9-B1FFC7314057}.Debug|ARM.ActiveCfg = Debug|Any CPU
		{DFD442B7-FFAD-4887-80E9-B1FFC7314057}.Debug|Mixed Platforms.ActiveCfg = Debug|Any CPU
		{DFD442B7-FFAD-4887-80E9-B1FFC7314057}.Debug|Mixed Platforms.Build.0 = Debug|Any CPU
		{DFD442B7-FFAD-4887-80E9-B1FFC7314057}.Debug|x86.ActiveCfg = Debug|Any CPU
		{DFD442B7-FFAD-4887-80E9-B1FFC7314057}.Release|Any CPU.ActiveCfg = Release|Any CPU
		{DFD442B7-FFAD-4887-80E9-B1FFC7314057}.Release|Any CPU.Build.0 = Release|Any CPU
		{DFD442B7-FFAD-4887-80E9-B1FFC7314057}.Release|ARM.ActiveCfg = Release|Any CPU
		{DFD442B7-FFAD-4887-80E9-B1FFC7314057}.Release|Mixed Platforms.ActiveCfg = Release|Any CPU
		{DFD442B7-FFAD-4887-80E9-B1FFC7314057}.Release|Mixed Platforms.Build.0 = Release|Any CPU
		{DFD442B7-FFAD-4887-80E9-B1FFC7314057}.Release|x86.ActiveCfg = Release|Any CPU
	EndGlobalSection
	GlobalSection(SolutionProperties) = preSolution
		HideSolutionNode = FALSE
	EndGlobalSection
	GlobalSection(NestedProjects) = preSolution
		{F9270C01-D07F-4EF7-9048-520875C7DBFB} = {A40C6709-3045-4458-B171-223608F63083}
		{DFD442B7-FFAD-4887-80E9-B1FFF7314057} = {A40C6709-3045-4458-B171-223608F63083}
		{DFD442B7-FFAD-4887-80E9-B1FFC7314057} = {A40C6709-3045-4458-B171-223608F63083}
		{DFD422B7-FFAD-4887-80E9-B1FFF7314057} = {F9270C01-D07F-4EF7-9048-520875C7DBFB}
	EndGlobalSection
EndGlobal
