
Microsoft Visual Studio Solution File, Format Version 12.00
# Visual Studio 2012
Project("{FAE04EC0-301F-11D3-BF4B-00C04F79EFBC}") = "Engine.Xna", "Engine.Xna\Engine.Xna.csproj", "{B67ACD42-254F-4EDD-8741-F281C9731FCE}"
EndProject
Project("{FAE04EC0-301F-11D3-BF4B-00C04F79EFBC}") = "Engine.Interfaces", "Engine.Interfaces\Engine.Interfaces.csproj", "{F1134712-9412-4E28-A9C0-6E13669D010D}"
EndProject
Project("{FAE04EC0-301F-11D3-BF4B-00C04F79EFBC}") = "Client.Interfaces", "Client.Interfaces\Client.Interfaces.csproj", "{6E38A943-1210-4C66-B537-3209284AA38C}"
EndProject
Project("{2150E333-8FDC-42A3-9474-1A3956D46DE8}") = "BingoBlockParty", "BingoBlockParty", "{4878053C-FD3E-496B-8448-C3495C9B3231}"
EndProject
Project("{2150E333-8FDC-42A3-9474-1A3956D46DE8}") = "Libraries", "Libraries", "{5FEABEC5-6A33-4203-B6DE-BBD6BDB65CA1}"
EndProject
Project("{FAE04EC0-301F-11D3-BF4B-00C04F79EFBC}") = "JBox2d", "BingoBlockParty\Libraries\JBox2d\JBox2d.csproj", "{B7E61384-5DFA-4D28-BC90-E59D6E38E0F4}"
EndProject
Project("{FAE04EC0-301F-11D3-BF4B-00C04F79EFBC}") = "BingoBlockParty.Server", "BingoBlockParty\BingoBlockParty.Server\BingoBlockParty.Server.csproj", "{D55B9882-05F2-441A-8DC2-7D9FD358E005}"
EndProject
Project("{FAE04EC0-301F-11D3-BF4B-00C04F79EFBC}") = "BingoBlockParty.Common", "BingoBlockParty\BingoBlockParty.Common\BingoBlockParty.Common.csproj", "{1F5A2302-7E31-4FA2-8CA7-2A2D66E083C4}"
EndProject
Project("{FAE04EC0-301F-11D3-BF4B-00C04F79EFBC}") = "BingoBlockParty.Client", "BingoBlockParty\BingoBlockParty.Client\BingoBlockParty.Client.csproj", "{E53A0131-9C6C-4335-A05A-2AE0B0F4E37B}"
EndProject
Project("{FAE04EC0-301F-11D3-BF4B-00C04F79EFBC}") = "Client.IOS", "Client.IOS\Client.IOS.csproj", "{E96FF281-68D0-4A77-82CA-48480EAE2CFE}"
EndProject
Global
	GlobalSection(SolutionConfigurationPlatforms) = preSolution
		Ad-Hoc|Any CPU = Ad-Hoc|Any CPU
		Ad-Hoc|iPhone = Ad-Hoc|iPhone
		Ad-Hoc|iPhoneSimulator = Ad-Hoc|iPhoneSimulator
		Ad-Hoc|Mixed Platforms = Ad-Hoc|Mixed Platforms
		Android|Any CPU = Android|Any CPU
		Android|iPhone = Android|iPhone
		Android|iPhoneSimulator = Android|iPhoneSimulator
		Android|Mixed Platforms = Android|Mixed Platforms
		AppStore|Any CPU = AppStore|Any CPU
		AppStore|iPhone = AppStore|iPhone
		AppStore|iPhoneSimulator = AppStore|iPhoneSimulator
		AppStore|Mixed Platforms = AppStore|Mixed Platforms
		Debug|Any CPU = Debug|Any CPU
		Debug|iPhone = Debug|iPhone
		Debug|iPhoneSimulator = Debug|iPhoneSimulator
		Debug|Mixed Platforms = Debug|Mixed Platforms
		IOS|Any CPU = IOS|Any CPU
		IOS|iPhone = IOS|iPhone
		IOS|iPhoneSimulator = IOS|iPhoneSimulator
		IOS|Mixed Platforms = IOS|Mixed Platforms
		Release|Any CPU = Release|Any CPU
		Release|iPhone = Release|iPhone
		Release|iPhoneSimulator = Release|iPhoneSimulator
		Release|Mixed Platforms = Release|Mixed Platforms
	EndGlobalSection
	GlobalSection(ProjectConfigurationPlatforms) = postSolution
		{B67ACD42-254F-4EDD-8741-F281C9731FCE}.Ad-Hoc|Any CPU.ActiveCfg = Release|Any CPU
		{B67ACD42-254F-4EDD-8741-F281C9731FCE}.Ad-Hoc|Any CPU.Build.0 = Release|Any CPU
		{B67ACD42-254F-4EDD-8741-F281C9731FCE}.Ad-Hoc|iPhone.ActiveCfg = Release|Any CPU
		{B67ACD42-254F-4EDD-8741-F281C9731FCE}.Ad-Hoc|iPhoneSimulator.ActiveCfg = Release|Any CPU
		{B67ACD42-254F-4EDD-8741-F281C9731FCE}.Ad-Hoc|Mixed Platforms.ActiveCfg = Release|Any CPU
		{B67ACD42-254F-4EDD-8741-F281C9731FCE}.Ad-Hoc|Mixed Platforms.Build.0 = Release|Any CPU
		{B67ACD42-254F-4EDD-8741-F281C9731FCE}.Android|Any CPU.ActiveCfg = Android|Any CPU
		{B67ACD42-254F-4EDD-8741-F281C9731FCE}.Android|Any CPU.Build.0 = Android|Any CPU
		{B67ACD42-254F-4EDD-8741-F281C9731FCE}.Android|iPhone.ActiveCfg = Android|Any CPU
		{B67ACD42-254F-4EDD-8741-F281C9731FCE}.Android|iPhoneSimulator.ActiveCfg = Android|Any CPU
		{B67ACD42-254F-4EDD-8741-F281C9731FCE}.Android|Mixed Platforms.ActiveCfg = Android|Any CPU
		{B67ACD42-254F-4EDD-8741-F281C9731FCE}.AppStore|Any CPU.ActiveCfg = Release|Any CPU
		{B67ACD42-254F-4EDD-8741-F281C9731FCE}.AppStore|Any CPU.Build.0 = Release|Any CPU
		{B67ACD42-254F-4EDD-8741-F281C9731FCE}.AppStore|iPhone.ActiveCfg = Release|Any CPU
		{B67ACD42-254F-4EDD-8741-F281C9731FCE}.AppStore|iPhoneSimulator.ActiveCfg = Release|Any CPU
		{B67ACD42-254F-4EDD-8741-F281C9731FCE}.AppStore|Mixed Platforms.ActiveCfg = Release|Any CPU
		{B67ACD42-254F-4EDD-8741-F281C9731FCE}.AppStore|Mixed Platforms.Build.0 = Release|Any CPU
		{B67ACD42-254F-4EDD-8741-F281C9731FCE}.Debug|Any CPU.ActiveCfg = Debug|Any CPU
		{B67ACD42-254F-4EDD-8741-F281C9731FCE}.Debug|Any CPU.Build.0 = Debug|Any CPU
		{B67ACD42-254F-4EDD-8741-F281C9731FCE}.Debug|iPhone.ActiveCfg = Debug|Any CPU
		{B67ACD42-254F-4EDD-8741-F281C9731FCE}.Debug|iPhoneSimulator.ActiveCfg = Debug|Any CPU
		{B67ACD42-254F-4EDD-8741-F281C9731FCE}.Debug|Mixed Platforms.ActiveCfg = Debug|Any CPU
		{B67ACD42-254F-4EDD-8741-F281C9731FCE}.Debug|Mixed Platforms.Build.0 = Debug|Any CPU
		{B67ACD42-254F-4EDD-8741-F281C9731FCE}.IOS|Any CPU.ActiveCfg = IOS|Any CPU
		{B67ACD42-254F-4EDD-8741-F281C9731FCE}.IOS|Any CPU.Build.0 = IOS|Any CPU
		{B67ACD42-254F-4EDD-8741-F281C9731FCE}.IOS|iPhone.ActiveCfg = IOS|Any CPU
		{B67ACD42-254F-4EDD-8741-F281C9731FCE}.IOS|iPhoneSimulator.ActiveCfg = IOS|Any CPU
		{B67ACD42-254F-4EDD-8741-F281C9731FCE}.IOS|iPhoneSimulator.Build.0 = IOS|Any CPU
		{B67ACD42-254F-4EDD-8741-F281C9731FCE}.IOS|Mixed Platforms.ActiveCfg = IOS|Any CPU
		{B67ACD42-254F-4EDD-8741-F281C9731FCE}.IOS|Mixed Platforms.Build.0 = IOS|Any CPU
		{B67ACD42-254F-4EDD-8741-F281C9731FCE}.Release|Any CPU.ActiveCfg = Release|Any CPU
		{B67ACD42-254F-4EDD-8741-F281C9731FCE}.Release|Any CPU.Build.0 = Release|Any CPU
		{B67ACD42-254F-4EDD-8741-F281C9731FCE}.Release|iPhone.ActiveCfg = Release|Any CPU
		{B67ACD42-254F-4EDD-8741-F281C9731FCE}.Release|iPhoneSimulator.ActiveCfg = Release|Any CPU
		{B67ACD42-254F-4EDD-8741-F281C9731FCE}.Release|Mixed Platforms.ActiveCfg = Release|Any CPU
		{B67ACD42-254F-4EDD-8741-F281C9731FCE}.Release|Mixed Platforms.Build.0 = Release|Any CPU
		{F1134712-9412-4E28-A9C0-6E13669D010D}.Ad-Hoc|Any CPU.ActiveCfg = Release|Any CPU
		{F1134712-9412-4E28-A9C0-6E13669D010D}.Ad-Hoc|Any CPU.Build.0 = Release|Any CPU
		{F1134712-9412-4E28-A9C0-6E13669D010D}.Ad-Hoc|iPhone.ActiveCfg = Release|Any CPU
		{F1134712-9412-4E28-A9C0-6E13669D010D}.Ad-Hoc|iPhoneSimulator.ActiveCfg = Release|Any CPU
		{F1134712-9412-4E28-A9C0-6E13669D010D}.Ad-Hoc|Mixed Platforms.ActiveCfg = Release|Any CPU
		{F1134712-9412-4E28-A9C0-6E13669D010D}.Ad-Hoc|Mixed Platforms.Build.0 = Release|Any CPU
		{F1134712-9412-4E28-A9C0-6E13669D010D}.Android|Any CPU.ActiveCfg = Android|Any CPU
		{F1134712-9412-4E28-A9C0-6E13669D010D}.Android|Any CPU.Build.0 = Android|Any CPU
		{F1134712-9412-4E28-A9C0-6E13669D010D}.Android|iPhone.ActiveCfg = Android|Any CPU
		{F1134712-9412-4E28-A9C0-6E13669D010D}.Android|iPhoneSimulator.ActiveCfg = Android|Any CPU
		{F1134712-9412-4E28-A9C0-6E13669D010D}.Android|Mixed Platforms.ActiveCfg = Android|Any CPU
		{F1134712-9412-4E28-A9C0-6E13669D010D}.AppStore|Any CPU.ActiveCfg = Release|Any CPU
		{F1134712-9412-4E28-A9C0-6E13669D010D}.AppStore|Any CPU.Build.0 = Release|Any CPU
		{F1134712-9412-4E28-A9C0-6E13669D010D}.AppStore|iPhone.ActiveCfg = Release|Any CPU
		{F1134712-9412-4E28-A9C0-6E13669D010D}.AppStore|iPhoneSimulator.ActiveCfg = Release|Any CPU
		{F1134712-9412-4E28-A9C0-6E13669D010D}.AppStore|Mixed Platforms.ActiveCfg = Release|Any CPU
		{F1134712-9412-4E28-A9C0-6E13669D010D}.AppStore|Mixed Platforms.Build.0 = Release|Any CPU
		{F1134712-9412-4E28-A9C0-6E13669D010D}.Debug|Any CPU.ActiveCfg = Debug|Any CPU
		{F1134712-9412-4E28-A9C0-6E13669D010D}.Debug|Any CPU.Build.0 = Debug|Any CPU
		{F1134712-9412-4E28-A9C0-6E13669D010D}.Debug|iPhone.ActiveCfg = Debug|Any CPU
		{F1134712-9412-4E28-A9C0-6E13669D010D}.Debug|iPhoneSimulator.ActiveCfg = Debug|Any CPU
		{F1134712-9412-4E28-A9C0-6E13669D010D}.Debug|Mixed Platforms.ActiveCfg = Debug|Any CPU
		{F1134712-9412-4E28-A9C0-6E13669D010D}.Debug|Mixed Platforms.Build.0 = Debug|Any CPU
		{F1134712-9412-4E28-A9C0-6E13669D010D}.IOS|Any CPU.ActiveCfg = IOS|Any CPU
		{F1134712-9412-4E28-A9C0-6E13669D010D}.IOS|Any CPU.Build.0 = IOS|Any CPU
		{F1134712-9412-4E28-A9C0-6E13669D010D}.IOS|iPhone.ActiveCfg = IOS|Any CPU
		{F1134712-9412-4E28-A9C0-6E13669D010D}.IOS|iPhoneSimulator.ActiveCfg = IOS|Any CPU
		{F1134712-9412-4E28-A9C0-6E13669D010D}.IOS|iPhoneSimulator.Build.0 = IOS|Any CPU
		{F1134712-9412-4E28-A9C0-6E13669D010D}.IOS|Mixed Platforms.ActiveCfg = IOS|Any CPU
		{F1134712-9412-4E28-A9C0-6E13669D010D}.IOS|Mixed Platforms.Build.0 = IOS|Any CPU
		{F1134712-9412-4E28-A9C0-6E13669D010D}.Release|Any CPU.ActiveCfg = Release|Any CPU
		{F1134712-9412-4E28-A9C0-6E13669D010D}.Release|Any CPU.Build.0 = Release|Any CPU
		{F1134712-9412-4E28-A9C0-6E13669D010D}.Release|iPhone.ActiveCfg = Release|Any CPU
		{F1134712-9412-4E28-A9C0-6E13669D010D}.Release|iPhoneSimulator.ActiveCfg = Release|Any CPU
		{F1134712-9412-4E28-A9C0-6E13669D010D}.Release|Mixed Platforms.ActiveCfg = Release|Any CPU
		{F1134712-9412-4E28-A9C0-6E13669D010D}.Release|Mixed Platforms.Build.0 = Release|Any CPU
		{6E38A943-1210-4C66-B537-3209284AA38C}.Ad-Hoc|Any CPU.ActiveCfg = Release|Any CPU
		{6E38A943-1210-4C66-B537-3209284AA38C}.Ad-Hoc|Any CPU.Build.0 = Release|Any CPU
		{6E38A943-1210-4C66-B537-3209284AA38C}.Ad-Hoc|iPhone.ActiveCfg = Release|Any CPU
		{6E38A943-1210-4C66-B537-3209284AA38C}.Ad-Hoc|iPhoneSimulator.ActiveCfg = Release|Any CPU
		{6E38A943-1210-4C66-B537-3209284AA38C}.Ad-Hoc|Mixed Platforms.ActiveCfg = Release|Any CPU
		{6E38A943-1210-4C66-B537-3209284AA38C}.Ad-Hoc|Mixed Platforms.Build.0 = Release|Any CPU
		{6E38A943-1210-4C66-B537-3209284AA38C}.Android|Any CPU.ActiveCfg = Android|Any CPU
		{6E38A943-1210-4C66-B537-3209284AA38C}.Android|Any CPU.Build.0 = Android|Any CPU
		{6E38A943-1210-4C66-B537-3209284AA38C}.Android|iPhone.ActiveCfg = Android|Any CPU
		{6E38A943-1210-4C66-B537-3209284AA38C}.Android|iPhoneSimulator.ActiveCfg = Android|Any CPU
		{6E38A943-1210-4C66-B537-3209284AA38C}.Android|Mixed Platforms.ActiveCfg = Android|Any CPU
		{6E38A943-1210-4C66-B537-3209284AA38C}.AppStore|Any CPU.ActiveCfg = Release|Any CPU
		{6E38A943-1210-4C66-B537-3209284AA38C}.AppStore|Any CPU.Build.0 = Release|Any CPU
		{6E38A943-1210-4C66-B537-3209284AA38C}.AppStore|iPhone.ActiveCfg = Release|Any CPU
		{6E38A943-1210-4C66-B537-3209284AA38C}.AppStore|iPhoneSimulator.ActiveCfg = Release|Any CPU
		{6E38A943-1210-4C66-B537-3209284AA38C}.AppStore|Mixed Platforms.ActiveCfg = Release|Any CPU
		{6E38A943-1210-4C66-B537-3209284AA38C}.AppStore|Mixed Platforms.Build.0 = Release|Any CPU
		{6E38A943-1210-4C66-B537-3209284AA38C}.Debug|Any CPU.ActiveCfg = Debug|Any CPU
		{6E38A943-1210-4C66-B537-3209284AA38C}.Debug|Any CPU.Build.0 = Debug|Any CPU
		{6E38A943-1210-4C66-B537-3209284AA38C}.Debug|iPhone.ActiveCfg = Debug|Any CPU
		{6E38A943-1210-4C66-B537-3209284AA38C}.Debug|iPhoneSimulator.ActiveCfg = Debug|Any CPU
		{6E38A943-1210-4C66-B537-3209284AA38C}.Debug|Mixed Platforms.ActiveCfg = Debug|Any CPU
		{6E38A943-1210-4C66-B537-3209284AA38C}.Debug|Mixed Platforms.Build.0 = Debug|Any CPU
		{6E38A943-1210-4C66-B537-3209284AA38C}.IOS|Any CPU.ActiveCfg = IOS|Any CPU
		{6E38A943-1210-4C66-B537-3209284AA38C}.IOS|Any CPU.Build.0 = IOS|Any CPU
		{6E38A943-1210-4C66-B537-3209284AA38C}.IOS|iPhone.ActiveCfg = IOS|Any CPU
		{6E38A943-1210-4C66-B537-3209284AA38C}.IOS|iPhoneSimulator.ActiveCfg = IOS|Any CPU
		{6E38A943-1210-4C66-B537-3209284AA38C}.IOS|iPhoneSimulator.Build.0 = IOS|Any CPU
		{6E38A943-1210-4C66-B537-3209284AA38C}.IOS|Mixed Platforms.ActiveCfg = IOS|Any CPU
		{6E38A943-1210-4C66-B537-3209284AA38C}.IOS|Mixed Platforms.Build.0 = IOS|Any CPU
		{6E38A943-1210-4C66-B537-3209284AA38C}.Release|Any CPU.ActiveCfg = Release|Any CPU
		{6E38A943-1210-4C66-B537-3209284AA38C}.Release|Any CPU.Build.0 = Release|Any CPU
		{6E38A943-1210-4C66-B537-3209284AA38C}.Release|iPhone.ActiveCfg = Release|Any CPU
		{6E38A943-1210-4C66-B537-3209284AA38C}.Release|iPhoneSimulator.ActiveCfg = Release|Any CPU
		{6E38A943-1210-4C66-B537-3209284AA38C}.Release|Mixed Platforms.ActiveCfg = Release|Any CPU
		{6E38A943-1210-4C66-B537-3209284AA38C}.Release|Mixed Platforms.Build.0 = Release|Any CPU
		{B7E61384-5DFA-4D28-BC90-E59D6E38E0F4}.Ad-Hoc|Any CPU.ActiveCfg = Release|Any CPU
		{B7E61384-5DFA-4D28-BC90-E59D6E38E0F4}.Ad-Hoc|Any CPU.Build.0 = Release|Any CPU
		{B7E61384-5DFA-4D28-BC90-E59D6E38E0F4}.Ad-Hoc|iPhone.ActiveCfg = Release|Any CPU
		{B7E61384-5DFA-4D28-BC90-E59D6E38E0F4}.Ad-Hoc|iPhone.Build.0 = Release|Any CPU
		{B7E61384-5DFA-4D28-BC90-E59D6E38E0F4}.Ad-Hoc|iPhoneSimulator.ActiveCfg = Release|Any CPU
		{B7E61384-5DFA-4D28-BC90-E59D6E38E0F4}.Ad-Hoc|iPhoneSimulator.Build.0 = Release|Any CPU
		{B7E61384-5DFA-4D28-BC90-E59D6E38E0F4}.Ad-Hoc|Mixed Platforms.ActiveCfg = Release|Any CPU
		{B7E61384-5DFA-4D28-BC90-E59D6E38E0F4}.Ad-Hoc|Mixed Platforms.Build.0 = Release|Any CPU
		{B7E61384-5DFA-4D28-BC90-E59D6E38E0F4}.Android|Any CPU.ActiveCfg = Android|Any CPU
		{B7E61384-5DFA-4D28-BC90-E59D6E38E0F4}.Android|Any CPU.Build.0 = Android|Any CPU
		{B7E61384-5DFA-4D28-BC90-E59D6E38E0F4}.Android|iPhone.ActiveCfg = Android|Any CPU
		{B7E61384-5DFA-4D28-BC90-E59D6E38E0F4}.Android|iPhoneSimulator.ActiveCfg = Android|Any CPU
		{B7E61384-5DFA-4D28-BC90-E59D6E38E0F4}.Android|Mixed Platforms.ActiveCfg = Android|Any CPU
		{B7E61384-5DFA-4D28-BC90-E59D6E38E0F4}.AppStore|Any CPU.ActiveCfg = Release|Any CPU
		{B7E61384-5DFA-4D28-BC90-E59D6E38E0F4}.AppStore|Any CPU.Build.0 = Release|Any CPU
		{B7E61384-5DFA-4D28-BC90-E59D6E38E0F4}.AppStore|iPhone.ActiveCfg = Release|Any CPU
		{B7E61384-5DFA-4D28-BC90-E59D6E38E0F4}.AppStore|iPhone.Build.0 = Release|Any CPU
		{B7E61384-5DFA-4D28-BC90-E59D6E38E0F4}.AppStore|iPhoneSimulator.ActiveCfg = Release|Any CPU
		{B7E61384-5DFA-4D28-BC90-E59D6E38E0F4}.AppStore|iPhoneSimulator.Build.0 = Release|Any CPU
		{B7E61384-5DFA-4D28-BC90-E59D6E38E0F4}.AppStore|Mixed Platforms.ActiveCfg = Release|Any CPU
		{B7E61384-5DFA-4D28-BC90-E59D6E38E0F4}.AppStore|Mixed Platforms.Build.0 = Release|Any CPU
		{B7E61384-5DFA-4D28-BC90-E59D6E38E0F4}.Debug|Any CPU.ActiveCfg = Debug|Any CPU
		{B7E61384-5DFA-4D28-BC90-E59D6E38E0F4}.Debug|Any CPU.Build.0 = Debug|Any CPU
		{B7E61384-5DFA-4D28-BC90-E59D6E38E0F4}.Debug|iPhone.ActiveCfg = Debug|Any CPU
		{B7E61384-5DFA-4D28-BC90-E59D6E38E0F4}.Debug|iPhone.Build.0 = Debug|Any CPU
		{B7E61384-5DFA-4D28-BC90-E59D6E38E0F4}.Debug|iPhoneSimulator.ActiveCfg = Debug|Any CPU
		{B7E61384-5DFA-4D28-BC90-E59D6E38E0F4}.Debug|iPhoneSimulator.Build.0 = Debug|Any CPU
		{B7E61384-5DFA-4D28-BC90-E59D6E38E0F4}.Debug|Mixed Platforms.ActiveCfg = Debug|Any CPU
		{B7E61384-5DFA-4D28-BC90-E59D6E38E0F4}.Debug|Mixed Platforms.Build.0 = Debug|Any CPU
		{B7E61384-5DFA-4D28-BC90-E59D6E38E0F4}.IOS|Any CPU.ActiveCfg = Debug|Any CPU
		{B7E61384-5DFA-4D28-BC90-E59D6E38E0F4}.IOS|Any CPU.Build.0 = Debug|Any CPU
		{B7E61384-5DFA-4D28-BC90-E59D6E38E0F4}.IOS|iPhone.ActiveCfg = Debug|Any CPU
		{B7E61384-5DFA-4D28-BC90-E59D6E38E0F4}.IOS|iPhone.Build.0 = Debug|Any CPU
		{B7E61384-5DFA-4D28-BC90-E59D6E38E0F4}.IOS|iPhoneSimulator.ActiveCfg = Debug|Any CPU
		{B7E61384-5DFA-4D28-BC90-E59D6E38E0F4}.IOS|iPhoneSimulator.Build.0 = Debug|Any CPU
		{B7E61384-5DFA-4D28-BC90-E59D6E38E0F4}.IOS|Mixed Platforms.ActiveCfg = Debug|Any CPU
		{B7E61384-5DFA-4D28-BC90-E59D6E38E0F4}.IOS|Mixed Platforms.Build.0 = Debug|Any CPU
		{B7E61384-5DFA-4D28-BC90-E59D6E38E0F4}.Release|Any CPU.ActiveCfg = Release|Any CPU
		{B7E61384-5DFA-4D28-BC90-E59D6E38E0F4}.Release|Any CPU.Build.0 = Release|Any CPU
		{B7E61384-5DFA-4D28-BC90-E59D6E38E0F4}.Release|iPhone.ActiveCfg = Release|Any CPU
		{B7E61384-5DFA-4D28-BC90-E59D6E38E0F4}.Release|iPhone.Build.0 = Release|Any CPU
		{B7E61384-5DFA-4D28-BC90-E59D6E38E0F4}.Release|iPhoneSimulator.ActiveCfg = Release|Any CPU
		{B7E61384-5DFA-4D28-BC90-E59D6E38E0F4}.Release|iPhoneSimulator.Build.0 = Release|Any CPU
		{B7E61384-5DFA-4D28-BC90-E59D6E38E0F4}.Release|Mixed Platforms.ActiveCfg = Release|Any CPU
		{B7E61384-5DFA-4D28-BC90-E59D6E38E0F4}.Release|Mixed Platforms.Build.0 = Release|Any CPU
		{D55B9882-05F2-441A-8DC2-7D9FD358E005}.Ad-Hoc|Any CPU.ActiveCfg = Release|Any CPU
		{D55B9882-05F2-441A-8DC2-7D9FD358E005}.Ad-Hoc|Any CPU.Build.0 = Release|Any CPU
		{D55B9882-05F2-441A-8DC2-7D9FD358E005}.Ad-Hoc|iPhone.ActiveCfg = Release|Any CPU
		{D55B9882-05F2-441A-8DC2-7D9FD358E005}.Ad-Hoc|iPhoneSimulator.ActiveCfg = Release|Any CPU
		{D55B9882-05F2-441A-8DC2-7D9FD358E005}.Ad-Hoc|Mixed Platforms.ActiveCfg = Release|Any CPU
		{D55B9882-05F2-441A-8DC2-7D9FD358E005}.Ad-Hoc|Mixed Platforms.Build.0 = Release|Any CPU
		{D55B9882-05F2-441A-8DC2-7D9FD358E005}.Android|Any CPU.ActiveCfg = Android|Any CPU
		{D55B9882-05F2-441A-8DC2-7D9FD358E005}.Android|Any CPU.Build.0 = Android|Any CPU
		{D55B9882-05F2-441A-8DC2-7D9FD358E005}.Android|iPhone.ActiveCfg = Android|Any CPU
		{D55B9882-05F2-441A-8DC2-7D9FD358E005}.Android|iPhoneSimulator.ActiveCfg = Android|Any CPU
		{D55B9882-05F2-441A-8DC2-7D9FD358E005}.Android|Mixed Platforms.ActiveCfg = Android|Any CPU
		{D55B9882-05F2-441A-8DC2-7D9FD358E005}.AppStore|Any CPU.ActiveCfg = Release|Any CPU
		{D55B9882-05F2-441A-8DC2-7D9FD358E005}.AppStore|Any CPU.Build.0 = Release|Any CPU
		{D55B9882-05F2-441A-8DC2-7D9FD358E005}.AppStore|iPhone.ActiveCfg = Release|Any CPU
		{D55B9882-05F2-441A-8DC2-7D9FD358E005}.AppStore|iPhoneSimulator.ActiveCfg = Release|Any CPU
		{D55B9882-05F2-441A-8DC2-7D9FD358E005}.AppStore|Mixed Platforms.ActiveCfg = Release|Any CPU
		{D55B9882-05F2-441A-8DC2-7D9FD358E005}.AppStore|Mixed Platforms.Build.0 = Release|Any CPU
		{D55B9882-05F2-441A-8DC2-7D9FD358E005}.Debug|Any CPU.ActiveCfg = Debug|Any CPU
		{D55B9882-05F2-441A-8DC2-7D9FD358E005}.Debug|Any CPU.Build.0 = Debug|Any CPU
		{D55B9882-05F2-441A-8DC2-7D9FD358E005}.Debug|iPhone.ActiveCfg = Debug|Any CPU
		{D55B9882-05F2-441A-8DC2-7D9FD358E005}.Debug|iPhoneSimulator.ActiveCfg = Debug|Any CPU
		{D55B9882-05F2-441A-8DC2-7D9FD358E005}.Debug|Mixed Platforms.ActiveCfg = Debug|Any CPU
		{D55B9882-05F2-441A-8DC2-7D9FD358E005}.Debug|Mixed Platforms.Build.0 = Debug|Any CPU
		{D55B9882-05F2-441A-8DC2-7D9FD358E005}.IOS|Any CPU.ActiveCfg = IOS|Any CPU
		{D55B9882-05F2-441A-8DC2-7D9FD358E005}.IOS|Any CPU.Build.0 = IOS|Any CPU
		{D55B9882-05F2-441A-8DC2-7D9FD358E005}.IOS|iPhone.ActiveCfg = IOS|Any CPU
		{D55B9882-05F2-441A-8DC2-7D9FD358E005}.IOS|iPhoneSimulator.ActiveCfg = IOS|Any CPU
		{D55B9882-05F2-441A-8DC2-7D9FD358E005}.IOS|iPhoneSimulator.Build.0 = IOS|Any CPU
		{D55B9882-05F2-441A-8DC2-7D9FD358E005}.IOS|Mixed Platforms.ActiveCfg = IOS|Any CPU
		{D55B9882-05F2-441A-8DC2-7D9FD358E005}.IOS|Mixed Platforms.Build.0 = IOS|Any CPU
		{D55B9882-05F2-441A-8DC2-7D9FD358E005}.Release|Any CPU.ActiveCfg = Release|Any CPU
		{D55B9882-05F2-441A-8DC2-7D9FD358E005}.Release|Any CPU.Build.0 = Release|Any CPU
		{D55B9882-05F2-441A-8DC2-7D9FD358E005}.Release|iPhone.ActiveCfg = Release|Any CPU
		{D55B9882-05F2-441A-8DC2-7D9FD358E005}.Release|iPhoneSimulator.ActiveCfg = Release|Any CPU
		{D55B9882-05F2-441A-8DC2-7D9FD358E005}.Release|Mixed Platforms.ActiveCfg = Release|Any CPU
		{D55B9882-05F2-441A-8DC2-7D9FD358E005}.Release|Mixed Platforms.Build.0 = Release|Any CPU
		{1F5A2302-7E31-4FA2-8CA7-2A2D66E083C4}.Ad-Hoc|Any CPU.ActiveCfg = Release|Any CPU
		{1F5A2302-7E31-4FA2-8CA7-2A2D66E083C4}.Ad-Hoc|Any CPU.Build.0 = Release|Any CPU
		{1F5A2302-7E31-4FA2-8CA7-2A2D66E083C4}.Ad-Hoc|iPhone.ActiveCfg = Release|Any CPU
		{1F5A2302-7E31-4FA2-8CA7-2A2D66E083C4}.Ad-Hoc|iPhoneSimulator.ActiveCfg = Release|Any CPU
		{1F5A2302-7E31-4FA2-8CA7-2A2D66E083C4}.Ad-Hoc|Mixed Platforms.ActiveCfg = Release|Any CPU
		{1F5A2302-7E31-4FA2-8CA7-2A2D66E083C4}.Ad-Hoc|Mixed Platforms.Build.0 = Release|Any CPU
		{1F5A2302-7E31-4FA2-8CA7-2A2D66E083C4}.Android|Any CPU.ActiveCfg = Android|Any CPU
		{1F5A2302-7E31-4FA2-8CA7-2A2D66E083C4}.Android|Any CPU.Build.0 = Android|Any CPU
		{1F5A2302-7E31-4FA2-8CA7-2A2D66E083C4}.Android|iPhone.ActiveCfg = Android|Any CPU
		{1F5A2302-7E31-4FA2-8CA7-2A2D66E083C4}.Android|iPhoneSimulator.ActiveCfg = Android|Any CPU
		{1F5A2302-7E31-4FA2-8CA7-2A2D66E083C4}.Android|Mixed Platforms.ActiveCfg = Android|Any CPU
		{1F5A2302-7E31-4FA2-8CA7-2A2D66E083C4}.AppStore|Any CPU.ActiveCfg = Release|Any CPU
		{1F5A2302-7E31-4FA2-8CA7-2A2D66E083C4}.AppStore|Any CPU.Build.0 = Release|Any CPU
		{1F5A2302-7E31-4FA2-8CA7-2A2D66E083C4}.AppStore|iPhone.ActiveCfg = Release|Any CPU
		{1F5A2302-7E31-4FA2-8CA7-2A2D66E083C4}.AppStore|iPhoneSimulator.ActiveCfg = Release|Any CPU
		{1F5A2302-7E31-4FA2-8CA7-2A2D66E083C4}.AppStore|Mixed Platforms.ActiveCfg = Release|Any CPU
		{1F5A2302-7E31-4FA2-8CA7-2A2D66E083C4}.AppStore|Mixed Platforms.Build.0 = Release|Any CPU
		{1F5A2302-7E31-4FA2-8CA7-2A2D66E083C4}.Debug|Any CPU.ActiveCfg = Debug|Any CPU
		{1F5A2302-7E31-4FA2-8CA7-2A2D66E083C4}.Debug|Any CPU.Build.0 = Debug|Any CPU
		{1F5A2302-7E31-4FA2-8CA7-2A2D66E083C4}.Debug|iPhone.ActiveCfg = Debug|Any CPU
		{1F5A2302-7E31-4FA2-8CA7-2A2D66E083C4}.Debug|iPhoneSimulator.ActiveCfg = Debug|Any CPU
		{1F5A2302-7E31-4FA2-8CA7-2A2D66E083C4}.Debug|Mixed Platforms.ActiveCfg = Debug|Any CPU
		{1F5A2302-7E31-4FA2-8CA7-2A2D66E083C4}.Debug|Mixed Platforms.Build.0 = Debug|Any CPU
		{1F5A2302-7E31-4FA2-8CA7-2A2D66E083C4}.IOS|Any CPU.ActiveCfg = IOS|Any CPU
		{1F5A2302-7E31-4FA2-8CA7-2A2D66E083C4}.IOS|Any CPU.Build.0 = IOS|Any CPU
		{1F5A2302-7E31-4FA2-8CA7-2A2D66E083C4}.IOS|iPhone.ActiveCfg = IOS|Any CPU
		{1F5A2302-7E31-4FA2-8CA7-2A2D66E083C4}.IOS|iPhoneSimulator.ActiveCfg = IOS|Any CPU
		{1F5A2302-7E31-4FA2-8CA7-2A2D66E083C4}.IOS|iPhoneSimulator.Build.0 = IOS|Any CPU
		{1F5A2302-7E31-4FA2-8CA7-2A2D66E083C4}.IOS|Mixed Platforms.ActiveCfg = IOS|Any CPU
		{1F5A2302-7E31-4FA2-8CA7-2A2D66E083C4}.IOS|Mixed Platforms.Build.0 = IOS|Any CPU
		{1F5A2302-7E31-4FA2-8CA7-2A2D66E083C4}.Release|Any CPU.ActiveCfg = Release|Any CPU
		{1F5A2302-7E31-4FA2-8CA7-2A2D66E083C4}.Release|Any CPU.Build.0 = Release|Any CPU
		{1F5A2302-7E31-4FA2-8CA7-2A2D66E083C4}.Release|iPhone.ActiveCfg = Release|Any CPU
		{1F5A2302-7E31-4FA2-8CA7-2A2D66E083C4}.Release|iPhoneSimulator.ActiveCfg = Release|Any CPU
		{1F5A2302-7E31-4FA2-8CA7-2A2D66E083C4}.Release|Mixed Platforms.ActiveCfg = Release|Any CPU
		{1F5A2302-7E31-4FA2-8CA7-2A2D66E083C4}.Release|Mixed Platforms.Build.0 = Release|Any CPU
		{E53A0131-9C6C-4335-A05A-2AE0B0F4E37B}.Ad-Hoc|Any CPU.ActiveCfg = Release|Any CPU
		{E53A0131-9C6C-4335-A05A-2AE0B0F4E37B}.Ad-Hoc|Any CPU.Build.0 = Release|Any CPU
		{E53A0131-9C6C-4335-A05A-2AE0B0F4E37B}.Ad-Hoc|iPhone.ActiveCfg = Release|Any CPU
		{E53A0131-9C6C-4335-A05A-2AE0B0F4E37B}.Ad-Hoc|iPhoneSimulator.ActiveCfg = Release|Any CPU
		{E53A0131-9C6C-4335-A05A-2AE0B0F4E37B}.Ad-Hoc|Mixed Platforms.ActiveCfg = Release|Any CPU
		{E53A0131-9C6C-4335-A05A-2AE0B0F4E37B}.Ad-Hoc|Mixed Platforms.Build.0 = Release|Any CPU
		{E53A0131-9C6C-4335-A05A-2AE0B0F4E37B}.Android|Any CPU.ActiveCfg = Android|Any CPU
		{E53A0131-9C6C-4335-A05A-2AE0B0F4E37B}.Android|Any CPU.Build.0 = Android|Any CPU
		{E53A0131-9C6C-4335-A05A-2AE0B0F4E37B}.Android|iPhone.ActiveCfg = Android|Any CPU
		{E53A0131-9C6C-4335-A05A-2AE0B0F4E37B}.Android|iPhoneSimulator.ActiveCfg = Android|Any CPU
		{E53A0131-9C6C-4335-A05A-2AE0B0F4E37B}.Android|Mixed Platforms.ActiveCfg = Android|Any CPU
		{E53A0131-9C6C-4335-A05A-2AE0B0F4E37B}.AppStore|Any CPU.ActiveCfg = Release|Any CPU
		{E53A0131-9C6C-4335-A05A-2AE0B0F4E37B}.AppStore|Any CPU.Build.0 = Release|Any CPU
		{E53A0131-9C6C-4335-A05A-2AE0B0F4E37B}.AppStore|iPhone.ActiveCfg = Release|Any CPU
		{E53A0131-9C6C-4335-A05A-2AE0B0F4E37B}.AppStore|iPhoneSimulator.ActiveCfg = Release|Any CPU
		{E53A0131-9C6C-4335-A05A-2AE0B0F4E37B}.AppStore|Mixed Platforms.ActiveCfg = Release|Any CPU
		{E53A0131-9C6C-4335-A05A-2AE0B0F4E37B}.AppStore|Mixed Platforms.Build.0 = Release|Any CPU
		{E53A0131-9C6C-4335-A05A-2AE0B0F4E37B}.Debug|Any CPU.ActiveCfg = Debug|Any CPU
		{E53A0131-9C6C-4335-A05A-2AE0B0F4E37B}.Debug|Any CPU.Build.0 = Debug|Any CPU
		{E53A0131-9C6C-4335-A05A-2AE0B0F4E37B}.Debug|iPhone.ActiveCfg = Debug|Any CPU
		{E53A0131-9C6C-4335-A05A-2AE0B0F4E37B}.Debug|iPhoneSimulator.ActiveCfg = Debug|Any CPU
		{E53A0131-9C6C-4335-A05A-2AE0B0F4E37B}.Debug|Mixed Platforms.ActiveCfg = Debug|Any CPU
		{E53A0131-9C6C-4335-A05A-2AE0B0F4E37B}.Debug|Mixed Platforms.Build.0 = Debug|Any CPU
		{E53A0131-9C6C-4335-A05A-2AE0B0F4E37B}.IOS|Any CPU.ActiveCfg = IOS|Any CPU
		{E53A0131-9C6C-4335-A05A-2AE0B0F4E37B}.IOS|Any CPU.Build.0 = IOS|Any CPU
		{E53A0131-9C6C-4335-A05A-2AE0B0F4E37B}.IOS|iPhone.ActiveCfg = IOS|Any CPU
		{E53A0131-9C6C-4335-A05A-2AE0B0F4E37B}.IOS|iPhoneSimulator.ActiveCfg = IOS|Any CPU
		{E53A0131-9C6C-4335-A05A-2AE0B0F4E37B}.IOS|iPhoneSimulator.Build.0 = IOS|Any CPU
		{E53A0131-9C6C-4335-A05A-2AE0B0F4E37B}.IOS|Mixed Platforms.ActiveCfg = IOS|Any CPU
		{E53A0131-9C6C-4335-A05A-2AE0B0F4E37B}.IOS|Mixed Platforms.Build.0 = IOS|Any CPU
		{E53A0131-9C6C-4335-A05A-2AE0B0F4E37B}.Release|Any CPU.ActiveCfg = Release|Any CPU
		{E53A0131-9C6C-4335-A05A-2AE0B0F4E37B}.Release|Any CPU.Build.0 = Release|Any CPU
		{E53A0131-9C6C-4335-A05A-2AE0B0F4E37B}.Release|iPhone.ActiveCfg = Release|Any CPU
		{E53A0131-9C6C-4335-A05A-2AE0B0F4E37B}.Release|iPhoneSimulator.ActiveCfg = Release|Any CPU
		{E53A0131-9C6C-4335-A05A-2AE0B0F4E37B}.Release|Mixed Platforms.ActiveCfg = Release|Any CPU
		{E53A0131-9C6C-4335-A05A-2AE0B0F4E37B}.Release|Mixed Platforms.Build.0 = Release|Any CPU
		{E96FF281-68D0-4A77-82CA-48480EAE2CFE}.Ad-Hoc|Any CPU.ActiveCfg = Ad-Hoc|iPhone
		{E96FF281-68D0-4A77-82CA-48480EAE2CFE}.Ad-Hoc|Any CPU.Build.0 = Ad-Hoc|iPhone
		{E96FF281-68D0-4A77-82CA-48480EAE2CFE}.Ad-Hoc|iPhone.ActiveCfg = Ad-Hoc|iPhone
		{E96FF281-68D0-4A77-82CA-48480EAE2CFE}.Ad-Hoc|iPhone.Build.0 = Ad-Hoc|iPhone
		{E96FF281-68D0-4A77-82CA-48480EAE2CFE}.Ad-Hoc|iPhone.Deploy.0 = Ad-Hoc|iPhone
		{E96FF281-68D0-4A77-82CA-48480EAE2CFE}.Ad-Hoc|iPhoneSimulator.ActiveCfg = Ad-Hoc|iPhoneSimulator
		{E96FF281-68D0-4A77-82CA-48480EAE2CFE}.Ad-Hoc|iPhoneSimulator.Build.0 = Ad-Hoc|iPhoneSimulator
		{E96FF281-68D0-4A77-82CA-48480EAE2CFE}.Ad-Hoc|iPhoneSimulator.Deploy.0 = Ad-Hoc|iPhoneSimulator
		{E96FF281-68D0-4A77-82CA-48480EAE2CFE}.Ad-Hoc|Mixed Platforms.ActiveCfg = Ad-Hoc|iPhone
		{E96FF281-68D0-4A77-82CA-48480EAE2CFE}.Ad-Hoc|Mixed Platforms.Build.0 = Ad-Hoc|iPhone
		{E96FF281-68D0-4A77-82CA-48480EAE2CFE}.Ad-Hoc|Mixed Platforms.Deploy.0 = Ad-Hoc|iPhone
		{E96FF281-68D0-4A77-82CA-48480EAE2CFE}.Android|Any CPU.ActiveCfg = Debug|iPhoneSimulator
		{E96FF281-68D0-4A77-82CA-48480EAE2CFE}.Android|Any CPU.Build.0 = Debug|iPhoneSimulator
		{E96FF281-68D0-4A77-82CA-48480EAE2CFE}.Android|iPhone.ActiveCfg = AppStore|iPhone
		{E96FF281-68D0-4A77-82CA-48480EAE2CFE}.Android|iPhone.Build.0 = AppStore|iPhone
		{E96FF281-68D0-4A77-82CA-48480EAE2CFE}.Android|iPhone.Deploy.0 = AppStore|iPhone
		{E96FF281-68D0-4A77-82CA-48480EAE2CFE}.Android|iPhoneSimulator.ActiveCfg = AppStore|iPhoneSimulator
		{E96FF281-68D0-4A77-82CA-48480EAE2CFE}.Android|iPhoneSimulator.Build.0 = AppStore|iPhoneSimulator
		{E96FF281-68D0-4A77-82CA-48480EAE2CFE}.Android|iPhoneSimulator.Deploy.0 = AppStore|iPhoneSimulator
		{E96FF281-68D0-4A77-82CA-48480EAE2CFE}.Android|Mixed Platforms.ActiveCfg = AppStore|iPhoneSimulator
		{E96FF281-68D0-4A77-82CA-48480EAE2CFE}.Android|Mixed Platforms.Build.0 = AppStore|iPhoneSimulator
		{E96FF281-68D0-4A77-82CA-48480EAE2CFE}.Android|Mixed Platforms.Deploy.0 = AppStore|iPhoneSimulator
		{E96FF281-68D0-4A77-82CA-48480EAE2CFE}.AppStore|Any CPU.ActiveCfg = AppStore|iPhone
		{E96FF281-68D0-4A77-82CA-48480EAE2CFE}.AppStore|iPhone.ActiveCfg = AppStore|iPhone
		{E96FF281-68D0-4A77-82CA-48480EAE2CFE}.AppStore|iPhone.Build.0 = AppStore|iPhone
		{E96FF281-68D0-4A77-82CA-48480EAE2CFE}.AppStore|iPhone.Deploy.0 = AppStore|iPhone
		{E96FF281-68D0-4A77-82CA-48480EAE2CFE}.AppStore|iPhoneSimulator.ActiveCfg = AppStore|iPhoneSimulator
		{E96FF281-68D0-4A77-82CA-48480EAE2CFE}.AppStore|iPhoneSimulator.Build.0 = AppStore|iPhoneSimulator
		{E96FF281-68D0-4A77-82CA-48480EAE2CFE}.AppStore|iPhoneSimulator.Deploy.0 = AppStore|iPhoneSimulator
		{E96FF281-68D0-4A77-82CA-48480EAE2CFE}.AppStore|Mixed Platforms.ActiveCfg = AppStore|iPhone
		{E96FF281-68D0-4A77-82CA-48480EAE2CFE}.AppStore|Mixed Platforms.Build.0 = AppStore|iPhone
		{E96FF281-68D0-4A77-82CA-48480EAE2CFE}.AppStore|Mixed Platforms.Deploy.0 = AppStore|iPhone
		{E96FF281-68D0-4A77-82CA-48480EAE2CFE}.Debug|Any CPU.ActiveCfg = Debug|iPhone
		{E96FF281-68D0-4A77-82CA-48480EAE2CFE}.Debug|iPhone.ActiveCfg = Debug|iPhone
		{E96FF281-68D0-4A77-82CA-48480EAE2CFE}.Debug|iPhone.Build.0 = Debug|iPhone
		{E96FF281-68D0-4A77-82CA-48480EAE2CFE}.Debug|iPhone.Deploy.0 = Debug|iPhone
		{E96FF281-68D0-4A77-82CA-48480EAE2CFE}.Debug|iPhoneSimulator.ActiveCfg = Debug|iPhoneSimulator
		{E96FF281-68D0-4A77-82CA-48480EAE2CFE}.Debug|iPhoneSimulator.Build.0 = Debug|iPhoneSimulator
		{E96FF281-68D0-4A77-82CA-48480EAE2CFE}.Debug|iPhoneSimulator.Deploy.0 = Debug|iPhoneSimulator
		{E96FF281-68D0-4A77-82CA-48480EAE2CFE}.Debug|Mixed Platforms.ActiveCfg = Debug|iPhoneSimulator
		{E96FF281-68D0-4A77-82CA-48480EAE2CFE}.Debug|Mixed Platforms.Build.0 = Debug|iPhoneSimulator
		{E96FF281-68D0-4A77-82CA-48480EAE2CFE}.Debug|Mixed Platforms.Deploy.0 = Debug|iPhoneSimulator
		{E96FF281-68D0-4A77-82CA-48480EAE2CFE}.IOS|Any CPU.ActiveCfg = IOS|iPhone
		{E96FF281-68D0-4A77-82CA-48480EAE2CFE}.IOS|iPhone.ActiveCfg = IOS|iPhone
		{E96FF281-68D0-4A77-82CA-48480EAE2CFE}.IOS|iPhone.Build.0 = IOS|iPhone
		{E96FF281-68D0-4A77-82CA-48480EAE2CFE}.IOS|iPhone.Deploy.0 = IOS|iPhone
		{E96FF281-68D0-4A77-82CA-48480EAE2CFE}.IOS|iPhoneSimulator.ActiveCfg = IOS|iPhoneSimulator
		{E96FF281-68D0-4A77-82CA-48480EAE2CFE}.IOS|iPhoneSimulator.Build.0 = IOS|iPhoneSimulator
		{E96FF281-68D0-4A77-82CA-48480EAE2CFE}.IOS|iPhoneSimulator.Deploy.0 = IOS|iPhoneSimulator
		{E96FF281-68D0-4A77-82CA-48480EAE2CFE}.IOS|Mixed Platforms.ActiveCfg = IOS|iPhone
		{E96FF281-68D0-4A77-82CA-48480EAE2CFE}.IOS|Mixed Platforms.Build.0 = IOS|iPhone
		{E96FF281-68D0-4A77-82CA-48480EAE2CFE}.IOS|Mixed Platforms.Deploy.0 = IOS|iPhone
		{E96FF281-68D0-4A77-82CA-48480EAE2CFE}.Release|Any CPU.ActiveCfg = Release|iPhone
		{E96FF281-68D0-4A77-82CA-48480EAE2CFE}.Release|iPhone.ActiveCfg = Release|iPhone
		{E96FF281-68D0-4A77-82CA-48480EAE2CFE}.Release|iPhone.Build.0 = Release|iPhone
		{E96FF281-68D0-4A77-82CA-48480EAE2CFE}.Release|iPhone.Deploy.0 = Release|iPhone
		{E96FF281-68D0-4A77-82CA-48480EAE2CFE}.Release|iPhoneSimulator.ActiveCfg = Release|iPhoneSimulator
		{E96FF281-68D0-4A77-82CA-48480EAE2CFE}.Release|iPhoneSimulator.Build.0 = Release|iPhoneSimulator
		{E96FF281-68D0-4A77-82CA-48480EAE2CFE}.Release|iPhoneSimulator.Deploy.0 = Release|iPhoneSimulator
		{E96FF281-68D0-4A77-82CA-48480EAE2CFE}.Release|Mixed Platforms.ActiveCfg = Release|iPhone
		{E96FF281-68D0-4A77-82CA-48480EAE2CFE}.Release|Mixed Platforms.Build.0 = Release|iPhone
		{E96FF281-68D0-4A77-82CA-48480EAE2CFE}.Release|Mixed Platforms.Deploy.0 = Release|iPhone
	EndGlobalSection
	GlobalSection(SolutionProperties) = preSolution
		HideSolutionNode = FALSE
	EndGlobalSection
	GlobalSection(NestedProjects) = preSolution
		{5FEABEC5-6A33-4203-B6DE-BBD6BDB65CA1} = {4878053C-FD3E-496B-8448-C3495C9B3231}
		{D55B9882-05F2-441A-8DC2-7D9FD358E005} = {4878053C-FD3E-496B-8448-C3495C9B3231}
		{1F5A2302-7E31-4FA2-8CA7-2A2D66E083C4} = {4878053C-FD3E-496B-8448-C3495C9B3231}
		{E53A0131-9C6C-4335-A05A-2AE0B0F4E37B} = {4878053C-FD3E-496B-8448-C3495C9B3231}
		{B7E61384-5DFA-4D28-BC90-E59D6E38E0F4} = {5FEABEC5-6A33-4203-B6DE-BBD6BDB65CA1}
	EndGlobalSection
	GlobalSection(MonoDevelopProperties) = preSolution
		StartupItem = Client.IOS\Client.IOS.csproj
	EndGlobalSection
EndGlobal
