
Microsoft Visual Studio Solution File, Format Version 12.00
# Visual Studio 2012
Project("{FAE04EC0-301F-11D3-BF4B-00C04F79EFBC}") = "Client.Android", "Client\Client.Android\Client.Android.csproj", "{D45566C8-3108-482B-BA33-1E39E3DC1E19}"
EndProject
Project("{FAE04EC0-301F-11D3-BF4B-00C04F79EFBC}") = "Engine.Android", "Engine\ProjectFiles\Engine.Android\Engine.Android.csproj", "{7CA4DE5B-A584-4FE6-87B7-ADB80F2FB5EB}"
EndProject
Project("{FAE04EC0-301F-11D3-BF4B-00C04F79EFBC}") = "Engine.Xna.Android", "Engine.Xna\ProjectFiles\Engine.Xna.Android\Engine.Xna.Android.csproj", "{7450724A-C31E-4F7F-B68F-90005AABFF78}"
EndProject
Project("{2150E333-8FDC-42A3-9474-1A3956D46DE8}") = "BingoBlockParty", "BingoBlockParty", "{0ADB3AC7-7B31-42DB-A648-FF86D9A5AFF5}"
EndProject
Project("{2150E333-8FDC-42A3-9474-1A3956D46DE8}") = "Libraries", "Libraries", "{ADDB96EC-5C7E-4A29-968B-6AC08C639D47}"
EndProject
Project("{FAE04EC0-301F-11D3-BF4B-00C04F79EFBC}") = "BingoBlockParty.Client.Android", "BingoBlockParty\BingoBlockParty.Client\ProjectFiles\BingoBlockParty.Client.Android\BingoBlockParty.Client.Android.csproj", "{BA83B858-2FE0-4398-850D-8095A8A38946}"
EndProject
Project("{FAE04EC0-301F-11D3-BF4B-00C04F79EFBC}") = "BingoBlockParty.Common.Android", "BingoBlockParty\BingoBlockParty.Common\ProjectFiles\BingoBlockParty.Common.Android\BingoBlockParty.Common.Android.csproj", "{BA83B858-2DE0-4398-850D-8095A8A38946}"
EndProject
Project("{FAE04EC0-301F-11D3-BF4B-00C04F79EFBC}") = "JBox2d.Android", "BingoBlockParty\Libraries\JBox2d\ProjectFiles\JBox2d.Android\JBox2d.Android.csproj", "{BA83B858-2FD0-4398-850D-8095A8A38946}"
EndProject
Global
	GlobalSection(SolutionConfigurationPlatforms) = preSolution
		Debug|Any CPU = Debug|Any CPU
		Release|Any CPU = Release|Any CPU
	EndGlobalSection
	GlobalSection(ProjectConfigurationPlatforms) = postSolution
		{D45566C8-3108-482B-BA33-1E39E3DC1E19}.Debug|Any CPU.ActiveCfg = Debug|Any CPU
		{D45566C8-3108-482B-BA33-1E39E3DC1E19}.Debug|Any CPU.Build.0 = Debug|Any CPU
		{D45566C8-3108-482B-BA33-1E39E3DC1E19}.Debug|Any CPU.Deploy.0 = Debug|Any CPU
		{D45566C8-3108-482B-BA33-1E39E3DC1E19}.Release|Any CPU.ActiveCfg = Release|Any CPU
		{D45566C8-3108-482B-BA33-1E39E3DC1E19}.Release|Any CPU.Build.0 = Release|Any CPU
		{D45566C8-3108-482B-BA33-1E39E3DC1E19}.Release|Any CPU.Deploy.0 = Release|Any CPU
		{7CA4DE5B-A584-4FE6-87B7-ADB80F2FB5EB}.Debug|Any CPU.ActiveCfg = Debug|Any CPU
		{7CA4DE5B-A584-4FE6-87B7-ADB80F2FB5EB}.Debug|Any CPU.Build.0 = Debug|Any CPU
		{7CA4DE5B-A584-4FE6-87B7-ADB80F2FB5EB}.Release|Any CPU.ActiveCfg = Release|Any CPU
		{7CA4DE5B-A584-4FE6-87B7-ADB80F2FB5EB}.Release|Any CPU.Build.0 = Release|Any CPU
		{7450724A-C31E-4F7F-B68F-90005AABFF78}.Debug|Any CPU.ActiveCfg = Debug|Any CPU
		{7450724A-C31E-4F7F-B68F-90005AABFF78}.Debug|Any CPU.Build.0 = Debug|Any CPU
		{7450724A-C31E-4F7F-B68F-90005AABFF78}.Release|Any CPU.ActiveCfg = Release|Any CPU
		{7450724A-C31E-4F7F-B68F-90005AABFF78}.Release|Any CPU.Build.0 = Release|Any CPU
		{BA83B858-2FE0-4398-850D-8095A8A38946}.Debug|Any CPU.ActiveCfg = Debug|Any CPU
		{BA83B858-2FE0-4398-850D-8095A8A38946}.Debug|Any CPU.Build.0 = Debug|Any CPU
		{BA83B858-2FE0-4398-850D-8095A8A38946}.Release|Any CPU.ActiveCfg = Release|Any CPU
		{BA83B858-2FE0-4398-850D-8095A8A38946}.Release|Any CPU.Build.0 = Release|Any CPU
		{BA83B858-2DE0-4398-850D-8095A8A38946}.Debug|Any CPU.ActiveCfg = Debug|Any CPU
		{BA83B858-2DE0-4398-850D-8095A8A38946}.Debug|Any CPU.Build.0 = Debug|Any CPU
		{BA83B858-2DE0-4398-850D-8095A8A38946}.Release|Any CPU.ActiveCfg = Release|Any CPU
		{BA83B858-2DE0-4398-850D-8095A8A38946}.Release|Any CPU.Build.0 = Release|Any CPU
		{BA83B858-2FD0-4398-850D-8095A8A38946}.Debug|Any CPU.ActiveCfg = Debug|Any CPU
		{BA83B858-2FD0-4398-850D-8095A8A38946}.Debug|Any CPU.Build.0 = Debug|Any CPU
		{BA83B858-2FD0-4398-850D-8095A8A38946}.Release|Any CPU.ActiveCfg = Release|Any CPU
		{BA83B858-2FD0-4398-850D-8095A8A38946}.Release|Any CPU.Build.0 = Release|Any CPU
	EndGlobalSection
	GlobalSection(SolutionProperties) = preSolution
		HideSolutionNode = FALSE
	EndGlobalSection
	GlobalSection(NestedProjects) = preSolution
		{ADDB96EC-5C7E-4A29-968B-6AC08C639D47} = {0ADB3AC7-7B31-42DB-A648-FF86D9A5AFF5}
		{BA83B858-2FE0-4398-850D-8095A8A38946} = {0ADB3AC7-7B31-42DB-A648-FF86D9A5AFF5}
		{BA83B858-2DE0-4398-850D-8095A8A38946} = {0ADB3AC7-7B31-42DB-A648-FF86D9A5AFF5}
		{BA83B858-2FD0-4398-850D-8095A8A38946} = {ADDB96EC-5C7E-4A29-968B-6AC08C639D47}
	EndGlobalSection
EndGlobal
