
Microsoft Visual Studio Solution File, Format Version 12.00
# Visual Studio 2012
Project("{FAE04EC0-301F-11D3-BF4B-00C04F79EFBC}") = "Client.Android", "Client.Android\Client.Android.csproj", "{9F5EC7A1-08AD-4917-AA77-5FF7D4F95361}"
EndProject
Project("{FAE04EC0-301F-11D3-BF4B-00C04F79EFBC}") = "Engine.Xna", "Engine.Xna\Engine.Xna.csproj", "{B67ACD42-254F-4EDD-8741-F281C9731FCE}"
EndProject
Project("{FAE04EC0-301F-11D3-BF4B-00C04F79EFBC}") = "Client.Interfaces", "Client.Interfaces\Client.Interfaces.csproj", "{6E38A943-1210-4C66-B537-3209284AA38C}"
EndProject
Project("{FAE04EC0-301F-11D3-BF4B-00C04F79EFBC}") = "Engine.Interfaces", "Engine.Interfaces\Engine.Interfaces.csproj", "{F1134712-9412-4E28-A9C0-6E13669D010D}"
EndProject
Project("{2150E333-8FDC-42A3-9474-1A3956D46DE8}") = "BingoBlockParty", "BingoBlockParty", "{2C096E25-928E-4562-AEF5-D7FA76468BCA}"
EndProject
Project("{FAE04EC0-301F-11D3-BF4B-00C04F79EFBC}") = "BingoBlockParty.Client", "BingoBlockParty\BingoBlockParty.Client\BingoBlockParty.Client.csproj", "{E53A0131-9C6C-4335-A05A-2AE0B0F4E37B}"
EndProject
Project("{FAE04EC0-301F-11D3-BF4B-00C04F79EFBC}") = "BingoBlockParty.Common", "BingoBlockParty\BingoBlockParty.Common\BingoBlockParty.Common.csproj", "{1F5A2302-7E31-4FA2-8CA7-2A2D66E083C4}"
EndProject
Project("{FAE04EC0-301F-11D3-BF4B-00C04F79EFBC}") = "BingoBlockParty.Server", "BingoBlockParty\BingoBlockParty.Server\BingoBlockParty.Server.csproj", "{D55B9882-05F2-441A-8DC2-7D9FD358E005}"
EndProject
Project("{2150E333-8FDC-42A3-9474-1A3956D46DE8}") = "Libraries", "Libraries", "{30AD898E-B6D2-411C-AB25-BA9A7013093B}"
EndProject
Project("{FAE04EC0-301F-11D3-BF4B-00C04F79EFBC}") = "JBox2d", "BingoBlockParty\Libraries\JBox2d\JBox2d.csproj", "{B7E61384-5DFA-4D28-BC90-E59D6E38E0F4}"
EndProject
Global
	GlobalSection(SolutionConfigurationPlatforms) = preSolution
		Debug|Any CPU = Debug|Any CPU
		Release|Any CPU = Release|Any CPU
	EndGlobalSection
	GlobalSection(ProjectConfigurationPlatforms) = postSolution
		{9F5EC7A1-08AD-4917-AA77-5FF7D4F95361}.Debug|Any CPU.ActiveCfg = Debug|Any CPU
		{9F5EC7A1-08AD-4917-AA77-5FF7D4F95361}.Debug|Any CPU.Build.0 = Debug|Any CPU
		{9F5EC7A1-08AD-4917-AA77-5FF7D4F95361}.Debug|Any CPU.Deploy.0 = Debug|Any CPU
		{9F5EC7A1-08AD-4917-AA77-5FF7D4F95361}.Release|Any CPU.ActiveCfg = Release|Any CPU
		{9F5EC7A1-08AD-4917-AA77-5FF7D4F95361}.Release|Any CPU.Build.0 = Release|Any CPU
		{9F5EC7A1-08AD-4917-AA77-5FF7D4F95361}.Release|Any CPU.Deploy.0 = Release|Any CPU
		{B67ACD42-254F-4EDD-8741-F281C9731FCE}.Debug|Any CPU.ActiveCfg = Debug|Any CPU
		{B67ACD42-254F-4EDD-8741-F281C9731FCE}.Debug|Any CPU.Build.0 = Debug|Any CPU
		{B67ACD42-254F-4EDD-8741-F281C9731FCE}.Release|Any CPU.ActiveCfg = Release|Any CPU
		{B67ACD42-254F-4EDD-8741-F281C9731FCE}.Release|Any CPU.Build.0 = Release|Any CPU
		{6E38A943-1210-4C66-B537-3209284AA38C}.Debug|Any CPU.ActiveCfg = Debug|Any CPU
		{6E38A943-1210-4C66-B537-3209284AA38C}.Debug|Any CPU.Build.0 = Debug|Any CPU
		{6E38A943-1210-4C66-B537-3209284AA38C}.Release|Any CPU.ActiveCfg = Release|Any CPU
		{6E38A943-1210-4C66-B537-3209284AA38C}.Release|Any CPU.Build.0 = Release|Any CPU
		{F1134712-9412-4E28-A9C0-6E13669D010D}.Debug|Any CPU.ActiveCfg = Debug|Any CPU
		{F1134712-9412-4E28-A9C0-6E13669D010D}.Debug|Any CPU.Build.0 = Debug|Any CPU
		{F1134712-9412-4E28-A9C0-6E13669D010D}.Release|Any CPU.ActiveCfg = Release|Any CPU
		{F1134712-9412-4E28-A9C0-6E13669D010D}.Release|Any CPU.Build.0 = Release|Any CPU
		{E53A0131-9C6C-4335-A05A-2AE0B0F4E37B}.Debug|Any CPU.ActiveCfg = Debug|Any CPU
		{E53A0131-9C6C-4335-A05A-2AE0B0F4E37B}.Debug|Any CPU.Build.0 = Debug|Any CPU
		{E53A0131-9C6C-4335-A05A-2AE0B0F4E37B}.Release|Any CPU.ActiveCfg = Release|Any CPU
		{E53A0131-9C6C-4335-A05A-2AE0B0F4E37B}.Release|Any CPU.Build.0 = Release|Any CPU
		{1F5A2302-7E31-4FA2-8CA7-2A2D66E083C4}.Debug|Any CPU.ActiveCfg = Debug|Any CPU
		{1F5A2302-7E31-4FA2-8CA7-2A2D66E083C4}.Debug|Any CPU.Build.0 = Debug|Any CPU
		{1F5A2302-7E31-4FA2-8CA7-2A2D66E083C4}.Release|Any CPU.ActiveCfg = Release|Any CPU
		{1F5A2302-7E31-4FA2-8CA7-2A2D66E083C4}.Release|Any CPU.Build.0 = Release|Any CPU
		{D55B9882-05F2-441A-8DC2-7D9FD358E005}.Debug|Any CPU.ActiveCfg = Debug|Any CPU
		{D55B9882-05F2-441A-8DC2-7D9FD358E005}.Debug|Any CPU.Build.0 = Debug|Any CPU
		{D55B9882-05F2-441A-8DC2-7D9FD358E005}.Release|Any CPU.ActiveCfg = Release|Any CPU
		{D55B9882-05F2-441A-8DC2-7D9FD358E005}.Release|Any CPU.Build.0 = Release|Any CPU
		{B7E61384-5DFA-4D28-BC90-E59D6E38E0F4}.Debug|Any CPU.ActiveCfg = Debug|Any CPU
		{B7E61384-5DFA-4D28-BC90-E59D6E38E0F4}.Debug|Any CPU.Build.0 = Debug|Any CPU
		{B7E61384-5DFA-4D28-BC90-E59D6E38E0F4}.Release|Any CPU.ActiveCfg = Release|Any CPU
		{B7E61384-5DFA-4D28-BC90-E59D6E38E0F4}.Release|Any CPU.Build.0 = Release|Any CPU
	EndGlobalSection
	GlobalSection(SolutionProperties) = preSolution
		HideSolutionNode = FALSE
	EndGlobalSection
	GlobalSection(NestedProjects) = preSolution
		{E53A0131-9C6C-4335-A05A-2AE0B0F4E37B} = {2C096E25-928E-4562-AEF5-D7FA76468BCA}
		{1F5A2302-7E31-4FA2-8CA7-2A2D66E083C4} = {2C096E25-928E-4562-AEF5-D7FA76468BCA}
		{D55B9882-05F2-441A-8DC2-7D9FD358E005} = {2C096E25-928E-4562-AEF5-D7FA76468BCA}
		{30AD898E-B6D2-411C-AB25-BA9A7013093B} = {2C096E25-928E-4562-AEF5-D7FA76468BCA}
		{B7E61384-5DFA-4D28-BC90-E59D6E38E0F4} = {30AD898E-B6D2-411C-AB25-BA9A7013093B}
	EndGlobalSection
EndGlobal
