
Microsoft Visual Studio Solution File, Format Version 12.00
# Visual Studio 2012
Project("{FAE04EC0-301F-11D3-BF4B-00C04F79EFBC}") = "Client.Web", "Client\Client.Web\Client.Web.csproj", "{BE8EFC12-61BF-4410-8B0E-BCB537EC6D0E}"
EndProject
Project("{FAE04EC0-301F-11D3-BF4B-00C04F79EFBC}") = "Engine.Web", "Engine\ProjectFiles\Engine.Web\Engine.Web.csproj", "{A4F21D8B-3A95-44B0-8053-69C92B2ADE53}"
EndProject
Project("{FAE04EC0-301F-11D3-BF4B-00C04F79EFBC}") = "Engine.Html5.Web", "Engine.Html5\Engine.Html5.Web.csproj", "{7D0752CE-FA5D-493C-BBF7-E429190ECAA9}"
EndProject
Project("{2150E333-8FDC-42A3-9474-1A3956D46DE8}") = "BingoBlockParty", "BingoBlockParty", "{9FCAB1B4-DCFE-4B79-9F90-7949D3F8CE12}"
EndProject
Project("{2150E333-8FDC-42A3-9474-1A3956D46DE8}") = "Libraries", "Libraries", "{C3DF2467-EF05-463A-8246-DB921DA9DE4D}"
EndProject
Project("{FAE04EC0-301F-11D3-BF4B-00C04F79EFBC}") = "JBox2d.Web", "BingoBlockParty\Libraries\JBox2d\ProjectFiles\JBox2d.Web\JBox2d.Web.csproj", "{9BABFF5C-DCA7-42AA-A185-FB27D72AEFB3}"
EndProject
Project("{FAE04EC0-301F-11D3-BF4B-00C04F79EFBC}") = "BingoBlockParty.Client.Web", "BingoBlockParty\BingoBlockParty.Client\ProjectFiles\BingoBlockParty.Client.Web\BingoBlockParty.Client.Web.csproj", "{9BABFF5C-DCA7-42AB-A185-FB27D72AEFB3}"
EndProject
Project("{FAE04EC0-301F-11D3-BF4B-00C04F79EFBC}") = "BingoBlockParty.Common.Web", "BingoBlockParty\BingoBlockParty.Common\ProjectFiles\BingoBlockParty.Common.Web\BingoBlockParty.Common.Web.csproj", "{F71ADCB2-0780-4505-84D7-9F8CCC2FE853}"
EndProject
Global
	GlobalSection(SolutionConfigurationPlatforms) = preSolution
		Debug|Any CPU = Debug|Any CPU
		Release|Any CPU = Release|Any CPU
	EndGlobalSection
	GlobalSection(ProjectConfigurationPlatforms) = postSolution
		{BE8EFC12-61BF-4410-8B0E-BCB537EC6D0E}.Debug|Any CPU.ActiveCfg = Debug|Any CPU
		{BE8EFC12-61BF-4410-8B0E-BCB537EC6D0E}.Debug|Any CPU.Build.0 = Debug|Any CPU
		{BE8EFC12-61BF-4410-8B0E-BCB537EC6D0E}.Release|Any CPU.ActiveCfg = Release|Any CPU
		{BE8EFC12-61BF-4410-8B0E-BCB537EC6D0E}.Release|Any CPU.Build.0 = Release|Any CPU
		{A4F21D8B-3A95-44B0-8053-69C92B2ADE53}.Debug|Any CPU.ActiveCfg = Debug|Any CPU
		{A4F21D8B-3A95-44B0-8053-69C92B2ADE53}.Debug|Any CPU.Build.0 = Debug|Any CPU
		{A4F21D8B-3A95-44B0-8053-69C92B2ADE53}.Release|Any CPU.ActiveCfg = Release|Any CPU
		{A4F21D8B-3A95-44B0-8053-69C92B2ADE53}.Release|Any CPU.Build.0 = Release|Any CPU
		{7D0752CE-FA5D-493C-BBF7-E429190ECAA9}.Debug|Any CPU.ActiveCfg = Debug|Any CPU
		{7D0752CE-FA5D-493C-BBF7-E429190ECAA9}.Debug|Any CPU.Build.0 = Debug|Any CPU
		{7D0752CE-FA5D-493C-BBF7-E429190ECAA9}.Release|Any CPU.ActiveCfg = Release|Any CPU
		{7D0752CE-FA5D-493C-BBF7-E429190ECAA9}.Release|Any CPU.Build.0 = Release|Any CPU
		{9BABFF5C-DCA7-42AA-A185-FB27D72AEFB3}.Debug|Any CPU.ActiveCfg = Debug|Any CPU
		{9BABFF5C-DCA7-42AA-A185-FB27D72AEFB3}.Debug|Any CPU.Build.0 = Debug|Any CPU
		{9BABFF5C-DCA7-42AA-A185-FB27D72AEFB3}.Release|Any CPU.ActiveCfg = Release|Any CPU
		{9BABFF5C-DCA7-42AA-A185-FB27D72AEFB3}.Release|Any CPU.Build.0 = Release|Any CPU
		{9BABFF5C-DCA7-42AB-A185-FB27D72AEFB3}.Debug|Any CPU.ActiveCfg = Debug|Any CPU
		{9BABFF5C-DCA7-42AB-A185-FB27D72AEFB3}.Debug|Any CPU.Build.0 = Debug|Any CPU
		{9BABFF5C-DCA7-42AB-A185-FB27D72AEFB3}.Release|Any CPU.ActiveCfg = Release|Any CPU
		{9BABFF5C-DCA7-42AB-A185-FB27D72AEFB3}.Release|Any CPU.Build.0 = Release|Any CPU
		{F71ADCB2-0780-4505-84D7-9F8CCC2FE853}.Debug|Any CPU.ActiveCfg = Debug|Any CPU
		{F71ADCB2-0780-4505-84D7-9F8CCC2FE853}.Debug|Any CPU.Build.0 = Debug|Any CPU
		{F71ADCB2-0780-4505-84D7-9F8CCC2FE853}.Release|Any CPU.ActiveCfg = Release|Any CPU
		{F71ADCB2-0780-4505-84D7-9F8CCC2FE853}.Release|Any CPU.Build.0 = Release|Any CPU
	EndGlobalSection
	GlobalSection(SolutionProperties) = preSolution
		HideSolutionNode = FALSE
	EndGlobalSection
	GlobalSection(NestedProjects) = preSolution
		{C3DF2467-EF05-463A-8246-DB921DA9DE4D} = {9FCAB1B4-DCFE-4B79-9F90-7949D3F8CE12}
		{9BABFF5C-DCA7-42AB-A185-FB27D72AEFB3} = {9FCAB1B4-DCFE-4B79-9F90-7949D3F8CE12}
		{F71ADCB2-0780-4505-84D7-9F8CCC2FE853} = {9FCAB1B4-DCFE-4B79-9F90-7949D3F8CE12}
		{9BABFF5C-DCA7-42AA-A185-FB27D72AEFB3} = {C3DF2467-EF05-463A-8246-DB921DA9DE4D}
	EndGlobalSection
EndGlobal
