
Microsoft Visual Studio Solution File, Format Version 12.00
# Visual Studio 2012
Project("{FAE04EC0-301F-11D3-BF4B-00C04F79EFBC}") = "Client.IOS", "Client\Client.IOS\Client.IOS.csproj", "{E96FF281-68D0-4A77-82CA-48480EAE2CFE}"
EndProject
Project("{FAE04EC0-301F-11D3-BF4B-00C04F79EFBC}") = "Engine.IOS", "Engine\ProjectFiles\Engine.IOS\Engine.IOS.csproj", "{7CA4DE5B-A584-4FE6-87B7-ADB80F2FB5EB}"
EndProject
Project("{FAE04EC0-301F-11D3-BF4B-00C04F79EFBC}") = "Engine.Xna.IOS", "Engine.Xna\ProjectFiles\Engine.Xna.IOS\Engine.Xna.IOS.csproj", "{7450724A-C31E-4F7F-B68F-90005AABFF78}"
EndProject
Project("{2150E333-8FDC-42A3-9474-1A3956D46DE8}") = "BingoBlockParty", "BingoBlockParty", "{D6C74A9E-AA7D-4C64-827F-288B32682029}"
EndProject
Project("{2150E333-8FDC-42A3-9474-1A3956D46DE8}") = "Libraries", "Libraries", "{61A24CC1-26CA-48E8-AE98-37D6AC10A52B}"
EndProject
Project("{FAE04EC0-301F-11D3-BF4B-00C04F79EFBC}") = "BingoBlockParty.Client.IOS", "BingoBlockParty\BingoBlockParty.Client\ProjectFiles\BingoBlockParty.Client.IOS\BingoBlockParty.Client.IOS.csproj", "{BA83B858-2FE0-4398-850D-8095A8A38946}"
EndProject
Project("{FAE04EC0-301F-11D3-BF4B-00C04F79EFBC}") = "BingoBlockParty.Common.IOS", "BingoBlockParty\BingoBlockParty.Common\ProjectFiles\BingoBlockParty.Common.IOS\BingoBlockParty.Common.IOS.csproj", "{BA83B858-2DE0-4398-850D-8095A8A38946}"
EndProject
Project("{FAE04EC0-301F-11D3-BF4B-00C04F79EFBC}") = "JBox2d.IOS", "BingoBlockParty\Libraries\JBox2d\ProjectFiles\JBox2d.IOS\JBox2d.IOS.csproj", "{BA83B858-2FD0-4398-850D-8095A8A38946}"
EndProject
Project("{2150E333-8FDC-42A3-9474-1A3956D46DE8}") = "Network", "Network", "{D6654E33-90B2-48EE-AFCB-5AAFE8C1EBBC}"
EndProject
Project("{FAE04EC0-301F-11D3-BF4B-00C04F79EFBC}") = "SocketEngine.IOS", "Network\SocketEngine\ProjectFiles\SocketEngine.IOS\SocketEngine.IOS.csproj", "{6F96C438-3ED5-401B-AC1B-34699FE14F51}"
EndProject
Global
	GlobalSection(SolutionConfigurationPlatforms) = preSolution
		Debug|Any CPU = Debug|Any CPU
		Debug|Mixed Platforms = Debug|Mixed Platforms
		Debug|x86 = Debug|x86
		Release|Any CPU = Release|Any CPU
		Release|Mixed Platforms = Release|Mixed Platforms
		Release|x86 = Release|x86
	EndGlobalSection
	GlobalSection(ProjectConfigurationPlatforms) = postSolution
		{E96FF281-68D0-4A77-82CA-48480EAE2CFE}.Debug|Any CPU.ActiveCfg = Debug|iPhone
		{E96FF281-68D0-4A77-82CA-48480EAE2CFE}.Debug|Mixed Platforms.ActiveCfg = Debug|iPhoneSimulator
		{E96FF281-68D0-4A77-82CA-48480EAE2CFE}.Debug|Mixed Platforms.Build.0 = Debug|iPhoneSimulator
		{E96FF281-68D0-4A77-82CA-48480EAE2CFE}.Debug|Mixed Platforms.Deploy.0 = Debug|iPhoneSimulator
		{E96FF281-68D0-4A77-82CA-48480EAE2CFE}.Debug|x86.ActiveCfg = Debug|iPhoneSimulator
		{E96FF281-68D0-4A77-82CA-48480EAE2CFE}.Release|Any CPU.ActiveCfg = Release|iPhone
		{E96FF281-68D0-4A77-82CA-48480EAE2CFE}.Release|Mixed Platforms.ActiveCfg = Release|iPhoneSimulator
		{E96FF281-68D0-4A77-82CA-48480EAE2CFE}.Release|Mixed Platforms.Build.0 = Release|iPhoneSimulator
		{E96FF281-68D0-4A77-82CA-48480EAE2CFE}.Release|Mixed Platforms.Deploy.0 = Release|iPhoneSimulator
		{E96FF281-68D0-4A77-82CA-48480EAE2CFE}.Release|x86.ActiveCfg = Release|iPhoneSimulator
		{7CA4DE5B-A584-4FE6-87B7-ADB80F2FB5EB}.Debug|Any CPU.ActiveCfg = Debug|Any CPU
		{7CA4DE5B-A584-4FE6-87B7-ADB80F2FB5EB}.Debug|Any CPU.Build.0 = Debug|Any CPU
		{7CA4DE5B-A584-4FE6-87B7-ADB80F2FB5EB}.Debug|Mixed Platforms.ActiveCfg = Debug|Any CPU
		{7CA4DE5B-A584-4FE6-87B7-ADB80F2FB5EB}.Debug|Mixed Platforms.Build.0 = Debug|Any CPU
		{7CA4DE5B-A584-4FE6-87B7-ADB80F2FB5EB}.Debug|x86.ActiveCfg = Debug|Any CPU
		{7CA4DE5B-A584-4FE6-87B7-ADB80F2FB5EB}.Release|Any CPU.ActiveCfg = Release|Any CPU
		{7CA4DE5B-A584-4FE6-87B7-ADB80F2FB5EB}.Release|Any CPU.Build.0 = Release|Any CPU
		{7CA4DE5B-A584-4FE6-87B7-ADB80F2FB5EB}.Release|Mixed Platforms.ActiveCfg = Release|Any CPU
		{7CA4DE5B-A584-4FE6-87B7-ADB80F2FB5EB}.Release|Mixed Platforms.Build.0 = Release|Any CPU
		{7CA4DE5B-A584-4FE6-87B7-ADB80F2FB5EB}.Release|x86.ActiveCfg = Release|Any CPU
		{7450724A-C31E-4F7F-B68F-90005AABFF78}.Debug|Any CPU.ActiveCfg = Debug|Any CPU
		{7450724A-C31E-4F7F-B68F-90005AABFF78}.Debug|Any CPU.Build.0 = Debug|Any CPU
		{7450724A-C31E-4F7F-B68F-90005AABFF78}.Debug|Mixed Platforms.ActiveCfg = Debug|Any CPU
		{7450724A-C31E-4F7F-B68F-90005AABFF78}.Debug|Mixed Platforms.Build.0 = Debug|Any CPU
		{7450724A-C31E-4F7F-B68F-90005AABFF78}.Debug|x86.ActiveCfg = Debug|x86
		{7450724A-C31E-4F7F-B68F-90005AABFF78}.Debug|x86.Build.0 = Debug|x86
		{7450724A-C31E-4F7F-B68F-90005AABFF78}.Release|Any CPU.ActiveCfg = Release|Any CPU
		{7450724A-C31E-4F7F-B68F-90005AABFF78}.Release|Any CPU.Build.0 = Release|Any CPU
		{7450724A-C31E-4F7F-B68F-90005AABFF78}.Release|Mixed Platforms.ActiveCfg = Release|Any CPU
		{7450724A-C31E-4F7F-B68F-90005AABFF78}.Release|Mixed Platforms.Build.0 = Release|Any CPU
		{7450724A-C31E-4F7F-B68F-90005AABFF78}.Release|x86.ActiveCfg = Release|x86
		{7450724A-C31E-4F7F-B68F-90005AABFF78}.Release|x86.Build.0 = Release|x86
		{BA83B858-2FE0-4398-850D-8095A8A38946}.Debug|Any CPU.ActiveCfg = Debug|Any CPU
		{BA83B858-2FE0-4398-850D-8095A8A38946}.Debug|Any CPU.Build.0 = Debug|Any CPU
		{BA83B858-2FE0-4398-850D-8095A8A38946}.Debug|Mixed Platforms.ActiveCfg = Debug|Any CPU
		{BA83B858-2FE0-4398-850D-8095A8A38946}.Debug|Mixed Platforms.Build.0 = Debug|Any CPU
		{BA83B858-2FE0-4398-850D-8095A8A38946}.Debug|x86.ActiveCfg = Debug|Any CPU
		{BA83B858-2FE0-4398-850D-8095A8A38946}.Release|Any CPU.ActiveCfg = Release|Any CPU
		{BA83B858-2FE0-4398-850D-8095A8A38946}.Release|Any CPU.Build.0 = Release|Any CPU
		{BA83B858-2FE0-4398-850D-8095A8A38946}.Release|Mixed Platforms.ActiveCfg = Release|Any CPU
		{BA83B858-2FE0-4398-850D-8095A8A38946}.Release|Mixed Platforms.Build.0 = Release|Any CPU
		{BA83B858-2FE0-4398-850D-8095A8A38946}.Release|x86.ActiveCfg = Release|Any CPU
		{BA83B858-2DE0-4398-850D-8095A8A38946}.Debug|Any CPU.ActiveCfg = Debug|Any CPU
		{BA83B858-2DE0-4398-850D-8095A8A38946}.Debug|Any CPU.Build.0 = Debug|Any CPU
		{BA83B858-2DE0-4398-850D-8095A8A38946}.Debug|Mixed Platforms.ActiveCfg = Debug|Any CPU
		{BA83B858-2DE0-4398-850D-8095A8A38946}.Debug|Mixed Platforms.Build.0 = Debug|Any CPU
		{BA83B858-2DE0-4398-850D-8095A8A38946}.Debug|x86.ActiveCfg = Debug|Any CPU
		{BA83B858-2DE0-4398-850D-8095A8A38946}.Release|Any CPU.ActiveCfg = Release|Any CPU
		{BA83B858-2DE0-4398-850D-8095A8A38946}.Release|Any CPU.Build.0 = Release|Any CPU
		{BA83B858-2DE0-4398-850D-8095A8A38946}.Release|Mixed Platforms.ActiveCfg = Release|Any CPU
		{BA83B858-2DE0-4398-850D-8095A8A38946}.Release|Mixed Platforms.Build.0 = Release|Any CPU
		{BA83B858-2DE0-4398-850D-8095A8A38946}.Release|x86.ActiveCfg = Release|Any CPU
		{BA83B858-2FD0-4398-850D-8095A8A38946}.Debug|Any CPU.ActiveCfg = Debug|Any CPU
		{BA83B858-2FD0-4398-850D-8095A8A38946}.Debug|Any CPU.Build.0 = Debug|Any CPU
		{BA83B858-2FD0-4398-850D-8095A8A38946}.Debug|Mixed Platforms.ActiveCfg = Debug|Any CPU
		{BA83B858-2FD0-4398-850D-8095A8A38946}.Debug|Mixed Platforms.Build.0 = Debug|Any CPU
		{BA83B858-2FD0-4398-850D-8095A8A38946}.Debug|x86.ActiveCfg = Debug|Any CPU
		{BA83B858-2FD0-4398-850D-8095A8A38946}.Release|Any CPU.ActiveCfg = Release|Any CPU
		{BA83B858-2FD0-4398-850D-8095A8A38946}.Release|Any CPU.Build.0 = Release|Any CPU
		{BA83B858-2FD0-4398-850D-8095A8A38946}.Release|Mixed Platforms.ActiveCfg = Release|Any CPU
		{BA83B858-2FD0-4398-850D-8095A8A38946}.Release|Mixed Platforms.Build.0 = Release|Any CPU
		{BA83B858-2FD0-4398-850D-8095A8A38946}.Release|x86.ActiveCfg = Release|Any CPU
		{6F96C438-3ED5-401B-AC1B-34699FE14F51}.Debug|Any CPU.ActiveCfg = Debug|Any CPU
		{6F96C438-3ED5-401B-AC1B-34699FE14F51}.Debug|Any CPU.Build.0 = Debug|Any CPU
		{6F96C438-3ED5-401B-AC1B-34699FE14F51}.Debug|Mixed Platforms.ActiveCfg = Debug|Any CPU
		{6F96C438-3ED5-401B-AC1B-34699FE14F51}.Debug|Mixed Platforms.Build.0 = Debug|Any CPU
		{6F96C438-3ED5-401B-AC1B-34699FE14F51}.Debug|x86.ActiveCfg = Debug|x86
		{6F96C438-3ED5-401B-AC1B-34699FE14F51}.Debug|x86.Build.0 = Debug|x86
		{6F96C438-3ED5-401B-AC1B-34699FE14F51}.Release|Any CPU.ActiveCfg = Release|Any CPU
		{6F96C438-3ED5-401B-AC1B-34699FE14F51}.Release|Any CPU.Build.0 = Release|Any CPU
		{6F96C438-3ED5-401B-AC1B-34699FE14F51}.Release|Mixed Platforms.ActiveCfg = Release|x86
		{6F96C438-3ED5-401B-AC1B-34699FE14F51}.Release|Mixed Platforms.Build.0 = Release|x86
		{6F96C438-3ED5-401B-AC1B-34699FE14F51}.Release|x86.ActiveCfg = Release|x86
		{6F96C438-3ED5-401B-AC1B-34699FE14F51}.Release|x86.Build.0 = Release|x86
	EndGlobalSection
	GlobalSection(SolutionProperties) = preSolution
		HideSolutionNode = FALSE
	EndGlobalSection
	GlobalSection(NestedProjects) = preSolution
		{61A24CC1-26CA-48E8-AE98-37D6AC10A52B} = {D6C74A9E-AA7D-4C64-827F-288B32682029}
		{BA83B858-2FE0-4398-850D-8095A8A38946} = {D6C74A9E-AA7D-4C64-827F-288B32682029}
		{BA83B858-2DE0-4398-850D-8095A8A38946} = {D6C74A9E-AA7D-4C64-827F-288B32682029}
		{BA83B858-2FD0-4398-850D-8095A8A38946} = {61A24CC1-26CA-48E8-AE98-37D6AC10A52B}
		{6F96C438-3ED5-401B-AC1B-34699FE14F51} = {D6654E33-90B2-48EE-AFCB-5AAFE8C1EBBC}
	EndGlobalSection
EndGlobal
