
Microsoft Visual Studio Solution File, Format Version 12.00
# Visual Studio 2012
Project("{FAE04EC0-301F-11D3-BF4B-00C04F79EFBC}") = "BingoBlockParty.Server", "BingoBlockParty\BingoBlockParty.Server\BingoBlockParty.Server.csproj", "{DB0E1BCA-DBF8-46E5-B1B7-C96055DDA672}"
EndProject
Project("{2150E333-8FDC-42A3-9474-1A3956D46DE8}") = "BingoBlockParty", "BingoBlockParty", "{1787383B-51A9-4D68-BEB3-8C1CD828EC85}"
EndProject
Project("{FAE04EC0-301F-11D3-BF4B-00C04F79EFBC}") = "BingoBlockParty.Common.Web", "BingoBlockParty\BingoBlockParty.Common\ProjectFiles\BingoBlockParty.Common.Web\BingoBlockParty.Common.Web.csproj", "{F71ADCB2-0780-4505-84D7-9F8CCC2FE853}"
EndProject
Project("{2150E333-8FDC-42A3-9474-1A3956D46DE8}") = "Build", "Build", "{E6DFF04E-CCC7-4988-ACF8-03097E03B2F1}"
EndProject
Project("{E24C65DC-7377-472B-9ABA-BC803B73C61A}") = "gulp", "gulp\", "{B45C7C79-AC26-49B2-ACB9-5EC051DE2F07}"
	ProjectSection(WebsiteProperties) = preProject
		TargetFrameworkMoniker = ".NETFramework,Version%3Dv4.0"
		Debug.AspNetCompiler.VirtualPath = "/gulp"
		Debug.AspNetCompiler.PhysicalPath = "gulp\"
		Debug.AspNetCompiler.TargetPath = "PrecompiledWeb\gulp\"
		Debug.AspNetCompiler.Updateable = "true"
		Debug.AspNetCompiler.ForceOverwrite = "true"
		Debug.AspNetCompiler.FixedNames = "false"
		Debug.AspNetCompiler.Debug = "True"
		Release.AspNetCompiler.VirtualPath = "/gulp"
		Release.AspNetCompiler.PhysicalPath = "gulp\"
		Release.AspNetCompiler.TargetPath = "PrecompiledWeb\gulp\"
		Release.AspNetCompiler.Updateable = "true"
		Release.AspNetCompiler.ForceOverwrite = "true"
		Release.AspNetCompiler.FixedNames = "false"
		Release.AspNetCompiler.Debug = "False"
		VWDPort = "57238"
	EndProjectSection
EndProject
Project("{E24C65DC-7377-472B-9ABA-BC803B73C61A}") = "output", "output\", "{F19E0F35-CF4A-4A55-956E-705C2620EE4C}"
	ProjectSection(WebsiteProperties) = preProject
		TargetFrameworkMoniker = ".NETFramework,Version%3Dv4.0"
		Debug.AspNetCompiler.VirtualPath = "/output"
		Debug.AspNetCompiler.PhysicalPath = "output\"
		Debug.AspNetCompiler.TargetPath = "PrecompiledWeb\output\"
		Debug.AspNetCompiler.Updateable = "true"
		Debug.AspNetCompiler.ForceOverwrite = "true"
		Debug.AspNetCompiler.FixedNames = "false"
		Debug.AspNetCompiler.Debug = "True"
		Release.AspNetCompiler.VirtualPath = "/output"
		Release.AspNetCompiler.PhysicalPath = "output\"
		Release.AspNetCompiler.TargetPath = "PrecompiledWeb\output\"
		Release.AspNetCompiler.Updateable = "true"
		Release.AspNetCompiler.ForceOverwrite = "true"
		Release.AspNetCompiler.FixedNames = "false"
		Release.AspNetCompiler.Debug = "False"
		VWDPort = "57253"
	EndProjectSection
EndProject
Project("{2150E333-8FDC-42A3-9474-1A3956D46DE8}") = "Libraries", "Libraries", "{22D73048-6792-44B3-9749-987D81C12C2D}"
EndProject
Project("{FAE04EC0-301F-11D3-BF4B-00C04F79EFBC}") = "JBox2d.Web", "BingoBlockParty\Libraries\JBox2d\ProjectFiles\JBox2d.Web\JBox2d.Web.csproj", "{9BABFF5C-DCA7-42AA-A185-FB27D72AEFB3}"
EndProject
Global
	GlobalSection(SolutionConfigurationPlatforms) = preSolution
		Debug|Any CPU = Debug|Any CPU
		Release|Any CPU = Release|Any CPU
	EndGlobalSection
	GlobalSection(ProjectConfigurationPlatforms) = postSolution
		{DB0E1BCA-DBF8-46E5-B1B7-C96055DDA672}.Debug|Any CPU.ActiveCfg = Debug|Any CPU
		{DB0E1BCA-DBF8-46E5-B1B7-C96055DDA672}.Debug|Any CPU.Build.0 = Debug|Any CPU
		{DB0E1BCA-DBF8-46E5-B1B7-C96055DDA672}.Release|Any CPU.ActiveCfg = Release|Any CPU
		{DB0E1BCA-DBF8-46E5-B1B7-C96055DDA672}.Release|Any CPU.Build.0 = Release|Any CPU
		{F71ADCB2-0780-4505-84D7-9F8CCC2FE853}.Debug|Any CPU.ActiveCfg = Debug|Any CPU
		{F71ADCB2-0780-4505-84D7-9F8CCC2FE853}.Debug|Any CPU.Build.0 = Debug|Any CPU
		{F71ADCB2-0780-4505-84D7-9F8CCC2FE853}.Release|Any CPU.ActiveCfg = Release|Any CPU
		{F71ADCB2-0780-4505-84D7-9F8CCC2FE853}.Release|Any CPU.Build.0 = Release|Any CPU
		{B45C7C79-AC26-49B2-ACB9-5EC051DE2F07}.Debug|Any CPU.ActiveCfg = Debug|Any CPU
		{B45C7C79-AC26-49B2-ACB9-5EC051DE2F07}.Release|Any CPU.ActiveCfg = Debug|Any CPU
		{B45C7C79-AC26-49B2-ACB9-5EC051DE2F07}.Release|Any CPU.Build.0 = Debug|Any CPU
		{F19E0F35-CF4A-4A55-956E-705C2620EE4C}.Debug|Any CPU.ActiveCfg = Debug|Any CPU
		{F19E0F35-CF4A-4A55-956E-705C2620EE4C}.Release|Any CPU.ActiveCfg = Debug|Any CPU
		{F19E0F35-CF4A-4A55-956E-705C2620EE4C}.Release|Any CPU.Build.0 = Debug|Any CPU
		{9BABFF5C-DCA7-42AA-A185-FB27D72AEFB3}.Debug|Any CPU.ActiveCfg = Debug|Any CPU
		{9BABFF5C-DCA7-42AA-A185-FB27D72AEFB3}.Debug|Any CPU.Build.0 = Debug|Any CPU
		{9BABFF5C-DCA7-42AA-A185-FB27D72AEFB3}.Release|Any CPU.ActiveCfg = Release|Any CPU
		{9BABFF5C-DCA7-42AA-A185-FB27D72AEFB3}.Release|Any CPU.Build.0 = Release|Any CPU
	EndGlobalSection
	GlobalSection(SolutionProperties) = preSolution
		HideSolutionNode = FALSE
	EndGlobalSection
	GlobalSection(NestedProjects) = preSolution
		{DB0E1BCA-DBF8-46E5-B1B7-C96055DDA672} = {1787383B-51A9-4D68-BEB3-8C1CD828EC85}
		{F71ADCB2-0780-4505-84D7-9F8CCC2FE853} = {1787383B-51A9-4D68-BEB3-8C1CD828EC85}
		{22D73048-6792-44B3-9749-987D81C12C2D} = {1787383B-51A9-4D68-BEB3-8C1CD828EC85}
		{B45C7C79-AC26-49B2-ACB9-5EC051DE2F07} = {E6DFF04E-CCC7-4988-ACF8-03097E03B2F1}
		{F19E0F35-CF4A-4A55-956E-705C2620EE4C} = {E6DFF04E-CCC7-4988-ACF8-03097E03B2F1}
		{9BABFF5C-DCA7-42AA-A185-FB27D72AEFB3} = {22D73048-6792-44B3-9749-987D81C12C2D}
	EndGlobalSection
EndGlobal
